
Microsoft Visual Studio Solution File, Format Version 12.00
# Visual Studio Version 16
VisualStudioVersion = 16.0.29806.167
MinimumVisualStudioVersion = 10.0.40219.1
Project("{2150E333-8FDC-42A3-9474-1A3956D46DE8}") = "Documents", "Documents", "{35DFE11F-B359-4F35-AB32-19173B9EC94D}"
	ProjectSection(SolutionItems) = preProject
		KNOWN ISSUES.txt = KNOWN ISSUES.txt
		LICENSE.txt = LICENSE.txt
		README.txt = README.txt
	EndProjectSection
EndProject
Project("{2150E333-8FDC-42A3-9474-1A3956D46DE8}") = "Examples", "Examples", "{5C0188F2-57BE-4CB1-BA64-17A37106735E}"
EndProject
Project("{9A19103F-16F7-4668-BE54-9A1E7A4F7556}") = "EasyHook", "EasyHook\EasyHook.csproj", "{AB53862B-3B5C-4EFC-9787-1F01199EBFBF}"
EndProject
Project("{8BC9CEB8-8B4A-11D0-8D11-00A0C91BC942}") = "EasyHookDll", "EasyHookDll\EasyHookDll.vcxproj", "{D087E484-DBC9-4A2E-8368-C1D0E524994D}"
EndProject
Project("{FAE04EC0-301F-11D3-BF4B-00C04F79EFBC}") = "ManagedTest", "Test\ManagedTest\ManagedTest.csproj", "{E23BE1E6-DC9D-4755-890E-443EA7B736FB}"
EndProject
Project("{FAE04EC0-301F-11D3-BF4B-00C04F79EFBC}") = "ProcessMonitor", "Examples\ProcessMonitor\ProcessMonitor.csproj", "{8E795877-473B-4376-8F9C-2519464D6B18}"
EndProject
Project("{FAE04EC0-301F-11D3-BF4B-00C04F79EFBC}") = "ProcMonInject", "Examples\ProcMonInject\ProcMonInject.csproj", "{64A83DDB-3B66-46C5-8CCF-7A00173F8D3F}"
EndProject
Project("{FAE04EC0-301F-11D3-BF4B-00C04F79EFBC}") = "FileMon", "Examples\FileMon\FileMon.csproj", "{56B9A390-F320-4224-BFE3-380DDAC2370F}"
EndProject
Project("{FAE04EC0-301F-11D3-BF4B-00C04F79EFBC}") = "FileMonInject", "Examples\FileMonInject\FileMonInject.csproj", "{CA462E5D-8A32-42EA-9DBD-C256D22FDA21}"
EndProject
Project("{8BC9CEB8-8B4A-11D0-8D11-00A0C91BC942}") = "UnmanagedHook", "Examples\UnmanagedHook\UnmanagedHook.vcxproj", "{7D74973E-8B83-42D3-B2EA-795AA0076C9F}"
EndProject
Project("{FAE04EC0-301F-11D3-BF4B-00C04F79EFBC}") = "ManagedTarget", "Test\ManagedTarget\ManagedTarget.csproj", "{DF97D96B-DB03-44DE-8C59-DE14E1FAA2C2}"
EndProject
Project("{FAE04EC0-301F-11D3-BF4B-00C04F79EFBC}") = "ComplexParameterTest", "Test\ComplexParameterTest\ComplexParameterTest.csproj", "{B02AB185-2D23-4903-9246-F32951F726D2}"
EndProject
Project("{2150E333-8FDC-42A3-9474-1A3956D46DE8}") = "Test", "Test", "{9AA72FC5-310D-4EE3-8CB3-12167230C8D1}"
EndProject
Project("{FAE04EC0-301F-11D3-BF4B-00C04F79EFBC}") = "ComplexParameterInject", "Test\ComplexParameterInject\ComplexParameterInject.csproj", "{86354361-2016-4CB7-81B0-A980A1480791}"
EndProject
Project("{FAE04EC0-301F-11D3-BF4B-00C04F79EFBC}") = "TestFuncHooks", "Test\TestFuncHooks\TestFuncHooks.csproj", "{DE6016B0-780A-4003-879A-9A25B4E09FF0}"
EndProject
Project("{FAE04EC0-301F-11D3-BF4B-00C04F79EFBC}") = "EasyHook.Tests", "Test\EasyHook.Tests\EasyHook.Tests.csproj", "{47300078-8EE5-46C3-AC98-8F72F7A22F4D}"
	ProjectSection(ProjectDependencies) = postProject
		{D087E484-DBC9-4A2E-8368-C1D0E524994D} = {D087E484-DBC9-4A2E-8368-C1D0E524994D}
	EndProjectSection
EndProject
Project("{2150E333-8FDC-42A3-9474-1A3956D46DE8}") = "MultipleHooks", "MultipleHooks", "{8F65BAF3-1731-4D6E-B31F-48EB23B219CB}"
EndProject
Project("{FAE04EC0-301F-11D3-BF4B-00C04F79EFBC}") = "MultipleHooks", "Test\MultipleHooks\MultipleHooks\MultipleHooks.csproj", "{39B96905-9022-433C-96DB-E51F316F025D}"
EndProject
Project("{FAE04EC0-301F-11D3-BF4B-00C04F79EFBC}") = "SimpleHook1", "Test\MultipleHooks\SimpleHook1\SimpleHook1.csproj", "{40253A99-C2A7-42B2-A983-FC1956578430}"
EndProject
Project("{FAE04EC0-301F-11D3-BF4B-00C04F79EFBC}") = "SimpleHook2", "Test\MultipleHooks\SimpleHook2\SimpleHook2.csproj", "{AF266E66-3B75-4C30-A000-6EBD6C1EF6F8}"
EndProject
Global
	GlobalSection(SolutionConfigurationPlatforms) = preSolution
		Debug|Any CPU = Debug|Any CPU
		Debug|Win32 = Debug|Win32
		Debug|x64 = Debug|x64
		netfx3.5-Debug|Any CPU = netfx3.5-Debug|Any CPU
		netfx3.5-Debug|Win32 = netfx3.5-Debug|Win32
		netfx3.5-Debug|x64 = netfx3.5-Debug|x64
		netfx3.5-Release|Any CPU = netfx3.5-Release|Any CPU
		netfx3.5-Release|Win32 = netfx3.5-Release|Win32
		netfx3.5-Release|x64 = netfx3.5-Release|x64
		netfx4-Debug|Any CPU = netfx4-Debug|Any CPU
		netfx4-Debug|Win32 = netfx4-Debug|Win32
		netfx4-Debug|x64 = netfx4-Debug|x64
		netfx4-Release|Any CPU = netfx4-Release|Any CPU
		netfx4-Release|Win32 = netfx4-Release|Win32
		netfx4-Release|x64 = netfx4-Release|x64
		netstandard2.0-Debug|Any CPU = netstandard2.0-Debug|Any CPU
		netstandard2.0-Debug|Win32 = netstandard2.0-Debug|Win32
		netstandard2.0-Debug|x64 = netstandard2.0-Debug|x64
		Release|Any CPU = Release|Any CPU
		Release|Win32 = Release|Win32
		Release|x64 = Release|x64
	EndGlobalSection
	GlobalSection(ProjectConfigurationPlatforms) = postSolution
		{AB53862B-3B5C-4EFC-9787-1F01199EBFBF}.Debug|Any CPU.ActiveCfg = Debug|Any CPU
		{AB53862B-3B5C-4EFC-9787-1F01199EBFBF}.Debug|Any CPU.Build.0 = Debug|Any CPU
		{AB53862B-3B5C-4EFC-9787-1F01199EBFBF}.Debug|Win32.ActiveCfg = Debug|Any CPU
		{AB53862B-3B5C-4EFC-9787-1F01199EBFBF}.Debug|Win32.Build.0 = Debug|Any CPU
		{AB53862B-3B5C-4EFC-9787-1F01199EBFBF}.Debug|x64.ActiveCfg = Debug|Any CPU
		{AB53862B-3B5C-4EFC-9787-1F01199EBFBF}.Debug|x64.Build.0 = Debug|Any CPU
		{AB53862B-3B5C-4EFC-9787-1F01199EBFBF}.netfx3.5-Debug|Any CPU.ActiveCfg = netfx3.5-Debug|Any CPU
		{AB53862B-3B5C-4EFC-9787-1F01199EBFBF}.netfx3.5-Debug|Any CPU.Build.0 = netfx3.5-Debug|Any CPU
		{AB53862B-3B5C-4EFC-9787-1F01199EBFBF}.netfx3.5-Debug|Win32.ActiveCfg = netfx3.5-Debug|Any CPU
		{AB53862B-3B5C-4EFC-9787-1F01199EBFBF}.netfx3.5-Debug|Win32.Build.0 = netfx3.5-Debug|Any CPU
		{AB53862B-3B5C-4EFC-9787-1F01199EBFBF}.netfx3.5-Debug|x64.ActiveCfg = netfx3.5-Debug|Any CPU
		{AB53862B-3B5C-4EFC-9787-1F01199EBFBF}.netfx3.5-Debug|x64.Build.0 = netfx3.5-Debug|Any CPU
		{AB53862B-3B5C-4EFC-9787-1F01199EBFBF}.netfx3.5-Release|Any CPU.ActiveCfg = netfx3.5-Release|Any CPU
		{AB53862B-3B5C-4EFC-9787-1F01199EBFBF}.netfx3.5-Release|Any CPU.Build.0 = netfx3.5-Release|Any CPU
		{AB53862B-3B5C-4EFC-9787-1F01199EBFBF}.netfx3.5-Release|Win32.ActiveCfg = netfx3.5-Release|Any CPU
		{AB53862B-3B5C-4EFC-9787-1F01199EBFBF}.netfx3.5-Release|Win32.Build.0 = netfx3.5-Release|Any CPU
		{AB53862B-3B5C-4EFC-9787-1F01199EBFBF}.netfx3.5-Release|x64.ActiveCfg = netfx3.5-Release|Any CPU
		{AB53862B-3B5C-4EFC-9787-1F01199EBFBF}.netfx3.5-Release|x64.Build.0 = netfx3.5-Release|Any CPU
		{AB53862B-3B5C-4EFC-9787-1F01199EBFBF}.netfx4-Debug|Any CPU.ActiveCfg = netfx4-Debug|Any CPU
		{AB53862B-3B5C-4EFC-9787-1F01199EBFBF}.netfx4-Debug|Any CPU.Build.0 = netfx4-Debug|Any CPU
		{AB53862B-3B5C-4EFC-9787-1F01199EBFBF}.netfx4-Debug|Win32.ActiveCfg = netfx4-Debug|Any CPU
		{AB53862B-3B5C-4EFC-9787-1F01199EBFBF}.netfx4-Debug|Win32.Build.0 = netfx4-Debug|Any CPU
		{AB53862B-3B5C-4EFC-9787-1F01199EBFBF}.netfx4-Debug|x64.ActiveCfg = netfx4-Debug|Any CPU
		{AB53862B-3B5C-4EFC-9787-1F01199EBFBF}.netfx4-Debug|x64.Build.0 = netfx4-Debug|Any CPU
		{AB53862B-3B5C-4EFC-9787-1F01199EBFBF}.netfx4-Release|Any CPU.ActiveCfg = netfx4-Release|Any CPU
		{AB53862B-3B5C-4EFC-9787-1F01199EBFBF}.netfx4-Release|Any CPU.Build.0 = netfx4-Release|Any CPU
		{AB53862B-3B5C-4EFC-9787-1F01199EBFBF}.netfx4-Release|Win32.ActiveCfg = netfx4-Release|Any CPU
		{AB53862B-3B5C-4EFC-9787-1F01199EBFBF}.netfx4-Release|Win32.Build.0 = netfx4-Release|Any CPU
		{AB53862B-3B5C-4EFC-9787-1F01199EBFBF}.netfx4-Release|x64.ActiveCfg = netfx4-Release|Any CPU
		{AB53862B-3B5C-4EFC-9787-1F01199EBFBF}.netfx4-Release|x64.Build.0 = netfx4-Release|Any CPU
		{AB53862B-3B5C-4EFC-9787-1F01199EBFBF}.netstandard2.0-Debug|Any CPU.ActiveCfg = netstandard2.0-Debug|Any CPU
		{AB53862B-3B5C-4EFC-9787-1F01199EBFBF}.netstandard2.0-Debug|Any CPU.Build.0 = netstandard2.0-Debug|Any CPU
		{AB53862B-3B5C-4EFC-9787-1F01199EBFBF}.netstandard2.0-Debug|Win32.ActiveCfg = Debug|Any CPU
		{AB53862B-3B5C-4EFC-9787-1F01199EBFBF}.netstandard2.0-Debug|Win32.Build.0 = Debug|Any CPU
		{AB53862B-3B5C-4EFC-9787-1F01199EBFBF}.netstandard2.0-Debug|x64.ActiveCfg = netstandard2.0-Debug|Any CPU
		{AB53862B-3B5C-4EFC-9787-1F01199EBFBF}.netstandard2.0-Debug|x64.Build.0 = netstandard2.0-Debug|Any CPU
		{AB53862B-3B5C-4EFC-9787-1F01199EBFBF}.Release|Any CPU.ActiveCfg = Release|Any CPU
		{AB53862B-3B5C-4EFC-9787-1F01199EBFBF}.Release|Any CPU.Build.0 = Release|Any CPU
		{AB53862B-3B5C-4EFC-9787-1F01199EBFBF}.Release|Win32.ActiveCfg = Release|Any CPU
		{AB53862B-3B5C-4EFC-9787-1F01199EBFBF}.Release|Win32.Build.0 = Release|Any CPU
		{AB53862B-3B5C-4EFC-9787-1F01199EBFBF}.Release|x64.ActiveCfg = Release|Any CPU
		{AB53862B-3B5C-4EFC-9787-1F01199EBFBF}.Release|x64.Build.0 = Release|Any CPU
		{D087E484-DBC9-4A2E-8368-C1D0E524994D}.Debug|Any CPU.ActiveCfg = netstandard2.0-Debug|Win32
		{D087E484-DBC9-4A2E-8368-C1D0E524994D}.Debug|Any CPU.Build.0 = netstandard2.0-Debug|Win32
		{D087E484-DBC9-4A2E-8368-C1D0E524994D}.Debug|Win32.ActiveCfg = netstandard2.0-Debug|Win32
		{D087E484-DBC9-4A2E-8368-C1D0E524994D}.Debug|Win32.Build.0 = netstandard2.0-Debug|Win32
		{D087E484-DBC9-4A2E-8368-C1D0E524994D}.Debug|x64.ActiveCfg = netstandard2.0-Debug|x64
		{D087E484-DBC9-4A2E-8368-C1D0E524994D}.Debug|x64.Build.0 = netstandard2.0-Debug|x64
		{D087E484-DBC9-4A2E-8368-C1D0E524994D}.netfx3.5-Debug|Any CPU.ActiveCfg = netfx3.5-Debug|Win32
		{D087E484-DBC9-4A2E-8368-C1D0E524994D}.netfx3.5-Debug|Win32.ActiveCfg = netfx3.5-Debug|Win32
		{D087E484-DBC9-4A2E-8368-C1D0E524994D}.netfx3.5-Debug|Win32.Build.0 = netfx3.5-Debug|Win32
		{D087E484-DBC9-4A2E-8368-C1D0E524994D}.netfx3.5-Debug|x64.ActiveCfg = netfx3.5-Debug|x64
		{D087E484-DBC9-4A2E-8368-C1D0E524994D}.netfx3.5-Debug|x64.Build.0 = netfx3.5-Debug|x64
		{D087E484-DBC9-4A2E-8368-C1D0E524994D}.netfx3.5-Release|Any CPU.ActiveCfg = netfx3.5-Release|Win32
		{D087E484-DBC9-4A2E-8368-C1D0E524994D}.netfx3.5-Release|Win32.ActiveCfg = netfx3.5-Release|Win32
		{D087E484-DBC9-4A2E-8368-C1D0E524994D}.netfx3.5-Release|Win32.Build.0 = netfx3.5-Release|Win32
		{D087E484-DBC9-4A2E-8368-C1D0E524994D}.netfx3.5-Release|x64.ActiveCfg = netfx3.5-Release|x64
		{D087E484-DBC9-4A2E-8368-C1D0E524994D}.netfx3.5-Release|x64.Build.0 = netfx3.5-Release|x64
		{D087E484-DBC9-4A2E-8368-C1D0E524994D}.netfx4-Debug|Any CPU.ActiveCfg = netfx4-Debug|Win32
		{D087E484-DBC9-4A2E-8368-C1D0E524994D}.netfx4-Debug|Win32.ActiveCfg = netfx4-Debug|Win32
		{D087E484-DBC9-4A2E-8368-C1D0E524994D}.netfx4-Debug|Win32.Build.0 = netfx4-Debug|Win32
		{D087E484-DBC9-4A2E-8368-C1D0E524994D}.netfx4-Debug|x64.ActiveCfg = netfx4-Debug|x64
		{D087E484-DBC9-4A2E-8368-C1D0E524994D}.netfx4-Debug|x64.Build.0 = netfx4-Debug|x64
		{D087E484-DBC9-4A2E-8368-C1D0E524994D}.netfx4-Release|Any CPU.ActiveCfg = netfx4-Release|Win32
		{D087E484-DBC9-4A2E-8368-C1D0E524994D}.netfx4-Release|Win32.ActiveCfg = netfx4-Release|Win32
		{D087E484-DBC9-4A2E-8368-C1D0E524994D}.netfx4-Release|Win32.Build.0 = netfx4-Release|Win32
		{D087E484-DBC9-4A2E-8368-C1D0E524994D}.netfx4-Release|x64.ActiveCfg = netfx4-Release|x64
		{D087E484-DBC9-4A2E-8368-C1D0E524994D}.netfx4-Release|x64.Build.0 = netfx4-Release|x64
		{D087E484-DBC9-4A2E-8368-C1D0E524994D}.netstandard2.0-Debug|Any CPU.ActiveCfg = netstandard2.0-Debug|Win32
		{D087E484-DBC9-4A2E-8368-C1D0E524994D}.netstandard2.0-Debug|Win32.ActiveCfg = netstandard2.0-Debug|Win32
		{D087E484-DBC9-4A2E-8368-C1D0E524994D}.netstandard2.0-Debug|Win32.Build.0 = netstandard2.0-Debug|Win32
		{D087E484-DBC9-4A2E-8368-C1D0E524994D}.netstandard2.0-Debug|x64.ActiveCfg = netstandard2.0-Debug|x64
		{D087E484-DBC9-4A2E-8368-C1D0E524994D}.netstandard2.0-Debug|x64.Build.0 = netstandard2.0-Debug|x64
		{D087E484-DBC9-4A2E-8368-C1D0E524994D}.Release|Any CPU.ActiveCfg = netstandard2.0-Debug|Win32
		{D087E484-DBC9-4A2E-8368-C1D0E524994D}.Release|Any CPU.Build.0 = netstandard2.0-Debug|Win32
		{D087E484-DBC9-4A2E-8368-C1D0E524994D}.Release|Win32.ActiveCfg = netfx4-Release|Win32
		{D087E484-DBC9-4A2E-8368-C1D0E524994D}.Release|Win32.Build.0 = netfx4-Release|Win32
		{D087E484-DBC9-4A2E-8368-C1D0E524994D}.Release|x64.ActiveCfg = netfx4-Release|x64
		{D087E484-DBC9-4A2E-8368-C1D0E524994D}.Release|x64.Build.0 = netfx4-Release|x64
		{E23BE1E6-DC9D-4755-890E-443EA7B736FB}.Debug|Any CPU.ActiveCfg = netstandard2.0-Debug|Any CPU
		{E23BE1E6-DC9D-4755-890E-443EA7B736FB}.Debug|Any CPU.Build.0 = netstandard2.0-Debug|Any CPU
		{E23BE1E6-DC9D-4755-890E-443EA7B736FB}.Debug|Win32.ActiveCfg = netstandard2.0-Debug|x86
		{E23BE1E6-DC9D-4755-890E-443EA7B736FB}.Debug|Win32.Build.0 = netstandard2.0-Debug|x86
		{E23BE1E6-DC9D-4755-890E-443EA7B736FB}.Debug|x64.ActiveCfg = netstandard2.0-Debug|Any CPU
		{E23BE1E6-DC9D-4755-890E-443EA7B736FB}.Debug|x64.Build.0 = netstandard2.0-Debug|Any CPU
		{E23BE1E6-DC9D-4755-890E-443EA7B736FB}.netfx3.5-Debug|Any CPU.ActiveCfg = netfx3.5-Debug|Any CPU
		{E23BE1E6-DC9D-4755-890E-443EA7B736FB}.netfx3.5-Debug|Any CPU.Build.0 = netfx3.5-Debug|Any CPU
		{E23BE1E6-DC9D-4755-890E-443EA7B736FB}.netfx3.5-Debug|Win32.ActiveCfg = netfx3.5-Debug|x86
		{E23BE1E6-DC9D-4755-890E-443EA7B736FB}.netfx3.5-Debug|Win32.Build.0 = netfx3.5-Debug|x86
		{E23BE1E6-DC9D-4755-890E-443EA7B736FB}.netfx3.5-Debug|x64.ActiveCfg = netfx3.5-Debug|Any CPU
		{E23BE1E6-DC9D-4755-890E-443EA7B736FB}.netfx3.5-Debug|x64.Build.0 = netfx3.5-Debug|Any CPU
		{E23BE1E6-DC9D-4755-890E-443EA7B736FB}.netfx3.5-Release|Any CPU.ActiveCfg = netfx3.5-Release|Any CPU
		{E23BE1E6-DC9D-4755-890E-443EA7B736FB}.netfx3.5-Release|Any CPU.Build.0 = netfx3.5-Release|Any CPU
		{E23BE1E6-DC9D-4755-890E-443EA7B736FB}.netfx3.5-Release|Win32.ActiveCfg = netfx3.5-Release|x86
		{E23BE1E6-DC9D-4755-890E-443EA7B736FB}.netfx3.5-Release|Win32.Build.0 = netfx3.5-Release|x86
		{E23BE1E6-DC9D-4755-890E-443EA7B736FB}.netfx3.5-Release|x64.ActiveCfg = netfx3.5-Release|Any CPU
		{E23BE1E6-DC9D-4755-890E-443EA7B736FB}.netfx3.5-Release|x64.Build.0 = netfx3.5-Release|Any CPU
		{E23BE1E6-DC9D-4755-890E-443EA7B736FB}.netfx4-Debug|Any CPU.ActiveCfg = netfx4-Debug|Any CPU
		{E23BE1E6-DC9D-4755-890E-443EA7B736FB}.netfx4-Debug|Any CPU.Build.0 = netfx4-Debug|Any CPU
		{E23BE1E6-DC9D-4755-890E-443EA7B736FB}.netfx4-Debug|Win32.ActiveCfg = netfx4-Debug|x86
		{E23BE1E6-DC9D-4755-890E-443EA7B736FB}.netfx4-Debug|Win32.Build.0 = netfx4-Debug|x86
		{E23BE1E6-DC9D-4755-890E-443EA7B736FB}.netfx4-Debug|x64.ActiveCfg = netfx4-Debug|Any CPU
		{E23BE1E6-DC9D-4755-890E-443EA7B736FB}.netfx4-Debug|x64.Build.0 = netfx4-Debug|Any CPU
		{E23BE1E6-DC9D-4755-890E-443EA7B736FB}.netfx4-Release|Any CPU.ActiveCfg = netfx4-Release|Any CPU
		{E23BE1E6-DC9D-4755-890E-443EA7B736FB}.netfx4-Release|Any CPU.Build.0 = netfx4-Release|Any CPU
		{E23BE1E6-DC9D-4755-890E-443EA7B736FB}.netfx4-Release|Win32.ActiveCfg = netfx4-Release|x86
		{E23BE1E6-DC9D-4755-890E-443EA7B736FB}.netfx4-Release|Win32.Build.0 = netfx4-Release|x86
		{E23BE1E6-DC9D-4755-890E-443EA7B736FB}.netfx4-Release|x64.ActiveCfg = netfx4-Release|Any CPU
		{E23BE1E6-DC9D-4755-890E-443EA7B736FB}.netfx4-Release|x64.Build.0 = netfx4-Release|Any CPU
		{E23BE1E6-DC9D-4755-890E-443EA7B736FB}.netstandard2.0-Debug|Any CPU.ActiveCfg = netstandard2.0-Debug|Any CPU
		{E23BE1E6-DC9D-4755-890E-443EA7B736FB}.netstandard2.0-Debug|Any CPU.Build.0 = netstandard2.0-Debug|Any CPU
		{E23BE1E6-DC9D-4755-890E-443EA7B736FB}.netstandard2.0-Debug|Win32.ActiveCfg = netstandard2.0-Debug|x86
		{E23BE1E6-DC9D-4755-890E-443EA7B736FB}.netstandard2.0-Debug|x64.ActiveCfg = netstandard2.0-Debug|Any CPU
		{E23BE1E6-DC9D-4755-890E-443EA7B736FB}.Release|Any CPU.ActiveCfg = netfx4-Release|Any CPU
		{E23BE1E6-DC9D-4755-890E-443EA7B736FB}.Release|Any CPU.Build.0 = netfx4-Release|Any CPU
		{E23BE1E6-DC9D-4755-890E-443EA7B736FB}.Release|Win32.ActiveCfg = netfx4-Release|x86
		{E23BE1E6-DC9D-4755-890E-443EA7B736FB}.Release|Win32.Build.0 = netfx4-Release|x86
		{E23BE1E6-DC9D-4755-890E-443EA7B736FB}.Release|x64.ActiveCfg = netfx4-Release|Any CPU
		{E23BE1E6-DC9D-4755-890E-443EA7B736FB}.Release|x64.Build.0 = netfx4-Release|Any CPU
		{8E795877-473B-4376-8F9C-2519464D6B18}.Debug|Any CPU.ActiveCfg = netstandard2.0-Debug|Any CPU
		{8E795877-473B-4376-8F9C-2519464D6B18}.Debug|Any CPU.Build.0 = netstandard2.0-Debug|Any CPU
		{8E795877-473B-4376-8F9C-2519464D6B18}.Debug|Win32.ActiveCfg = netstandard2.0-Debug|x86
		{8E795877-473B-4376-8F9C-2519464D6B18}.Debug|Win32.Build.0 = netstandard2.0-Debug|x86
		{8E795877-473B-4376-8F9C-2519464D6B18}.Debug|x64.ActiveCfg = netstandard2.0-Debug|Any CPU
		{8E795877-473B-4376-8F9C-2519464D6B18}.Debug|x64.Build.0 = netstandard2.0-Debug|Any CPU
		{8E795877-473B-4376-8F9C-2519464D6B18}.netfx3.5-Debug|Any CPU.ActiveCfg = netfx3.5-Debug|Any CPU
		{8E795877-473B-4376-8F9C-2519464D6B18}.netfx3.5-Debug|Any CPU.Build.0 = netfx3.5-Debug|Any CPU
		{8E795877-473B-4376-8F9C-2519464D6B18}.netfx3.5-Debug|Win32.ActiveCfg = netfx3.5-Debug|x86
		{8E795877-473B-4376-8F9C-2519464D6B18}.netfx3.5-Debug|Win32.Build.0 = netfx3.5-Debug|x86
		{8E795877-473B-4376-8F9C-2519464D6B18}.netfx3.5-Debug|x64.ActiveCfg = netfx3.5-Debug|Any CPU
		{8E795877-473B-4376-8F9C-2519464D6B18}.netfx3.5-Debug|x64.Build.0 = netfx3.5-Debug|Any CPU
		{8E795877-473B-4376-8F9C-2519464D6B18}.netfx3.5-Release|Any CPU.ActiveCfg = netfx3.5-Release|Any CPU
		{8E795877-473B-4376-8F9C-2519464D6B18}.netfx3.5-Release|Any CPU.Build.0 = netfx3.5-Release|Any CPU
		{8E795877-473B-4376-8F9C-2519464D6B18}.netfx3.5-Release|Win32.ActiveCfg = netfx3.5-Release|x86
		{8E795877-473B-4376-8F9C-2519464D6B18}.netfx3.5-Release|Win32.Build.0 = netfx3.5-Release|x86
		{8E795877-473B-4376-8F9C-2519464D6B18}.netfx3.5-Release|x64.ActiveCfg = netfx3.5-Release|Any CPU
		{8E795877-473B-4376-8F9C-2519464D6B18}.netfx3.5-Release|x64.Build.0 = netfx3.5-Release|Any CPU
		{8E795877-473B-4376-8F9C-2519464D6B18}.netfx4-Debug|Any CPU.ActiveCfg = netfx4-Debug|Any CPU
		{8E795877-473B-4376-8F9C-2519464D6B18}.netfx4-Debug|Any CPU.Build.0 = netfx4-Debug|Any CPU
		{8E795877-473B-4376-8F9C-2519464D6B18}.netfx4-Debug|Win32.ActiveCfg = netfx4-Debug|x86
		{8E795877-473B-4376-8F9C-2519464D6B18}.netfx4-Debug|Win32.Build.0 = netfx4-Debug|x86
		{8E795877-473B-4376-8F9C-2519464D6B18}.netfx4-Debug|x64.ActiveCfg = netfx4-Debug|Any CPU
		{8E795877-473B-4376-8F9C-2519464D6B18}.netfx4-Debug|x64.Build.0 = netfx4-Debug|Any CPU
		{8E795877-473B-4376-8F9C-2519464D6B18}.netfx4-Release|Any CPU.ActiveCfg = netfx4-Release|Any CPU
		{8E795877-473B-4376-8F9C-2519464D6B18}.netfx4-Release|Any CPU.Build.0 = netfx4-Release|Any CPU
		{8E795877-473B-4376-8F9C-2519464D6B18}.netfx4-Release|Win32.ActiveCfg = netfx4-Release|x86
		{8E795877-473B-4376-8F9C-2519464D6B18}.netfx4-Release|Win32.Build.0 = netfx4-Release|x86
		{8E795877-473B-4376-8F9C-2519464D6B18}.netfx4-Release|x64.ActiveCfg = netfx4-Release|Any CPU
		{8E795877-473B-4376-8F9C-2519464D6B18}.netfx4-Release|x64.Build.0 = netfx4-Release|Any CPU
		{8E795877-473B-4376-8F9C-2519464D6B18}.netstandard2.0-Debug|Any CPU.ActiveCfg = netstandard2.0-Debug|Any CPU
		{8E795877-473B-4376-8F9C-2519464D6B18}.netstandard2.0-Debug|Any CPU.Build.0 = netstandard2.0-Debug|Any CPU
		{8E795877-473B-4376-8F9C-2519464D6B18}.netstandard2.0-Debug|Win32.ActiveCfg = netstandard2.0-Debug|x86
		{8E795877-473B-4376-8F9C-2519464D6B18}.netstandard2.0-Debug|x64.ActiveCfg = netstandard2.0-Debug|Any CPU
		{8E795877-473B-4376-8F9C-2519464D6B18}.Release|Any CPU.ActiveCfg = netfx4-Release|Any CPU
		{8E795877-473B-4376-8F9C-2519464D6B18}.Release|Any CPU.Build.0 = netfx4-Release|Any CPU
		{8E795877-473B-4376-8F9C-2519464D6B18}.Release|Win32.ActiveCfg = netfx4-Release|x86
		{8E795877-473B-4376-8F9C-2519464D6B18}.Release|Win32.Build.0 = netfx4-Release|x86
		{8E795877-473B-4376-8F9C-2519464D6B18}.Release|x64.ActiveCfg = netfx4-Release|Any CPU
		{8E795877-473B-4376-8F9C-2519464D6B18}.Release|x64.Build.0 = netfx4-Release|Any CPU
		{64A83DDB-3B66-46C5-8CCF-7A00173F8D3F}.Debug|Any CPU.ActiveCfg = netstandard2.0-Debug|Any CPU
		{64A83DDB-3B66-46C5-8CCF-7A00173F8D3F}.Debug|Any CPU.Build.0 = netstandard2.0-Debug|Any CPU
		{64A83DDB-3B66-46C5-8CCF-7A00173F8D3F}.Debug|Win32.ActiveCfg = netstandard2.0-Debug|x86
		{64A83DDB-3B66-46C5-8CCF-7A00173F8D3F}.Debug|Win32.Build.0 = netstandard2.0-Debug|x86
		{64A83DDB-3B66-46C5-8CCF-7A00173F8D3F}.Debug|x64.ActiveCfg = netstandard2.0-Debug|Any CPU
		{64A83DDB-3B66-46C5-8CCF-7A00173F8D3F}.Debug|x64.Build.0 = netstandard2.0-Debug|Any CPU
		{64A83DDB-3B66-46C5-8CCF-7A00173F8D3F}.netfx3.5-Debug|Any CPU.ActiveCfg = netfx3.5-Debug|Any CPU
		{64A83DDB-3B66-46C5-8CCF-7A00173F8D3F}.netfx3.5-Debug|Any CPU.Build.0 = netfx3.5-Debug|Any CPU
		{64A83DDB-3B66-46C5-8CCF-7A00173F8D3F}.netfx3.5-Debug|Win32.ActiveCfg = netfx3.5-Debug|x86
		{64A83DDB-3B66-46C5-8CCF-7A00173F8D3F}.netfx3.5-Debug|Win32.Build.0 = netfx3.5-Debug|x86
		{64A83DDB-3B66-46C5-8CCF-7A00173F8D3F}.netfx3.5-Debug|x64.ActiveCfg = netfx3.5-Debug|Any CPU
		{64A83DDB-3B66-46C5-8CCF-7A00173F8D3F}.netfx3.5-Debug|x64.Build.0 = netfx3.5-Debug|Any CPU
		{64A83DDB-3B66-46C5-8CCF-7A00173F8D3F}.netfx3.5-Release|Any CPU.ActiveCfg = netfx3.5-Release|Any CPU
		{64A83DDB-3B66-46C5-8CCF-7A00173F8D3F}.netfx3.5-Release|Any CPU.Build.0 = netfx3.5-Release|Any CPU
		{64A83DDB-3B66-46C5-8CCF-7A00173F8D3F}.netfx3.5-Release|Win32.ActiveCfg = netfx3.5-Release|x86
		{64A83DDB-3B66-46C5-8CCF-7A00173F8D3F}.netfx3.5-Release|Win32.Build.0 = netfx3.5-Release|x86
		{64A83DDB-3B66-46C5-8CCF-7A00173F8D3F}.netfx3.5-Release|x64.ActiveCfg = netfx3.5-Release|Any CPU
		{64A83DDB-3B66-46C5-8CCF-7A00173F8D3F}.netfx3.5-Release|x64.Build.0 = netfx3.5-Release|Any CPU
		{64A83DDB-3B66-46C5-8CCF-7A00173F8D3F}.netfx4-Debug|Any CPU.ActiveCfg = netfx4-Debug|Any CPU
		{64A83DDB-3B66-46C5-8CCF-7A00173F8D3F}.netfx4-Debug|Any CPU.Build.0 = netfx4-Debug|Any CPU
		{64A83DDB-3B66-46C5-8CCF-7A00173F8D3F}.netfx4-Debug|Win32.ActiveCfg = netfx4-Debug|x86
		{64A83DDB-3B66-46C5-8CCF-7A00173F8D3F}.netfx4-Debug|Win32.Build.0 = netfx4-Debug|x86
		{64A83DDB-3B66-46C5-8CCF-7A00173F8D3F}.netfx4-Debug|x64.ActiveCfg = netfx4-Debug|Any CPU
		{64A83DDB-3B66-46C5-8CCF-7A00173F8D3F}.netfx4-Debug|x64.Build.0 = netfx4-Debug|Any CPU
		{64A83DDB-3B66-46C5-8CCF-7A00173F8D3F}.netfx4-Release|Any CPU.ActiveCfg = netfx4-Release|Any CPU
		{64A83DDB-3B66-46C5-8CCF-7A00173F8D3F}.netfx4-Release|Any CPU.Build.0 = netfx4-Release|Any CPU
		{64A83DDB-3B66-46C5-8CCF-7A00173F8D3F}.netfx4-Release|Win32.ActiveCfg = netfx4-Release|x86
		{64A83DDB-3B66-46C5-8CCF-7A00173F8D3F}.netfx4-Release|Win32.Build.0 = netfx4-Release|x86
		{64A83DDB-3B66-46C5-8CCF-7A00173F8D3F}.netfx4-Release|x64.ActiveCfg = netfx4-Release|Any CPU
		{64A83DDB-3B66-46C5-8CCF-7A00173F8D3F}.netfx4-Release|x64.Build.0 = netfx4-Release|Any CPU
		{64A83DDB-3B66-46C5-8CCF-7A00173F8D3F}.netstandard2.0-Debug|Any CPU.ActiveCfg = netstandard2.0-Debug|Any CPU
		{64A83DDB-3B66-46C5-8CCF-7A00173F8D3F}.netstandard2.0-Debug|Any CPU.Build.0 = netstandard2.0-Debug|Any CPU
		{64A83DDB-3B66-46C5-8CCF-7A00173F8D3F}.netstandard2.0-Debug|Win32.ActiveCfg = netstandard2.0-Debug|x86
		{64A83DDB-3B66-46C5-8CCF-7A00173F8D3F}.netstandard2.0-Debug|x64.ActiveCfg = netstandard2.0-Debug|Any CPU
		{64A83DDB-3B66-46C5-8CCF-7A00173F8D3F}.Release|Any CPU.ActiveCfg = netfx4-Release|Any CPU
		{64A83DDB-3B66-46C5-8CCF-7A00173F8D3F}.Release|Any CPU.Build.0 = netfx4-Release|Any CPU
		{64A83DDB-3B66-46C5-8CCF-7A00173F8D3F}.Release|Win32.ActiveCfg = netfx4-Release|x86
		{64A83DDB-3B66-46C5-8CCF-7A00173F8D3F}.Release|Win32.Build.0 = netfx4-Release|x86
		{64A83DDB-3B66-46C5-8CCF-7A00173F8D3F}.Release|x64.ActiveCfg = netfx4-Release|Any CPU
		{64A83DDB-3B66-46C5-8CCF-7A00173F8D3F}.Release|x64.Build.0 = netfx4-Release|Any CPU
		{56B9A390-F320-4224-BFE3-380DDAC2370F}.Debug|Any CPU.ActiveCfg = netstandard2.0-Debug|Any CPU
		{56B9A390-F320-4224-BFE3-380DDAC2370F}.Debug|Any CPU.Build.0 = netstandard2.0-Debug|Any CPU
		{56B9A390-F320-4224-BFE3-380DDAC2370F}.Debug|Win32.ActiveCfg = netstandard2.0-Debug|x86
		{56B9A390-F320-4224-BFE3-380DDAC2370F}.Debug|Win32.Build.0 = netstandard2.0-Debug|x86
		{56B9A390-F320-4224-BFE3-380DDAC2370F}.Debug|x64.ActiveCfg = netstandard2.0-Debug|Any CPU
		{56B9A390-F320-4224-BFE3-380DDAC2370F}.Debug|x64.Build.0 = netstandard2.0-Debug|Any CPU
		{56B9A390-F320-4224-BFE3-380DDAC2370F}.netfx3.5-Debug|Any CPU.ActiveCfg = netfx3.5-Debug|Any CPU
		{56B9A390-F320-4224-BFE3-380DDAC2370F}.netfx3.5-Debug|Any CPU.Build.0 = netfx3.5-Debug|Any CPU
		{56B9A390-F320-4224-BFE3-380DDAC2370F}.netfx3.5-Debug|Win32.ActiveCfg = netfx3.5-Debug|x86
		{56B9A390-F320-4224-BFE3-380DDAC2370F}.netfx3.5-Debug|Win32.Build.0 = netfx3.5-Debug|x86
		{56B9A390-F320-4224-BFE3-380DDAC2370F}.netfx3.5-Debug|x64.ActiveCfg = netfx3.5-Debug|Any CPU
		{56B9A390-F320-4224-BFE3-380DDAC2370F}.netfx3.5-Debug|x64.Build.0 = netfx3.5-Debug|Any CPU
		{56B9A390-F320-4224-BFE3-380DDAC2370F}.netfx3.5-Release|Any CPU.ActiveCfg = netfx3.5-Release|Any CPU
		{56B9A390-F320-4224-BFE3-380DDAC2370F}.netfx3.5-Release|Any CPU.Build.0 = netfx3.5-Release|Any CPU
		{56B9A390-F320-4224-BFE3-380DDAC2370F}.netfx3.5-Release|Win32.ActiveCfg = netfx3.5-Release|x86
		{56B9A390-F320-4224-BFE3-380DDAC2370F}.netfx3.5-Release|Win32.Build.0 = netfx3.5-Release|x86
		{56B9A390-F320-4224-BFE3-380DDAC2370F}.netfx3.5-Release|x64.ActiveCfg = netfx3.5-Release|Any CPU
		{56B9A390-F320-4224-BFE3-380DDAC2370F}.netfx3.5-Release|x64.Build.0 = netfx3.5-Release|Any CPU
		{56B9A390-F320-4224-BFE3-380DDAC2370F}.netfx4-Debug|Any CPU.ActiveCfg = netfx4-Debug|Any CPU
		{56B9A390-F320-4224-BFE3-380DDAC2370F}.netfx4-Debug|Any CPU.Build.0 = netfx4-Debug|Any CPU
		{56B9A390-F320-4224-BFE3-380DDAC2370F}.netfx4-Debug|Win32.ActiveCfg = netfx4-Debug|x86
		{56B9A390-F320-4224-BFE3-380DDAC2370F}.netfx4-Debug|Win32.Build.0 = netfx4-Debug|x86
		{56B9A390-F320-4224-BFE3-380DDAC2370F}.netfx4-Debug|x64.ActiveCfg = netfx4-Debug|Any CPU
		{56B9A390-F320-4224-BFE3-380DDAC2370F}.netfx4-Debug|x64.Build.0 = netfx4-Debug|Any CPU
		{56B9A390-F320-4224-BFE3-380DDAC2370F}.netfx4-Release|Any CPU.ActiveCfg = netfx4-Release|Any CPU
		{56B9A390-F320-4224-BFE3-380DDAC2370F}.netfx4-Release|Any CPU.Build.0 = netfx4-Release|Any CPU
		{56B9A390-F320-4224-BFE3-380DDAC2370F}.netfx4-Release|Win32.ActiveCfg = netfx4-Release|x86
		{56B9A390-F320-4224-BFE3-380DDAC2370F}.netfx4-Release|Win32.Build.0 = netfx4-Release|x86
		{56B9A390-F320-4224-BFE3-380DDAC2370F}.netfx4-Release|x64.ActiveCfg = netfx4-Release|Any CPU
		{56B9A390-F320-4224-BFE3-380DDAC2370F}.netfx4-Release|x64.Build.0 = netfx4-Release|Any CPU
		{56B9A390-F320-4224-BFE3-380DDAC2370F}.netstandard2.0-Debug|Any CPU.ActiveCfg = netstandard2.0-Debug|Any CPU
		{56B9A390-F320-4224-BFE3-380DDAC2370F}.netstandard2.0-Debug|Any CPU.Build.0 = netstandard2.0-Debug|Any CPU
		{56B9A390-F320-4224-BFE3-380DDAC2370F}.netstandard2.0-Debug|Win32.ActiveCfg = netstandard2.0-Debug|x86
		{56B9A390-F320-4224-BFE3-380DDAC2370F}.netstandard2.0-Debug|x64.ActiveCfg = netstandard2.0-Debug|Any CPU
		{56B9A390-F320-4224-BFE3-380DDAC2370F}.Release|Any CPU.ActiveCfg = netfx4-Release|Any CPU
		{56B9A390-F320-4224-BFE3-380DDAC2370F}.Release|Any CPU.Build.0 = netfx4-Release|Any CPU
		{56B9A390-F320-4224-BFE3-380DDAC2370F}.Release|Win32.ActiveCfg = netfx4-Release|x86
		{56B9A390-F320-4224-BFE3-380DDAC2370F}.Release|Win32.Build.0 = netfx4-Release|x86
		{56B9A390-F320-4224-BFE3-380DDAC2370F}.Release|x64.ActiveCfg = netfx4-Release|Any CPU
		{56B9A390-F320-4224-BFE3-380DDAC2370F}.Release|x64.Build.0 = netfx4-Release|Any CPU
		{CA462E5D-8A32-42EA-9DBD-C256D22FDA21}.Debug|Any CPU.ActiveCfg = netstandard2.0-Debug|Any CPU
		{CA462E5D-8A32-42EA-9DBD-C256D22FDA21}.Debug|Any CPU.Build.0 = netstandard2.0-Debug|Any CPU
		{CA462E5D-8A32-42EA-9DBD-C256D22FDA21}.Debug|Win32.ActiveCfg = netstandard2.0-Debug|x86
		{CA462E5D-8A32-42EA-9DBD-C256D22FDA21}.Debug|Win32.Build.0 = netstandard2.0-Debug|x86
		{CA462E5D-8A32-42EA-9DBD-C256D22FDA21}.Debug|x64.ActiveCfg = netstandard2.0-Debug|Any CPU
		{CA462E5D-8A32-42EA-9DBD-C256D22FDA21}.Debug|x64.Build.0 = netstandard2.0-Debug|Any CPU
		{CA462E5D-8A32-42EA-9DBD-C256D22FDA21}.netfx3.5-Debug|Any CPU.ActiveCfg = netfx3.5-Debug|Any CPU
		{CA462E5D-8A32-42EA-9DBD-C256D22FDA21}.netfx3.5-Debug|Any CPU.Build.0 = netfx3.5-Debug|Any CPU
		{CA462E5D-8A32-42EA-9DBD-C256D22FDA21}.netfx3.5-Debug|Win32.ActiveCfg = netfx3.5-Debug|x86
		{CA462E5D-8A32-42EA-9DBD-C256D22FDA21}.netfx3.5-Debug|Win32.Build.0 = netfx3.5-Debug|x86
		{CA462E5D-8A32-42EA-9DBD-C256D22FDA21}.netfx3.5-Debug|x64.ActiveCfg = netfx3.5-Debug|Any CPU
		{CA462E5D-8A32-42EA-9DBD-C256D22FDA21}.netfx3.5-Debug|x64.Build.0 = netfx3.5-Debug|Any CPU
		{CA462E5D-8A32-42EA-9DBD-C256D22FDA21}.netfx3.5-Release|Any CPU.ActiveCfg = netfx3.5-Release|Any CPU
		{CA462E5D-8A32-42EA-9DBD-C256D22FDA21}.netfx3.5-Release|Any CPU.Build.0 = netfx3.5-Release|Any CPU
		{CA462E5D-8A32-42EA-9DBD-C256D22FDA21}.netfx3.5-Release|Win32.ActiveCfg = netfx3.5-Release|x86
		{CA462E5D-8A32-42EA-9DBD-C256D22FDA21}.netfx3.5-Release|Win32.Build.0 = netfx3.5-Release|x86
		{CA462E5D-8A32-42EA-9DBD-C256D22FDA21}.netfx3.5-Release|x64.ActiveCfg = netfx3.5-Release|Any CPU
		{CA462E5D-8A32-42EA-9DBD-C256D22FDA21}.netfx3.5-Release|x64.Build.0 = netfx3.5-Release|Any CPU
		{CA462E5D-8A32-42EA-9DBD-C256D22FDA21}.netfx4-Debug|Any CPU.ActiveCfg = netfx4-Debug|Any CPU
		{CA462E5D-8A32-42EA-9DBD-C256D22FDA21}.netfx4-Debug|Any CPU.Build.0 = netfx4-Debug|Any CPU
		{CA462E5D-8A32-42EA-9DBD-C256D22FDA21}.netfx4-Debug|Win32.ActiveCfg = netfx4-Debug|x86
		{CA462E5D-8A32-42EA-9DBD-C256D22FDA21}.netfx4-Debug|Win32.Build.0 = netfx4-Debug|x86
		{CA462E5D-8A32-42EA-9DBD-C256D22FDA21}.netfx4-Debug|x64.ActiveCfg = netfx4-Debug|Any CPU
		{CA462E5D-8A32-42EA-9DBD-C256D22FDA21}.netfx4-Debug|x64.Build.0 = netfx4-Debug|Any CPU
		{CA462E5D-8A32-42EA-9DBD-C256D22FDA21}.netfx4-Release|Any CPU.ActiveCfg = netfx4-Release|Any CPU
		{CA462E5D-8A32-42EA-9DBD-C256D22FDA21}.netfx4-Release|Any CPU.Build.0 = netfx4-Release|Any CPU
		{CA462E5D-8A32-42EA-9DBD-C256D22FDA21}.netfx4-Release|Win32.ActiveCfg = netfx4-Release|x86
		{CA462E5D-8A32-42EA-9DBD-C256D22FDA21}.netfx4-Release|Win32.Build.0 = netfx4-Release|x86
		{CA462E5D-8A32-42EA-9DBD-C256D22FDA21}.netfx4-Release|x64.ActiveCfg = netfx4-Release|Any CPU
		{CA462E5D-8A32-42EA-9DBD-C256D22FDA21}.netfx4-Release|x64.Build.0 = netfx4-Release|Any CPU
		{CA462E5D-8A32-42EA-9DBD-C256D22FDA21}.netstandard2.0-Debug|Any CPU.ActiveCfg = netstandard2.0-Debug|Any CPU
		{CA462E5D-8A32-42EA-9DBD-C256D22FDA21}.netstandard2.0-Debug|Any CPU.Build.0 = netstandard2.0-Debug|Any CPU
		{CA462E5D-8A32-42EA-9DBD-C256D22FDA21}.netstandard2.0-Debug|Win32.ActiveCfg = netstandard2.0-Debug|x86
		{CA462E5D-8A32-42EA-9DBD-C256D22FDA21}.netstandard2.0-Debug|x64.ActiveCfg = netstandard2.0-Debug|Any CPU
		{CA462E5D-8A32-42EA-9DBD-C256D22FDA21}.Release|Any CPU.ActiveCfg = netfx4-Release|Any CPU
		{CA462E5D-8A32-42EA-9DBD-C256D22FDA21}.Release|Any CPU.Build.0 = netfx4-Release|Any CPU
		{CA462E5D-8A32-42EA-9DBD-C256D22FDA21}.Release|Win32.ActiveCfg = netfx4-Release|x86
		{CA462E5D-8A32-42EA-9DBD-C256D22FDA21}.Release|Win32.Build.0 = netfx4-Release|x86
		{CA462E5D-8A32-42EA-9DBD-C256D22FDA21}.Release|x64.ActiveCfg = netfx4-Release|Any CPU
		{CA462E5D-8A32-42EA-9DBD-C256D22FDA21}.Release|x64.Build.0 = netfx4-Release|Any CPU
		{7D74973E-8B83-42D3-B2EA-795AA0076C9F}.Debug|Any CPU.ActiveCfg = netstandard2.0-Debug|Win32
		{7D74973E-8B83-42D3-B2EA-795AA0076C9F}.Debug|Any CPU.Build.0 = netstandard2.0-Debug|Win32
		{7D74973E-8B83-42D3-B2EA-795AA0076C9F}.Debug|Win32.ActiveCfg = netstandard2.0-Debug|Win32
		{7D74973E-8B83-42D3-B2EA-795AA0076C9F}.Debug|Win32.Build.0 = netstandard2.0-Debug|Win32
		{7D74973E-8B83-42D3-B2EA-795AA0076C9F}.Debug|x64.ActiveCfg = netstandard2.0-Debug|x64
		{7D74973E-8B83-42D3-B2EA-795AA0076C9F}.Debug|x64.Build.0 = netstandard2.0-Debug|x64
		{7D74973E-8B83-42D3-B2EA-795AA0076C9F}.netfx3.5-Debug|Any CPU.ActiveCfg = netfx3.5-Debug|Win32
		{7D74973E-8B83-42D3-B2EA-795AA0076C9F}.netfx3.5-Debug|Win32.ActiveCfg = netfx3.5-Debug|Win32
		{7D74973E-8B83-42D3-B2EA-795AA0076C9F}.netfx3.5-Debug|Win32.Build.0 = netfx3.5-Debug|Win32
		{7D74973E-8B83-42D3-B2EA-795AA0076C9F}.netfx3.5-Debug|x64.ActiveCfg = netfx3.5-Debug|x64
		{7D74973E-8B83-42D3-B2EA-795AA0076C9F}.netfx3.5-Debug|x64.Build.0 = netfx3.5-Debug|x64
		{7D74973E-8B83-42D3-B2EA-795AA0076C9F}.netfx3.5-Release|Any CPU.ActiveCfg = netfx3.5-Release|Win32
		{7D74973E-8B83-42D3-B2EA-795AA0076C9F}.netfx3.5-Release|Win32.ActiveCfg = netfx3.5-Release|Win32
		{7D74973E-8B83-42D3-B2EA-795AA0076C9F}.netfx3.5-Release|Win32.Build.0 = netfx3.5-Release|Win32
		{7D74973E-8B83-42D3-B2EA-795AA0076C9F}.netfx3.5-Release|x64.ActiveCfg = netfx3.5-Release|x64
		{7D74973E-8B83-42D3-B2EA-795AA0076C9F}.netfx3.5-Release|x64.Build.0 = netfx3.5-Release|x64
		{7D74973E-8B83-42D3-B2EA-795AA0076C9F}.netfx4-Debug|Any CPU.ActiveCfg = netfx4-Debug|Win32
		{7D74973E-8B83-42D3-B2EA-795AA0076C9F}.netfx4-Debug|Win32.ActiveCfg = netfx4-Debug|Win32
		{7D74973E-8B83-42D3-B2EA-795AA0076C9F}.netfx4-Debug|Win32.Build.0 = netfx4-Debug|Win32
		{7D74973E-8B83-42D3-B2EA-795AA0076C9F}.netfx4-Debug|x64.ActiveCfg = netfx4-Debug|x64
		{7D74973E-8B83-42D3-B2EA-795AA0076C9F}.netfx4-Debug|x64.Build.0 = netfx4-Debug|x64
		{7D74973E-8B83-42D3-B2EA-795AA0076C9F}.netfx4-Release|Any CPU.ActiveCfg = netfx4-Release|Win32
		{7D74973E-8B83-42D3-B2EA-795AA0076C9F}.netfx4-Release|Win32.ActiveCfg = netfx4-Release|Win32
		{7D74973E-8B83-42D3-B2EA-795AA0076C9F}.netfx4-Release|Win32.Build.0 = netfx4-Release|Win32
		{7D74973E-8B83-42D3-B2EA-795AA0076C9F}.netfx4-Release|x64.ActiveCfg = netfx4-Release|x64
		{7D74973E-8B83-42D3-B2EA-795AA0076C9F}.netfx4-Release|x64.Build.0 = netfx4-Release|x64
		{7D74973E-8B83-42D3-B2EA-795AA0076C9F}.netstandard2.0-Debug|Any CPU.ActiveCfg = netstandard2.0-Debug|Win32
		{7D74973E-8B83-42D3-B2EA-795AA0076C9F}.netstandard2.0-Debug|Win32.ActiveCfg = netstandard2.0-Debug|Win32
		{7D74973E-8B83-42D3-B2EA-795AA0076C9F}.netstandard2.0-Debug|x64.ActiveCfg = netstandard2.0-Debug|x64
		{7D74973E-8B83-42D3-B2EA-795AA0076C9F}.Release|Any CPU.ActiveCfg = netstandard2.0-Debug|Win32
		{7D74973E-8B83-42D3-B2EA-795AA0076C9F}.Release|Any CPU.Build.0 = netstandard2.0-Debug|Win32
		{7D74973E-8B83-42D3-B2EA-795AA0076C9F}.Release|Win32.ActiveCfg = netfx4-Release|Win32
		{7D74973E-8B83-42D3-B2EA-795AA0076C9F}.Release|Win32.Build.0 = netfx4-Release|Win32
		{7D74973E-8B83-42D3-B2EA-795AA0076C9F}.Release|x64.ActiveCfg = netfx4-Release|x64
		{7D74973E-8B83-42D3-B2EA-795AA0076C9F}.Release|x64.Build.0 = netfx4-Release|x64
		{DF97D96B-DB03-44DE-8C59-DE14E1FAA2C2}.Debug|Any CPU.ActiveCfg = netstandard2.0-Debug|Any CPU
		{DF97D96B-DB03-44DE-8C59-DE14E1FAA2C2}.Debug|Any CPU.Build.0 = netstandard2.0-Debug|Any CPU
		{DF97D96B-DB03-44DE-8C59-DE14E1FAA2C2}.Debug|Win32.ActiveCfg = netstandard2.0-Debug|x86
		{DF97D96B-DB03-44DE-8C59-DE14E1FAA2C2}.Debug|Win32.Build.0 = netstandard2.0-Debug|x86
		{DF97D96B-DB03-44DE-8C59-DE14E1FAA2C2}.Debug|x64.ActiveCfg = netstandard2.0-Debug|Any CPU
		{DF97D96B-DB03-44DE-8C59-DE14E1FAA2C2}.Debug|x64.Build.0 = netstandard2.0-Debug|Any CPU
		{DF97D96B-DB03-44DE-8C59-DE14E1FAA2C2}.netfx3.5-Debug|Any CPU.ActiveCfg = netfx3.5-Debug|Any CPU
		{DF97D96B-DB03-44DE-8C59-DE14E1FAA2C2}.netfx3.5-Debug|Any CPU.Build.0 = netfx3.5-Debug|Any CPU
		{DF97D96B-DB03-44DE-8C59-DE14E1FAA2C2}.netfx3.5-Debug|Win32.ActiveCfg = netfx3.5-Debug|x86
		{DF97D96B-DB03-44DE-8C59-DE14E1FAA2C2}.netfx3.5-Debug|Win32.Build.0 = netfx3.5-Debug|x86
		{DF97D96B-DB03-44DE-8C59-DE14E1FAA2C2}.netfx3.5-Debug|x64.ActiveCfg = netfx3.5-Debug|Any CPU
		{DF97D96B-DB03-44DE-8C59-DE14E1FAA2C2}.netfx3.5-Debug|x64.Build.0 = netfx3.5-Debug|Any CPU
		{DF97D96B-DB03-44DE-8C59-DE14E1FAA2C2}.netfx3.5-Release|Any CPU.ActiveCfg = netfx3.5-Release|Any CPU
		{DF97D96B-DB03-44DE-8C59-DE14E1FAA2C2}.netfx3.5-Release|Any CPU.Build.0 = netfx3.5-Release|Any CPU
		{DF97D96B-DB03-44DE-8C59-DE14E1FAA2C2}.netfx3.5-Release|Win32.ActiveCfg = netfx3.5-Release|x86
		{DF97D96B-DB03-44DE-8C59-DE14E1FAA2C2}.netfx3.5-Release|Win32.Build.0 = netfx3.5-Release|x86
		{DF97D96B-DB03-44DE-8C59-DE14E1FAA2C2}.netfx3.5-Release|x64.ActiveCfg = netfx3.5-Release|Any CPU
		{DF97D96B-DB03-44DE-8C59-DE14E1FAA2C2}.netfx3.5-Release|x64.Build.0 = netfx3.5-Release|Any CPU
		{DF97D96B-DB03-44DE-8C59-DE14E1FAA2C2}.netfx4-Debug|Any CPU.ActiveCfg = netfx4-Debug|Any CPU
		{DF97D96B-DB03-44DE-8C59-DE14E1FAA2C2}.netfx4-Debug|Any CPU.Build.0 = netfx4-Debug|Any CPU
		{DF97D96B-DB03-44DE-8C59-DE14E1FAA2C2}.netfx4-Debug|Win32.ActiveCfg = netfx4-Debug|x86
		{DF97D96B-DB03-44DE-8C59-DE14E1FAA2C2}.netfx4-Debug|Win32.Build.0 = netfx4-Debug|x86
		{DF97D96B-DB03-44DE-8C59-DE14E1FAA2C2}.netfx4-Debug|x64.ActiveCfg = netfx4-Debug|Any CPU
		{DF97D96B-DB03-44DE-8C59-DE14E1FAA2C2}.netfx4-Debug|x64.Build.0 = netfx4-Debug|Any CPU
		{DF97D96B-DB03-44DE-8C59-DE14E1FAA2C2}.netfx4-Release|Any CPU.ActiveCfg = netfx4-Release|Any CPU
		{DF97D96B-DB03-44DE-8C59-DE14E1FAA2C2}.netfx4-Release|Any CPU.Build.0 = netfx4-Release|Any CPU
		{DF97D96B-DB03-44DE-8C59-DE14E1FAA2C2}.netfx4-Release|Win32.ActiveCfg = netfx4-Release|x86
		{DF97D96B-DB03-44DE-8C59-DE14E1FAA2C2}.netfx4-Release|Win32.Build.0 = netfx4-Release|x86
		{DF97D96B-DB03-44DE-8C59-DE14E1FAA2C2}.netfx4-Release|x64.ActiveCfg = netfx4-Release|Any CPU
		{DF97D96B-DB03-44DE-8C59-DE14E1FAA2C2}.netfx4-Release|x64.Build.0 = netfx4-Release|Any CPU
		{DF97D96B-DB03-44DE-8C59-DE14E1FAA2C2}.netstandard2.0-Debug|Any CPU.ActiveCfg = netstandard2.0-Debug|Any CPU
		{DF97D96B-DB03-44DE-8C59-DE14E1FAA2C2}.netstandard2.0-Debug|Any CPU.Build.0 = netstandard2.0-Debug|Any CPU
		{DF97D96B-DB03-44DE-8C59-DE14E1FAA2C2}.netstandard2.0-Debug|Win32.ActiveCfg = netstandard2.0-Debug|x86
		{DF97D96B-DB03-44DE-8C59-DE14E1FAA2C2}.netstandard2.0-Debug|x64.ActiveCfg = netstandard2.0-Debug|Any CPU
		{DF97D96B-DB03-44DE-8C59-DE14E1FAA2C2}.Release|Any CPU.ActiveCfg = netfx4-Release|Any CPU
		{DF97D96B-DB03-44DE-8C59-DE14E1FAA2C2}.Release|Any CPU.Build.0 = netfx4-Release|Any CPU
		{DF97D96B-DB03-44DE-8C59-DE14E1FAA2C2}.Release|Win32.ActiveCfg = netfx4-Release|x86
		{DF97D96B-DB03-44DE-8C59-DE14E1FAA2C2}.Release|Win32.Build.0 = netfx4-Release|x86
		{DF97D96B-DB03-44DE-8C59-DE14E1FAA2C2}.Release|x64.ActiveCfg = netfx4-Release|Any CPU
		{DF97D96B-DB03-44DE-8C59-DE14E1FAA2C2}.Release|x64.Build.0 = netfx4-Release|Any CPU
		{B02AB185-2D23-4903-9246-F32951F726D2}.Debug|Any CPU.ActiveCfg = netstandard2.0-Debug|Any CPU
		{B02AB185-2D23-4903-9246-F32951F726D2}.Debug|Any CPU.Build.0 = netstandard2.0-Debug|Any CPU
		{B02AB185-2D23-4903-9246-F32951F726D2}.Debug|Win32.ActiveCfg = netstandard2.0-Debug|x86
		{B02AB185-2D23-4903-9246-F32951F726D2}.Debug|Win32.Build.0 = netstandard2.0-Debug|x86
		{B02AB185-2D23-4903-9246-F32951F726D2}.Debug|x64.ActiveCfg = netstandard2.0-Debug|Any CPU
		{B02AB185-2D23-4903-9246-F32951F726D2}.Debug|x64.Build.0 = netstandard2.0-Debug|Any CPU
		{B02AB185-2D23-4903-9246-F32951F726D2}.netfx3.5-Debug|Any CPU.ActiveCfg = netfx3.5-Debug|Any CPU
		{B02AB185-2D23-4903-9246-F32951F726D2}.netfx3.5-Debug|Any CPU.Build.0 = netfx3.5-Debug|Any CPU
		{B02AB185-2D23-4903-9246-F32951F726D2}.netfx3.5-Debug|Win32.ActiveCfg = netfx3.5-Debug|x86
		{B02AB185-2D23-4903-9246-F32951F726D2}.netfx3.5-Debug|Win32.Build.0 = netfx3.5-Debug|x86
		{B02AB185-2D23-4903-9246-F32951F726D2}.netfx3.5-Debug|x64.ActiveCfg = netfx3.5-Debug|Any CPU
		{B02AB185-2D23-4903-9246-F32951F726D2}.netfx3.5-Debug|x64.Build.0 = netfx3.5-Debug|Any CPU
		{B02AB185-2D23-4903-9246-F32951F726D2}.netfx3.5-Release|Any CPU.ActiveCfg = netfx3.5-Release|Any CPU
		{B02AB185-2D23-4903-9246-F32951F726D2}.netfx3.5-Release|Any CPU.Build.0 = netfx3.5-Release|Any CPU
		{B02AB185-2D23-4903-9246-F32951F726D2}.netfx3.5-Release|Win32.ActiveCfg = netfx3.5-Release|x86
		{B02AB185-2D23-4903-9246-F32951F726D2}.netfx3.5-Release|Win32.Build.0 = netfx3.5-Release|x86
		{B02AB185-2D23-4903-9246-F32951F726D2}.netfx3.5-Release|x64.ActiveCfg = netfx3.5-Release|Any CPU
		{B02AB185-2D23-4903-9246-F32951F726D2}.netfx3.5-Release|x64.Build.0 = netfx3.5-Release|Any CPU
		{B02AB185-2D23-4903-9246-F32951F726D2}.netfx4-Debug|Any CPU.ActiveCfg = netfx4-Debug|Any CPU
		{B02AB185-2D23-4903-9246-F32951F726D2}.netfx4-Debug|Any CPU.Build.0 = netfx4-Debug|Any CPU
		{B02AB185-2D23-4903-9246-F32951F726D2}.netfx4-Debug|Win32.ActiveCfg = netfx4-Debug|x86
		{B02AB185-2D23-4903-9246-F32951F726D2}.netfx4-Debug|Win32.Build.0 = netfx4-Debug|x86
		{B02AB185-2D23-4903-9246-F32951F726D2}.netfx4-Debug|x64.ActiveCfg = netfx4-Debug|Any CPU
		{B02AB185-2D23-4903-9246-F32951F726D2}.netfx4-Debug|x64.Build.0 = netfx4-Debug|Any CPU
		{B02AB185-2D23-4903-9246-F32951F726D2}.netfx4-Release|Any CPU.ActiveCfg = netfx4-Release|Any CPU
		{B02AB185-2D23-4903-9246-F32951F726D2}.netfx4-Release|Any CPU.Build.0 = netfx4-Release|Any CPU
		{B02AB185-2D23-4903-9246-F32951F726D2}.netfx4-Release|Win32.ActiveCfg = netfx4-Release|x86
		{B02AB185-2D23-4903-9246-F32951F726D2}.netfx4-Release|Win32.Build.0 = netfx4-Release|x86
		{B02AB185-2D23-4903-9246-F32951F726D2}.netfx4-Release|x64.ActiveCfg = netfx4-Release|Any CPU
		{B02AB185-2D23-4903-9246-F32951F726D2}.netfx4-Release|x64.Build.0 = netfx4-Release|Any CPU
		{B02AB185-2D23-4903-9246-F32951F726D2}.netstandard2.0-Debug|Any CPU.ActiveCfg = netstandard2.0-Debug|Any CPU
		{B02AB185-2D23-4903-9246-F32951F726D2}.netstandard2.0-Debug|Any CPU.Build.0 = netstandard2.0-Debug|Any CPU
		{B02AB185-2D23-4903-9246-F32951F726D2}.netstandard2.0-Debug|Win32.ActiveCfg = netstandard2.0-Debug|x86
		{B02AB185-2D23-4903-9246-F32951F726D2}.netstandard2.0-Debug|x64.ActiveCfg = netstandard2.0-Debug|Any CPU
		{B02AB185-2D23-4903-9246-F32951F726D2}.Release|Any CPU.ActiveCfg = netfx4-Release|Any CPU
		{B02AB185-2D23-4903-9246-F32951F726D2}.Release|Any CPU.Build.0 = netfx4-Release|Any CPU
		{B02AB185-2D23-4903-9246-F32951F726D2}.Release|Win32.ActiveCfg = netfx4-Release|x86
		{B02AB185-2D23-4903-9246-F32951F726D2}.Release|Win32.Build.0 = netfx4-Release|x86
		{B02AB185-2D23-4903-9246-F32951F726D2}.Release|x64.ActiveCfg = netfx4-Release|Any CPU
		{B02AB185-2D23-4903-9246-F32951F726D2}.Release|x64.Build.0 = netfx4-Release|Any CPU
		{86354361-2016-4CB7-81B0-A980A1480791}.Debug|Any CPU.ActiveCfg = netstandard2.0-Debug|Any CPU
		{86354361-2016-4CB7-81B0-A980A1480791}.Debug|Any CPU.Build.0 = netstandard2.0-Debug|Any CPU
		{86354361-2016-4CB7-81B0-A980A1480791}.Debug|Win32.ActiveCfg = netstandard2.0-Debug|x86
		{86354361-2016-4CB7-81B0-A980A1480791}.Debug|Win32.Build.0 = netstandard2.0-Debug|x86
		{86354361-2016-4CB7-81B0-A980A1480791}.Debug|x64.ActiveCfg = netstandard2.0-Debug|Any CPU
		{86354361-2016-4CB7-81B0-A980A1480791}.Debug|x64.Build.0 = netstandard2.0-Debug|Any CPU
		{86354361-2016-4CB7-81B0-A980A1480791}.netfx3.5-Debug|Any CPU.ActiveCfg = netfx3.5-Debug|Any CPU
		{86354361-2016-4CB7-81B0-A980A1480791}.netfx3.5-Debug|Any CPU.Build.0 = netfx3.5-Debug|Any CPU
		{86354361-2016-4CB7-81B0-A980A1480791}.netfx3.5-Debug|Win32.ActiveCfg = netfx3.5-Debug|x86
		{86354361-2016-4CB7-81B0-A980A1480791}.netfx3.5-Debug|Win32.Build.0 = netfx3.5-Debug|x86
		{86354361-2016-4CB7-81B0-A980A1480791}.netfx3.5-Debug|x64.ActiveCfg = netfx3.5-Debug|Any CPU
		{86354361-2016-4CB7-81B0-A980A1480791}.netfx3.5-Debug|x64.Build.0 = netfx3.5-Debug|Any CPU
		{86354361-2016-4CB7-81B0-A980A1480791}.netfx3.5-Release|Any CPU.ActiveCfg = netfx3.5-Release|Any CPU
		{86354361-2016-4CB7-81B0-A980A1480791}.netfx3.5-Release|Any CPU.Build.0 = netfx3.5-Release|Any CPU
		{86354361-2016-4CB7-81B0-A980A1480791}.netfx3.5-Release|Win32.ActiveCfg = netfx3.5-Release|x86
		{86354361-2016-4CB7-81B0-A980A1480791}.netfx3.5-Release|Win32.Build.0 = netfx3.5-Release|x86
		{86354361-2016-4CB7-81B0-A980A1480791}.netfx3.5-Release|x64.ActiveCfg = netfx3.5-Release|Any CPU
		{86354361-2016-4CB7-81B0-A980A1480791}.netfx3.5-Release|x64.Build.0 = netfx3.5-Release|Any CPU
		{86354361-2016-4CB7-81B0-A980A1480791}.netfx4-Debug|Any CPU.ActiveCfg = netfx4-Debug|Any CPU
		{86354361-2016-4CB7-81B0-A980A1480791}.netfx4-Debug|Any CPU.Build.0 = netfx4-Debug|Any CPU
		{86354361-2016-4CB7-81B0-A980A1480791}.netfx4-Debug|Win32.ActiveCfg = netfx4-Debug|x86
		{86354361-2016-4CB7-81B0-A980A1480791}.netfx4-Debug|Win32.Build.0 = netfx4-Debug|x86
		{86354361-2016-4CB7-81B0-A980A1480791}.netfx4-Debug|x64.ActiveCfg = netfx4-Debug|Any CPU
		{86354361-2016-4CB7-81B0-A980A1480791}.netfx4-Debug|x64.Build.0 = netfx4-Debug|Any CPU
		{86354361-2016-4CB7-81B0-A980A1480791}.netfx4-Release|Any CPU.ActiveCfg = netfx4-Release|Any CPU
		{86354361-2016-4CB7-81B0-A980A1480791}.netfx4-Release|Any CPU.Build.0 = netfx4-Release|Any CPU
		{86354361-2016-4CB7-81B0-A980A1480791}.netfx4-Release|Win32.ActiveCfg = netfx4-Release|x86
		{86354361-2016-4CB7-81B0-A980A1480791}.netfx4-Release|Win32.Build.0 = netfx4-Release|x86
		{86354361-2016-4CB7-81B0-A980A1480791}.netfx4-Release|x64.ActiveCfg = netfx4-Release|Any CPU
		{86354361-2016-4CB7-81B0-A980A1480791}.netfx4-Release|x64.Build.0 = netfx4-Release|Any CPU
		{86354361-2016-4CB7-81B0-A980A1480791}.netstandard2.0-Debug|Any CPU.ActiveCfg = netstandard2.0-Debug|Any CPU
		{86354361-2016-4CB7-81B0-A980A1480791}.netstandard2.0-Debug|Any CPU.Build.0 = netstandard2.0-Debug|Any CPU
		{86354361-2016-4CB7-81B0-A980A1480791}.netstandard2.0-Debug|Win32.ActiveCfg = netstandard2.0-Debug|x86
		{86354361-2016-4CB7-81B0-A980A1480791}.netstandard2.0-Debug|x64.ActiveCfg = netstandard2.0-Debug|Any CPU
		{86354361-2016-4CB7-81B0-A980A1480791}.Release|Any CPU.ActiveCfg = netfx4-Release|Any CPU
		{86354361-2016-4CB7-81B0-A980A1480791}.Release|Any CPU.Build.0 = netfx4-Release|Any CPU
		{86354361-2016-4CB7-81B0-A980A1480791}.Release|Win32.ActiveCfg = netfx4-Release|x86
		{86354361-2016-4CB7-81B0-A980A1480791}.Release|Win32.Build.0 = netfx4-Release|x86
		{86354361-2016-4CB7-81B0-A980A1480791}.Release|x64.ActiveCfg = netfx4-Release|Any CPU
		{86354361-2016-4CB7-81B0-A980A1480791}.Release|x64.Build.0 = netfx4-Release|Any CPU
		{DE6016B0-780A-4003-879A-9A25B4E09FF0}.Debug|Any CPU.ActiveCfg = netstandard2.0-Debug|Any CPU
		{DE6016B0-780A-4003-879A-9A25B4E09FF0}.Debug|Any CPU.Build.0 = netstandard2.0-Debug|Any CPU
		{DE6016B0-780A-4003-879A-9A25B4E09FF0}.Debug|Win32.ActiveCfg = netstandard2.0-Debug|x86
		{DE6016B0-780A-4003-879A-9A25B4E09FF0}.Debug|Win32.Build.0 = netstandard2.0-Debug|x86
		{DE6016B0-780A-4003-879A-9A25B4E09FF0}.Debug|x64.ActiveCfg = netstandard2.0-Debug|Any CPU
		{DE6016B0-780A-4003-879A-9A25B4E09FF0}.Debug|x64.Build.0 = netstandard2.0-Debug|Any CPU
		{DE6016B0-780A-4003-879A-9A25B4E09FF0}.netfx3.5-Debug|Any CPU.ActiveCfg = netfx3.5-Debug|Any CPU
		{DE6016B0-780A-4003-879A-9A25B4E09FF0}.netfx3.5-Debug|Any CPU.Build.0 = netfx3.5-Debug|Any CPU
		{DE6016B0-780A-4003-879A-9A25B4E09FF0}.netfx3.5-Debug|Win32.ActiveCfg = netfx3.5-Debug|x86
		{DE6016B0-780A-4003-879A-9A25B4E09FF0}.netfx3.5-Debug|Win32.Build.0 = netfx3.5-Debug|x86
		{DE6016B0-780A-4003-879A-9A25B4E09FF0}.netfx3.5-Debug|x64.ActiveCfg = netfx3.5-Debug|Any CPU
		{DE6016B0-780A-4003-879A-9A25B4E09FF0}.netfx3.5-Debug|x64.Build.0 = netfx3.5-Debug|Any CPU
		{DE6016B0-780A-4003-879A-9A25B4E09FF0}.netfx3.5-Release|Any CPU.ActiveCfg = netfx3.5-Release|Any CPU
		{DE6016B0-780A-4003-879A-9A25B4E09FF0}.netfx3.5-Release|Any CPU.Build.0 = netfx3.5-Release|Any CPU
		{DE6016B0-780A-4003-879A-9A25B4E09FF0}.netfx3.5-Release|Win32.ActiveCfg = netfx3.5-Release|x86
		{DE6016B0-780A-4003-879A-9A25B4E09FF0}.netfx3.5-Release|Win32.Build.0 = netfx3.5-Release|x86
		{DE6016B0-780A-4003-879A-9A25B4E09FF0}.netfx3.5-Release|x64.ActiveCfg = netfx3.5-Release|Any CPU
		{DE6016B0-780A-4003-879A-9A25B4E09FF0}.netfx3.5-Release|x64.Build.0 = netfx3.5-Release|Any CPU
		{DE6016B0-780A-4003-879A-9A25B4E09FF0}.netfx4-Debug|Any CPU.ActiveCfg = netfx4-Debug|Any CPU
		{DE6016B0-780A-4003-879A-9A25B4E09FF0}.netfx4-Debug|Any CPU.Build.0 = netfx4-Debug|Any CPU
		{DE6016B0-780A-4003-879A-9A25B4E09FF0}.netfx4-Debug|Win32.ActiveCfg = netfx4-Debug|x86
		{DE6016B0-780A-4003-879A-9A25B4E09FF0}.netfx4-Debug|Win32.Build.0 = netfx4-Debug|x86
		{DE6016B0-780A-4003-879A-9A25B4E09FF0}.netfx4-Debug|x64.ActiveCfg = netfx4-Debug|Any CPU
		{DE6016B0-780A-4003-879A-9A25B4E09FF0}.netfx4-Debug|x64.Build.0 = netfx4-Debug|Any CPU
		{DE6016B0-780A-4003-879A-9A25B4E09FF0}.netfx4-Release|Any CPU.ActiveCfg = netfx4-Release|Any CPU
		{DE6016B0-780A-4003-879A-9A25B4E09FF0}.netfx4-Release|Any CPU.Build.0 = netfx4-Release|Any CPU
		{DE6016B0-780A-4003-879A-9A25B4E09FF0}.netfx4-Release|Win32.ActiveCfg = netfx4-Release|x86
		{DE6016B0-780A-4003-879A-9A25B4E09FF0}.netfx4-Release|Win32.Build.0 = netfx4-Release|x86
		{DE6016B0-780A-4003-879A-9A25B4E09FF0}.netfx4-Release|x64.ActiveCfg = netfx4-Release|Any CPU
		{DE6016B0-780A-4003-879A-9A25B4E09FF0}.netfx4-Release|x64.Build.0 = netfx4-Release|Any CPU
		{DE6016B0-780A-4003-879A-9A25B4E09FF0}.netstandard2.0-Debug|Any CPU.ActiveCfg = netstandard2.0-Debug|Any CPU
		{DE6016B0-780A-4003-879A-9A25B4E09FF0}.netstandard2.0-Debug|Any CPU.Build.0 = netstandard2.0-Debug|Any CPU
		{DE6016B0-780A-4003-879A-9A25B4E09FF0}.netstandard2.0-Debug|Win32.ActiveCfg = netstandard2.0-Debug|x86
		{DE6016B0-780A-4003-879A-9A25B4E09FF0}.netstandard2.0-Debug|x64.ActiveCfg = netstandard2.0-Debug|Any CPU
		{DE6016B0-780A-4003-879A-9A25B4E09FF0}.Release|Any CPU.ActiveCfg = netfx4-Release|Any CPU
		{DE6016B0-780A-4003-879A-9A25B4E09FF0}.Release|Any CPU.Build.0 = netfx4-Release|Any CPU
		{DE6016B0-780A-4003-879A-9A25B4E09FF0}.Release|Win32.ActiveCfg = netfx4-Release|x86
		{DE6016B0-780A-4003-879A-9A25B4E09FF0}.Release|Win32.Build.0 = netfx4-Release|x86
		{DE6016B0-780A-4003-879A-9A25B4E09FF0}.Release|x64.ActiveCfg = netfx4-Release|Any CPU
		{DE6016B0-780A-4003-879A-9A25B4E09FF0}.Release|x64.Build.0 = netfx4-Release|Any CPU
		{47300078-8EE5-46C3-AC98-8F72F7A22F4D}.Debug|Any CPU.ActiveCfg = netstandard2.0-Debug|Any CPU
		{47300078-8EE5-46C3-AC98-8F72F7A22F4D}.Debug|Any CPU.Build.0 = netstandard2.0-Debug|Any CPU
		{47300078-8EE5-46C3-AC98-8F72F7A22F4D}.Debug|Win32.ActiveCfg = netstandard2.0-Debug|x86
		{47300078-8EE5-46C3-AC98-8F72F7A22F4D}.Debug|Win32.Build.0 = netstandard2.0-Debug|x86
		{47300078-8EE5-46C3-AC98-8F72F7A22F4D}.Debug|x64.ActiveCfg = netstandard2.0-Debug|Any CPU
		{47300078-8EE5-46C3-AC98-8F72F7A22F4D}.Debug|x64.Build.0 = netstandard2.0-Debug|Any CPU
		{47300078-8EE5-46C3-AC98-8F72F7A22F4D}.netfx3.5-Debug|Any CPU.ActiveCfg = netfx3.5-Debug|Any CPU
		{47300078-8EE5-46C3-AC98-8F72F7A22F4D}.netfx3.5-Debug|Any CPU.Build.0 = netfx3.5-Debug|Any CPU
		{47300078-8EE5-46C3-AC98-8F72F7A22F4D}.netfx3.5-Debug|Win32.ActiveCfg = netfx3.5-Debug|x86
		{47300078-8EE5-46C3-AC98-8F72F7A22F4D}.netfx3.5-Debug|Win32.Build.0 = netfx3.5-Debug|x86
		{47300078-8EE5-46C3-AC98-8F72F7A22F4D}.netfx3.5-Debug|x64.ActiveCfg = netfx3.5-Debug|Any CPU
		{47300078-8EE5-46C3-AC98-8F72F7A22F4D}.netfx3.5-Debug|x64.Build.0 = netfx3.5-Debug|Any CPU
		{47300078-8EE5-46C3-AC98-8F72F7A22F4D}.netfx3.5-Release|Any CPU.ActiveCfg = netfx3.5-Release|Any CPU
		{47300078-8EE5-46C3-AC98-8F72F7A22F4D}.netfx3.5-Release|Any CPU.Build.0 = netfx3.5-Release|Any CPU
		{47300078-8EE5-46C3-AC98-8F72F7A22F4D}.netfx3.5-Release|Win32.ActiveCfg = netfx3.5-Release|x86
		{47300078-8EE5-46C3-AC98-8F72F7A22F4D}.netfx3.5-Release|Win32.Build.0 = netfx3.5-Release|x86
		{47300078-8EE5-46C3-AC98-8F72F7A22F4D}.netfx3.5-Release|x64.ActiveCfg = netfx3.5-Release|Any CPU
		{47300078-8EE5-46C3-AC98-8F72F7A22F4D}.netfx3.5-Release|x64.Build.0 = netfx3.5-Release|Any CPU
		{47300078-8EE5-46C3-AC98-8F72F7A22F4D}.netfx4-Debug|Any CPU.ActiveCfg = netfx4-Debug|Any CPU
		{47300078-8EE5-46C3-AC98-8F72F7A22F4D}.netfx4-Debug|Any CPU.Build.0 = netfx4-Debug|Any CPU
		{47300078-8EE5-46C3-AC98-8F72F7A22F4D}.netfx4-Debug|Win32.ActiveCfg = netfx4-Debug|x86
		{47300078-8EE5-46C3-AC98-8F72F7A22F4D}.netfx4-Debug|Win32.Build.0 = netfx4-Debug|x86
		{47300078-8EE5-46C3-AC98-8F72F7A22F4D}.netfx4-Debug|x64.ActiveCfg = netfx4-Debug|Any CPU
		{47300078-8EE5-46C3-AC98-8F72F7A22F4D}.netfx4-Debug|x64.Build.0 = netfx4-Debug|Any CPU
		{47300078-8EE5-46C3-AC98-8F72F7A22F4D}.netfx4-Release|Any CPU.ActiveCfg = netfx4-Release|Any CPU
		{47300078-8EE5-46C3-AC98-8F72F7A22F4D}.netfx4-Release|Any CPU.Build.0 = netfx4-Release|Any CPU
		{47300078-8EE5-46C3-AC98-8F72F7A22F4D}.netfx4-Release|Win32.ActiveCfg = netfx4-Release|x86
		{47300078-8EE5-46C3-AC98-8F72F7A22F4D}.netfx4-Release|Win32.Build.0 = netfx4-Release|x86
		{47300078-8EE5-46C3-AC98-8F72F7A22F4D}.netfx4-Release|x64.ActiveCfg = netfx4-Release|Any CPU
		{47300078-8EE5-46C3-AC98-8F72F7A22F4D}.netfx4-Release|x64.Build.0 = netfx4-Release|Any CPU
		{47300078-8EE5-46C3-AC98-8F72F7A22F4D}.netstandard2.0-Debug|Any CPU.ActiveCfg = netstandard2.0-Debug|Any CPU
		{47300078-8EE5-46C3-AC98-8F72F7A22F4D}.netstandard2.0-Debug|Any CPU.Build.0 = netstandard2.0-Debug|Any CPU
		{47300078-8EE5-46C3-AC98-8F72F7A22F4D}.netstandard2.0-Debug|Win32.ActiveCfg = netstandard2.0-Debug|x86
		{47300078-8EE5-46C3-AC98-8F72F7A22F4D}.netstandard2.0-Debug|Win32.Build.0 = netstandard2.0-Debug|x86
		{47300078-8EE5-46C3-AC98-8F72F7A22F4D}.netstandard2.0-Debug|x64.ActiveCfg = netstandard2.0-Debug|Any CPU
		{47300078-8EE5-46C3-AC98-8F72F7A22F4D}.netstandard2.0-Debug|x64.Build.0 = netstandard2.0-Debug|Any CPU
		{47300078-8EE5-46C3-AC98-8F72F7A22F4D}.Release|Any CPU.ActiveCfg = netfx4-Release|Any CPU
		{47300078-8EE5-46C3-AC98-8F72F7A22F4D}.Release|Any CPU.Build.0 = netfx4-Release|Any CPU
		{47300078-8EE5-46C3-AC98-8F72F7A22F4D}.Release|Win32.ActiveCfg = netfx4-Release|x86
		{47300078-8EE5-46C3-AC98-8F72F7A22F4D}.Release|Win32.Build.0 = netfx4-Release|x86
		{47300078-8EE5-46C3-AC98-8F72F7A22F4D}.Release|x64.ActiveCfg = netfx4-Release|Any CPU
		{47300078-8EE5-46C3-AC98-8F72F7A22F4D}.Release|x64.Build.0 = netfx4-Release|Any CPU
		{39B96905-9022-433C-96DB-E51F316F025D}.Debug|Any CPU.ActiveCfg = netstandard2.0-Debug|x64
		{39B96905-9022-433C-96DB-E51F316F025D}.Debug|Any CPU.Build.0 = netstandard2.0-Debug|x64
		{39B96905-9022-433C-96DB-E51F316F025D}.Debug|Win32.ActiveCfg = netstandard2.0-Debug|x86
		{39B96905-9022-433C-96DB-E51F316F025D}.Debug|Win32.Build.0 = netstandard2.0-Debug|x86
		{39B96905-9022-433C-96DB-E51F316F025D}.Debug|x64.ActiveCfg = netstandard2.0-Debug|x64
		{39B96905-9022-433C-96DB-E51F316F025D}.Debug|x64.Build.0 = netstandard2.0-Debug|x64
		{39B96905-9022-433C-96DB-E51F316F025D}.netfx3.5-Debug|Any CPU.ActiveCfg = netfx3.5-Debug|x86
		{39B96905-9022-433C-96DB-E51F316F025D}.netfx3.5-Debug|Win32.ActiveCfg = netfx3.5-Debug|x86
		{39B96905-9022-433C-96DB-E51F316F025D}.netfx3.5-Debug|Win32.Build.0 = netfx3.5-Debug|x86
		{39B96905-9022-433C-96DB-E51F316F025D}.netfx3.5-Debug|x64.ActiveCfg = netfx3.5-Debug|x64
		{39B96905-9022-433C-96DB-E51F316F025D}.netfx3.5-Debug|x64.Build.0 = netfx3.5-Debug|x64
		{39B96905-9022-433C-96DB-E51F316F025D}.netfx3.5-Release|Any CPU.ActiveCfg = netfx3.5-Release|x86
		{39B96905-9022-433C-96DB-E51F316F025D}.netfx3.5-Release|Win32.ActiveCfg = netfx3.5-Release|x86
		{39B96905-9022-433C-96DB-E51F316F025D}.netfx3.5-Release|Win32.Build.0 = netfx3.5-Release|x86
		{39B96905-9022-433C-96DB-E51F316F025D}.netfx3.5-Release|x64.ActiveCfg = netfx3.5-Release|x64
		{39B96905-9022-433C-96DB-E51F316F025D}.netfx3.5-Release|x64.Build.0 = netfx3.5-Release|x64
		{39B96905-9022-433C-96DB-E51F316F025D}.netfx4-Debug|Any CPU.ActiveCfg = netfx4-Debug|x86
		{39B96905-9022-433C-96DB-E51F316F025D}.netfx4-Debug|Win32.ActiveCfg = netfx4-Debug|x86
		{39B96905-9022-433C-96DB-E51F316F025D}.netfx4-Debug|Win32.Build.0 = netfx4-Debug|x86
		{39B96905-9022-433C-96DB-E51F316F025D}.netfx4-Debug|x64.ActiveCfg = netfx4-Debug|x64
		{39B96905-9022-433C-96DB-E51F316F025D}.netfx4-Debug|x64.Build.0 = netfx4-Debug|x64
		{39B96905-9022-433C-96DB-E51F316F025D}.netfx4-Release|Any CPU.ActiveCfg = netfx4-Release|x86
		{39B96905-9022-433C-96DB-E51F316F025D}.netfx4-Release|Win32.ActiveCfg = netfx4-Release|x86
		{39B96905-9022-433C-96DB-E51F316F025D}.netfx4-Release|Win32.Build.0 = netfx4-Release|x86
		{39B96905-9022-433C-96DB-E51F316F025D}.netfx4-Release|x64.ActiveCfg = netfx4-Release|x64
		{39B96905-9022-433C-96DB-E51F316F025D}.netfx4-Release|x64.Build.0 = netfx4-Release|x64
		{39B96905-9022-433C-96DB-E51F316F025D}.netstandard2.0-Debug|Any CPU.ActiveCfg = netstandard2.0-Debug|x86
		{39B96905-9022-433C-96DB-E51F316F025D}.netstandard2.0-Debug|Win32.ActiveCfg = netstandard2.0-Debug|x86
		{39B96905-9022-433C-96DB-E51F316F025D}.netstandard2.0-Debug|x64.ActiveCfg = netstandard2.0-Debug|x64
		{39B96905-9022-433C-96DB-E51F316F025D}.Release|Any CPU.ActiveCfg = netstandard2.0-Debug|x64
		{39B96905-9022-433C-96DB-E51F316F025D}.Release|Any CPU.Build.0 = netstandard2.0-Debug|x64
		{39B96905-9022-433C-96DB-E51F316F025D}.Release|Win32.ActiveCfg = netfx4-Release|x86
		{39B96905-9022-433C-96DB-E51F316F025D}.Release|Win32.Build.0 = netfx4-Release|x86
		{39B96905-9022-433C-96DB-E51F316F025D}.Release|x64.ActiveCfg = netfx4-Release|x64
		{39B96905-9022-433C-96DB-E51F316F025D}.Release|x64.Build.0 = netfx4-Release|x64
		{40253A99-C2A7-42B2-A983-FC1956578430}.Debug|Any CPU.ActiveCfg = netstandard2.0-Debug|x64
		{40253A99-C2A7-42B2-A983-FC1956578430}.Debug|Any CPU.Build.0 = netstandard2.0-Debug|x64
		{40253A99-C2A7-42B2-A983-FC1956578430}.Debug|Win32.ActiveCfg = netstandard2.0-Debug|x86
		{40253A99-C2A7-42B2-A983-FC1956578430}.Debug|Win32.Build.0 = netstandard2.0-Debug|x86
		{40253A99-C2A7-42B2-A983-FC1956578430}.Debug|x64.ActiveCfg = netstandard2.0-Debug|x64
		{40253A99-C2A7-42B2-A983-FC1956578430}.Debug|x64.Build.0 = netstandard2.0-Debug|x64
		{40253A99-C2A7-42B2-A983-FC1956578430}.netfx3.5-Debug|Any CPU.ActiveCfg = netfx3.5-Debug|x86
		{40253A99-C2A7-42B2-A983-FC1956578430}.netfx3.5-Debug|Win32.ActiveCfg = netfx3.5-Debug|x86
		{40253A99-C2A7-42B2-A983-FC1956578430}.netfx3.5-Debug|Win32.Build.0 = netfx3.5-Debug|x86
		{40253A99-C2A7-42B2-A983-FC1956578430}.netfx3.5-Debug|x64.ActiveCfg = netfx3.5-Debug|x64
		{40253A99-C2A7-42B2-A983-FC1956578430}.netfx3.5-Debug|x64.Build.0 = netfx3.5-Debug|x64
		{40253A99-C2A7-42B2-A983-FC1956578430}.netfx3.5-Release|Any CPU.ActiveCfg = netfx3.5-Release|x86
		{40253A99-C2A7-42B2-A983-FC1956578430}.netfx3.5-Release|Win32.ActiveCfg = netfx3.5-Release|x86
		{40253A99-C2A7-42B2-A983-FC1956578430}.netfx3.5-Release|Win32.Build.0 = netfx3.5-Release|x86
		{40253A99-C2A7-42B2-A983-FC1956578430}.netfx3.5-Release|x64.ActiveCfg = netfx3.5-Release|x64
		{40253A99-C2A7-42B2-A983-FC1956578430}.netfx3.5-Release|x64.Build.0 = netfx3.5-Release|x64
		{40253A99-C2A7-42B2-A983-FC1956578430}.netfx4-Debug|Any CPU.ActiveCfg = netfx4-Debug|x86
		{40253A99-C2A7-42B2-A983-FC1956578430}.netfx4-Debug|Win32.ActiveCfg = netfx4-Debug|x86
		{40253A99-C2A7-42B2-A983-FC1956578430}.netfx4-Debug|Win32.Build.0 = netfx4-Debug|x86
		{40253A99-C2A7-42B2-A983-FC1956578430}.netfx4-Debug|x64.ActiveCfg = netfx4-Debug|x64
		{40253A99-C2A7-42B2-A983-FC1956578430}.netfx4-Debug|x64.Build.0 = netfx4-Debug|x64
		{40253A99-C2A7-42B2-A983-FC1956578430}.netfx4-Release|Any CPU.ActiveCfg = netfx4-Release|x86
		{40253A99-C2A7-42B2-A983-FC1956578430}.netfx4-Release|Win32.ActiveCfg = netfx4-Release|x86
		{40253A99-C2A7-42B2-A983-FC1956578430}.netfx4-Release|Win32.Build.0 = netfx4-Release|x86
		{40253A99-C2A7-42B2-A983-FC1956578430}.netfx4-Release|x64.ActiveCfg = netfx4-Release|x64
		{40253A99-C2A7-42B2-A983-FC1956578430}.netfx4-Release|x64.Build.0 = netfx4-Release|x64
		{40253A99-C2A7-42B2-A983-FC1956578430}.netstandard2.0-Debug|Any CPU.ActiveCfg = netstandard2.0-Debug|x86
		{40253A99-C2A7-42B2-A983-FC1956578430}.netstandard2.0-Debug|Win32.ActiveCfg = netstandard2.0-Debug|x86
		{40253A99-C2A7-42B2-A983-FC1956578430}.netstandard2.0-Debug|x64.ActiveCfg = netstandard2.0-Debug|x64
		{40253A99-C2A7-42B2-A983-FC1956578430}.Release|Any CPU.ActiveCfg = netstandard2.0-Debug|x64
		{40253A99-C2A7-42B2-A983-FC1956578430}.Release|Any CPU.Build.0 = netstandard2.0-Debug|x64
		{40253A99-C2A7-42B2-A983-FC1956578430}.Release|Win32.ActiveCfg = netfx4-Release|x86
		{40253A99-C2A7-42B2-A983-FC1956578430}.Release|Win32.Build.0 = netfx4-Release|x86
		{40253A99-C2A7-42B2-A983-FC1956578430}.Release|x64.ActiveCfg = netfx4-Release|x64
		{40253A99-C2A7-42B2-A983-FC1956578430}.Release|x64.Build.0 = netfx4-Release|x64
		{AF266E66-3B75-4C30-A000-6EBD6C1EF6F8}.Debug|Any CPU.ActiveCfg = netstandard2.0-Debug|x64
		{AF266E66-3B75-4C30-A000-6EBD6C1EF6F8}.Debug|Any CPU.Build.0 = netstandard2.0-Debug|x64
		{AF266E66-3B75-4C30-A000-6EBD6C1EF6F8}.Debug|Win32.ActiveCfg = netstandard2.0-Debug|x86
		{AF266E66-3B75-4C30-A000-6EBD6C1EF6F8}.Debug|Win32.Build.0 = netstandard2.0-Debug|x86
		{AF266E66-3B75-4C30-A000-6EBD6C1EF6F8}.Debug|x64.ActiveCfg = netstandard2.0-Debug|x64
		{AF266E66-3B75-4C30-A000-6EBD6C1EF6F8}.Debug|x64.Build.0 = netstandard2.0-Debug|x64
		{AF266E66-3B75-4C30-A000-6EBD6C1EF6F8}.netfx3.5-Debug|Any CPU.ActiveCfg = netfx3.5-Debug|x86
		{AF266E66-3B75-4C30-A000-6EBD6C1EF6F8}.netfx3.5-Debug|Win32.ActiveCfg = netfx3.5-Debug|x86
		{AF266E66-3B75-4C30-A000-6EBD6C1EF6F8}.netfx3.5-Debug|Win32.Build.0 = netfx3.5-Debug|x86
		{AF266E66-3B75-4C30-A000-6EBD6C1EF6F8}.netfx3.5-Debug|x64.ActiveCfg = netfx3.5-Debug|x64
		{AF266E66-3B75-4C30-A000-6EBD6C1EF6F8}.netfx3.5-Debug|x64.Build.0 = netfx3.5-Debug|x64
		{AF266E66-3B75-4C30-A000-6EBD6C1EF6F8}.netfx3.5-Release|Any CPU.ActiveCfg = netfx3.5-Release|x86
		{AF266E66-3B75-4C30-A000-6EBD6C1EF6F8}.netfx3.5-Release|Win32.ActiveCfg = netfx3.5-Release|x86
		{AF266E66-3B75-4C30-A000-6EBD6C1EF6F8}.netfx3.5-Release|Win32.Build.0 = netfx3.5-Release|x86
		{AF266E66-3B75-4C30-A000-6EBD6C1EF6F8}.netfx3.5-Release|x64.ActiveCfg = netfx3.5-Release|x64
		{AF266E66-3B75-4C30-A000-6EBD6C1EF6F8}.netfx3.5-Release|x64.Build.0 = netfx3.5-Release|x64
		{AF266E66-3B75-4C30-A000-6EBD6C1EF6F8}.netfx4-Debug|Any CPU.ActiveCfg = netfx4-Debug|x86
		{AF266E66-3B75-4C30-A000-6EBD6C1EF6F8}.netfx4-Debug|Win32.ActiveCfg = netfx4-Debug|x86
		{AF266E66-3B75-4C30-A000-6EBD6C1EF6F8}.netfx4-Debug|Win32.Build.0 = netfx4-Debug|x86
		{AF266E66-3B75-4C30-A000-6EBD6C1EF6F8}.netfx4-Debug|x64.ActiveCfg = netfx4-Debug|x64
		{AF266E66-3B75-4C30-A000-6EBD6C1EF6F8}.netfx4-Debug|x64.Build.0 = netfx4-Debug|x64
		{AF266E66-3B75-4C30-A000-6EBD6C1EF6F8}.netfx4-Release|Any CPU.ActiveCfg = netfx4-Release|x86
		{AF266E66-3B75-4C30-A000-6EBD6C1EF6F8}.netfx4-Release|Win32.ActiveCfg = netfx4-Release|x86
		{AF266E66-3B75-4C30-A000-6EBD6C1EF6F8}.netfx4-Release|Win32.Build.0 = netfx4-Release|x86
		{AF266E66-3B75-4C30-A000-6EBD6C1EF6F8}.netfx4-Release|x64.ActiveCfg = netfx4-Release|x64
		{AF266E66-3B75-4C30-A000-6EBD6C1EF6F8}.netfx4-Release|x64.Build.0 = netfx4-Release|x64
		{AF266E66-3B75-4C30-A000-6EBD6C1EF6F8}.netstandard2.0-Debug|Any CPU.ActiveCfg = netstandard2.0-Debug|x86
		{AF266E66-3B75-4C30-A000-6EBD6C1EF6F8}.netstandard2.0-Debug|Win32.ActiveCfg = netstandard2.0-Debug|x86
		{AF266E66-3B75-4C30-A000-6EBD6C1EF6F8}.netstandard2.0-Debug|x64.ActiveCfg = netstandard2.0-Debug|x64
		{AF266E66-3B75-4C30-A000-6EBD6C1EF6F8}.Release|Any CPU.ActiveCfg = netstandard2.0-Debug|x64
		{AF266E66-3B75-4C30-A000-6EBD6C1EF6F8}.Release|Any CPU.Build.0 = netstandard2.0-Debug|x64
		{AF266E66-3B75-4C30-A000-6EBD6C1EF6F8}.Release|Win32.ActiveCfg = netfx4-Release|x86
		{AF266E66-3B75-4C30-A000-6EBD6C1EF6F8}.Release|Win32.Build.0 = netfx4-Release|x86
		{AF266E66-3B75-4C30-A000-6EBD6C1EF6F8}.Release|x64.ActiveCfg = netfx4-Release|x64
		{AF266E66-3B75-4C30-A000-6EBD6C1EF6F8}.Release|x64.Build.0 = netfx4-Release|x64
	EndGlobalSection
	GlobalSection(SolutionProperties) = preSolution
		HideSolutionNode = FALSE
	EndGlobalSection
	GlobalSection(NestedProjects) = preSolution
		{E23BE1E6-DC9D-4755-890E-443EA7B736FB} = {9AA72FC5-310D-4EE3-8CB3-12167230C8D1}
		{8E795877-473B-4376-8F9C-2519464D6B18} = {5C0188F2-57BE-4CB1-BA64-17A37106735E}
		{64A83DDB-3B66-46C5-8CCF-7A00173F8D3F} = {5C0188F2-57BE-4CB1-BA64-17A37106735E}
		{56B9A390-F320-4224-BFE3-380DDAC2370F} = {5C0188F2-57BE-4CB1-BA64-17A37106735E}
		{CA462E5D-8A32-42EA-9DBD-C256D22FDA21} = {5C0188F2-57BE-4CB1-BA64-17A37106735E}
		{7D74973E-8B83-42D3-B2EA-795AA0076C9F} = {5C0188F2-57BE-4CB1-BA64-17A37106735E}
		{DF97D96B-DB03-44DE-8C59-DE14E1FAA2C2} = {9AA72FC5-310D-4EE3-8CB3-12167230C8D1}
		{B02AB185-2D23-4903-9246-F32951F726D2} = {9AA72FC5-310D-4EE3-8CB3-12167230C8D1}
		{86354361-2016-4CB7-81B0-A980A1480791} = {9AA72FC5-310D-4EE3-8CB3-12167230C8D1}
		{DE6016B0-780A-4003-879A-9A25B4E09FF0} = {9AA72FC5-310D-4EE3-8CB3-12167230C8D1}
		{47300078-8EE5-46C3-AC98-8F72F7A22F4D} = {9AA72FC5-310D-4EE3-8CB3-12167230C8D1}
		{8F65BAF3-1731-4D6E-B31F-48EB23B219CB} = {9AA72FC5-310D-4EE3-8CB3-12167230C8D1}
		{39B96905-9022-433C-96DB-E51F316F025D} = {8F65BAF3-1731-4D6E-B31F-48EB23B219CB}
		{40253A99-C2A7-42B2-A983-FC1956578430} = {8F65BAF3-1731-4D6E-B31F-48EB23B219CB}
		{AF266E66-3B75-4C30-A000-6EBD6C1EF6F8} = {8F65BAF3-1731-4D6E-B31F-48EB23B219CB}
	EndGlobalSection
	GlobalSection(ExtensibilityGlobals) = postSolution
		SolutionGuid = {624A0DF0-58AD-4D9B-BBDE-9E6B60F447D8}
	EndGlobalSection
EndGlobal
