
Microsoft Visual Studio Solution File, Format Version 12.00
# Visual Studio 2012
Project("{2150E333-8FDC-42A3-9474-1A3956D46DE8}") = "Documents", "Documents", "{35DFE11F-B359-4F35-AB32-19173B9EC94D}"
	ProjectSection(SolutionItems) = preProject
		KNOWN ISSUES.txt = KNOWN ISSUES.txt
		LICENSE.txt = LICENSE.txt
		README.txt = README.txt
	EndProjectSection
EndProject
Project("{2150E333-8FDC-42A3-9474-1A3956D46DE8}") = "Examples", "Examples", "{5C0188F2-57BE-4CB1-BA64-17A37106735E}"
EndProject
Project("{FAE04EC0-301F-11D3-BF4B-00C04F79EFBC}") = "EasyHook", "EasyHook\EasyHook.csproj", "{AB53862B-3B5C-4EFC-9787-1F01199EBFBF}"
EndProject
Project("{8BC9CEB8-8B4A-11D0-8D11-00A0C91BC942}") = "EasyHookDll", "EasyHookDll\EasyHookDll.vcxproj", "{D087E484-DBC9-4A2E-8368-C1D0E524994D}"
EndProject
Project("{FAE04EC0-301F-11D3-BF4B-00C04F79EFBC}") = "EasyHookSvc", "EasyHookSvc\EasyHookSvc.csproj", "{B9A68E47-237F-4045-A371-D5CCEB896F7F}"
EndProject
Project("{FAE04EC0-301F-11D3-BF4B-00C04F79EFBC}") = "ManagedTest", "Test\ManagedTest\ManagedTest.csproj", "{E23BE1E6-DC9D-4755-890E-443EA7B736FB}"
EndProject
Project("{FAE04EC0-301F-11D3-BF4B-00C04F79EFBC}") = "ProcessMonitor", "Examples\ProcessMonitor\ProcessMonitor.csproj", "{8E795877-473B-4376-8F9C-2519464D6B18}"
EndProject
Project("{FAE04EC0-301F-11D3-BF4B-00C04F79EFBC}") = "ProcMonInject", "Examples\ProcMonInject\ProcMonInject.csproj", "{64A83DDB-3B66-46C5-8CCF-7A00173F8D3F}"
EndProject
Project("{FAE04EC0-301F-11D3-BF4B-00C04F79EFBC}") = "FileMon", "Examples\FileMon\FileMon.csproj", "{56B9A390-F320-4224-BFE3-380DDAC2370F}"
EndProject
Project("{FAE04EC0-301F-11D3-BF4B-00C04F79EFBC}") = "FileMonInject", "Examples\FileMonInject\FileMonInject.csproj", "{CA462E5D-8A32-42EA-9DBD-C256D22FDA21}"
EndProject
Project("{8BC9CEB8-8B4A-11D0-8D11-00A0C91BC942}") = "UnmanagedHook", "Examples\UnmanagedHook\UnmanagedHook.vcxproj", "{7D74973E-8B83-42D3-B2EA-795AA0076C9F}"
EndProject
Project("{FAE04EC0-301F-11D3-BF4B-00C04F79EFBC}") = "ManagedTarget", "Test\ManagedTarget\ManagedTarget.csproj", "{DF97D96B-DB03-44DE-8C59-DE14E1FAA2C2}"
EndProject
Project("{FAE04EC0-301F-11D3-BF4B-00C04F79EFBC}") = "ComplexParameterTest", "Test\ComplexParameterTest\ComplexParameterTest.csproj", "{B02AB185-2D23-4903-9246-F32951F726D2}"
EndProject
Project("{2150E333-8FDC-42A3-9474-1A3956D46DE8}") = "Test", "Test", "{9AA72FC5-310D-4EE3-8CB3-12167230C8D1}"
EndProject
Project("{FAE04EC0-301F-11D3-BF4B-00C04F79EFBC}") = "ComplexParameterInject", "Test\ComplexParameterInject\ComplexParameterInject.csproj", "{86354361-2016-4CB7-81B0-A980A1480791}"
EndProject
Project("{FAE04EC0-301F-11D3-BF4B-00C04F79EFBC}") = "EasyLoad", "EasyLoad\EasyLoad.csproj", "{A563904A-09F4-40AB-AE16-9EC9B488EAE5}"
EndProject
Project("{FAE04EC0-301F-11D3-BF4B-00C04F79EFBC}") = "TestFuncHooks", "Test\TestFuncHooks\TestFuncHooks.csproj", "{DE6016B0-780A-4003-879A-9A25B4E09FF0}"
EndProject
Project("{FAE04EC0-301F-11D3-BF4B-00C04F79EFBC}") = "EasyHook.Tests", "Test\EasyHook.Tests\EasyHook.Tests.csproj", "{47300078-8EE5-46C3-AC98-8F72F7A22F4D}"
EndProject
Project("{2150E333-8FDC-42A3-9474-1A3956D46DE8}") = "MultipleHooks", "MultipleHooks", "{8F65BAF3-1731-4D6E-B31F-48EB23B219CB}"
EndProject
Project("{FAE04EC0-301F-11D3-BF4B-00C04F79EFBC}") = "MultipleHooks", "Test\MultipleHooks\MultipleHooks\MultipleHooks.csproj", "{39B96905-9022-433C-96DB-E51F316F025D}"
EndProject
Project("{FAE04EC0-301F-11D3-BF4B-00C04F79EFBC}") = "SimpleHook1", "Test\MultipleHooks\SimpleHook1\SimpleHook1.csproj", "{40253A99-C2A7-42B2-A983-FC1956578430}"
EndProject
Project("{FAE04EC0-301F-11D3-BF4B-00C04F79EFBC}") = "SimpleHook2", "Test\MultipleHooks\SimpleHook2\SimpleHook2.csproj", "{AF266E66-3B75-4C30-A000-6EBD6C1EF6F8}"
EndProject
Global
	GlobalSection(SolutionConfigurationPlatforms) = preSolution
		netfx3.5-Debug|Any CPU = netfx3.5-Debug|Any CPU
		netfx3.5-Debug|Mixed Platforms = netfx3.5-Debug|Mixed Platforms
		netfx3.5-Debug|Win32 = netfx3.5-Debug|Win32
		netfx3.5-Debug|x64 = netfx3.5-Debug|x64
		netfx3.5-Release|Any CPU = netfx3.5-Release|Any CPU
		netfx3.5-Release|Mixed Platforms = netfx3.5-Release|Mixed Platforms
		netfx3.5-Release|Win32 = netfx3.5-Release|Win32
		netfx3.5-Release|x64 = netfx3.5-Release|x64
		netfx4-Debug|Any CPU = netfx4-Debug|Any CPU
		netfx4-Debug|Mixed Platforms = netfx4-Debug|Mixed Platforms
		netfx4-Debug|Win32 = netfx4-Debug|Win32
		netfx4-Debug|x64 = netfx4-Debug|x64
		netfx4-Release|Any CPU = netfx4-Release|Any CPU
		netfx4-Release|Mixed Platforms = netfx4-Release|Mixed Platforms
		netfx4-Release|Win32 = netfx4-Release|Win32
		netfx4-Release|x64 = netfx4-Release|x64
	EndGlobalSection
	GlobalSection(ProjectConfigurationPlatforms) = postSolution
		{AB53862B-3B5C-4EFC-9787-1F01199EBFBF}.netfx3.5-Debug|Any CPU.ActiveCfg = netfx3.5-Debug|Any CPU
		{AB53862B-3B5C-4EFC-9787-1F01199EBFBF}.netfx3.5-Debug|Any CPU.Build.0 = netfx3.5-Debug|Any CPU
		{AB53862B-3B5C-4EFC-9787-1F01199EBFBF}.netfx3.5-Debug|Mixed Platforms.ActiveCfg = netfx3.5-Debug|Any CPU
		{AB53862B-3B5C-4EFC-9787-1F01199EBFBF}.netfx3.5-Debug|Mixed Platforms.Build.0 = netfx3.5-Debug|Any CPU
		{AB53862B-3B5C-4EFC-9787-1F01199EBFBF}.netfx3.5-Debug|Win32.ActiveCfg = netfx3.5-Debug|Any CPU
		{AB53862B-3B5C-4EFC-9787-1F01199EBFBF}.netfx3.5-Debug|Win32.Build.0 = netfx3.5-Debug|Any CPU
		{AB53862B-3B5C-4EFC-9787-1F01199EBFBF}.netfx3.5-Debug|x64.ActiveCfg = netfx3.5-Debug|Any CPU
		{AB53862B-3B5C-4EFC-9787-1F01199EBFBF}.netfx3.5-Debug|x64.Build.0 = netfx3.5-Debug|Any CPU
		{AB53862B-3B5C-4EFC-9787-1F01199EBFBF}.netfx3.5-Release|Any CPU.ActiveCfg = netfx3.5-Release|Any CPU
		{AB53862B-3B5C-4EFC-9787-1F01199EBFBF}.netfx3.5-Release|Any CPU.Build.0 = netfx3.5-Release|Any CPU
		{AB53862B-3B5C-4EFC-9787-1F01199EBFBF}.netfx3.5-Release|Mixed Platforms.ActiveCfg = netfx3.5-Release|Any CPU
		{AB53862B-3B5C-4EFC-9787-1F01199EBFBF}.netfx3.5-Release|Mixed Platforms.Build.0 = netfx3.5-Release|Any CPU
		{AB53862B-3B5C-4EFC-9787-1F01199EBFBF}.netfx3.5-Release|Win32.ActiveCfg = netfx3.5-Release|Any CPU
		{AB53862B-3B5C-4EFC-9787-1F01199EBFBF}.netfx3.5-Release|Win32.Build.0 = netfx3.5-Release|Any CPU
		{AB53862B-3B5C-4EFC-9787-1F01199EBFBF}.netfx3.5-Release|x64.ActiveCfg = netfx3.5-Release|Any CPU
		{AB53862B-3B5C-4EFC-9787-1F01199EBFBF}.netfx3.5-Release|x64.Build.0 = netfx3.5-Release|Any CPU
		{AB53862B-3B5C-4EFC-9787-1F01199EBFBF}.netfx4-Debug|Any CPU.ActiveCfg = netfx4-Debug|Any CPU
		{AB53862B-3B5C-4EFC-9787-1F01199EBFBF}.netfx4-Debug|Any CPU.Build.0 = netfx4-Debug|Any CPU
		{AB53862B-3B5C-4EFC-9787-1F01199EBFBF}.netfx4-Debug|Mixed Platforms.ActiveCfg = netfx4-Debug|Any CPU
		{AB53862B-3B5C-4EFC-9787-1F01199EBFBF}.netfx4-Debug|Mixed Platforms.Build.0 = netfx4-Debug|Any CPU
		{AB53862B-3B5C-4EFC-9787-1F01199EBFBF}.netfx4-Debug|Win32.ActiveCfg = netfx4-Debug|Any CPU
		{AB53862B-3B5C-4EFC-9787-1F01199EBFBF}.netfx4-Debug|Win32.Build.0 = netfx4-Debug|Any CPU
		{AB53862B-3B5C-4EFC-9787-1F01199EBFBF}.netfx4-Debug|x64.ActiveCfg = netfx4-Debug|Any CPU
		{AB53862B-3B5C-4EFC-9787-1F01199EBFBF}.netfx4-Debug|x64.Build.0 = netfx4-Debug|Any CPU
		{AB53862B-3B5C-4EFC-9787-1F01199EBFBF}.netfx4-Release|Any CPU.ActiveCfg = netfx4-Release|Any CPU
		{AB53862B-3B5C-4EFC-9787-1F01199EBFBF}.netfx4-Release|Any CPU.Build.0 = netfx4-Release|Any CPU
		{AB53862B-3B5C-4EFC-9787-1F01199EBFBF}.netfx4-Release|Mixed Platforms.ActiveCfg = netfx4-Release|Any CPU
		{AB53862B-3B5C-4EFC-9787-1F01199EBFBF}.netfx4-Release|Mixed Platforms.Build.0 = netfx4-Release|Any CPU
		{AB53862B-3B5C-4EFC-9787-1F01199EBFBF}.netfx4-Release|Win32.ActiveCfg = netfx4-Release|Any CPU
		{AB53862B-3B5C-4EFC-9787-1F01199EBFBF}.netfx4-Release|Win32.Build.0 = netfx4-Release|Any CPU
		{AB53862B-3B5C-4EFC-9787-1F01199EBFBF}.netfx4-Release|x64.ActiveCfg = netfx4-Release|Any CPU
		{AB53862B-3B5C-4EFC-9787-1F01199EBFBF}.netfx4-Release|x64.Build.0 = netfx4-Release|Any CPU
		{D087E484-DBC9-4A2E-8368-C1D0E524994D}.netfx3.5-Debug|Any CPU.ActiveCfg = netfx3.5-Debug|Win32
		{D087E484-DBC9-4A2E-8368-C1D0E524994D}.netfx3.5-Debug|Mixed Platforms.ActiveCfg = netfx3.5-Debug|Win32
		{D087E484-DBC9-4A2E-8368-C1D0E524994D}.netfx3.5-Debug|Mixed Platforms.Build.0 = netfx3.5-Debug|Win32
		{D087E484-DBC9-4A2E-8368-C1D0E524994D}.netfx3.5-Debug|Mixed Platforms.Deploy.0 = netfx3.5-Debug|Win32
		{D087E484-DBC9-4A2E-8368-C1D0E524994D}.netfx3.5-Debug|Win32.ActiveCfg = netfx3.5-Debug|Win32
		{D087E484-DBC9-4A2E-8368-C1D0E524994D}.netfx3.5-Debug|Win32.Build.0 = netfx3.5-Debug|Win32
		{D087E484-DBC9-4A2E-8368-C1D0E524994D}.netfx3.5-Debug|x64.ActiveCfg = netfx3.5-Debug|x64
		{D087E484-DBC9-4A2E-8368-C1D0E524994D}.netfx3.5-Debug|x64.Build.0 = netfx3.5-Debug|x64
		{D087E484-DBC9-4A2E-8368-C1D0E524994D}.netfx3.5-Release|Any CPU.ActiveCfg = netfx3.5-Release|Win32
		{D087E484-DBC9-4A2E-8368-C1D0E524994D}.netfx3.5-Release|Mixed Platforms.ActiveCfg = netfx3.5-Release|Win32
		{D087E484-DBC9-4A2E-8368-C1D0E524994D}.netfx3.5-Release|Mixed Platforms.Build.0 = netfx3.5-Release|Win32
		{D087E484-DBC9-4A2E-8368-C1D0E524994D}.netfx3.5-Release|Mixed Platforms.Deploy.0 = netfx3.5-Release|Win32
		{D087E484-DBC9-4A2E-8368-C1D0E524994D}.netfx3.5-Release|Win32.ActiveCfg = netfx3.5-Release|Win32
		{D087E484-DBC9-4A2E-8368-C1D0E524994D}.netfx3.5-Release|Win32.Build.0 = netfx3.5-Release|Win32
		{D087E484-DBC9-4A2E-8368-C1D0E524994D}.netfx3.5-Release|x64.ActiveCfg = netfx3.5-Release|x64
		{D087E484-DBC9-4A2E-8368-C1D0E524994D}.netfx3.5-Release|x64.Build.0 = netfx3.5-Release|x64
		{D087E484-DBC9-4A2E-8368-C1D0E524994D}.netfx4-Debug|Any CPU.ActiveCfg = netfx4-Debug|Win32
		{D087E484-DBC9-4A2E-8368-C1D0E524994D}.netfx4-Debug|Mixed Platforms.ActiveCfg = netfx4-Debug|Win32
		{D087E484-DBC9-4A2E-8368-C1D0E524994D}.netfx4-Debug|Mixed Platforms.Build.0 = netfx4-Debug|Win32
		{D087E484-DBC9-4A2E-8368-C1D0E524994D}.netfx4-Debug|Mixed Platforms.Deploy.0 = netfx4-Debug|Win32
		{D087E484-DBC9-4A2E-8368-C1D0E524994D}.netfx4-Debug|Win32.ActiveCfg = netfx4-Debug|Win32
		{D087E484-DBC9-4A2E-8368-C1D0E524994D}.netfx4-Debug|Win32.Build.0 = netfx4-Debug|Win32
		{D087E484-DBC9-4A2E-8368-C1D0E524994D}.netfx4-Debug|x64.ActiveCfg = netfx4-Debug|x64
		{D087E484-DBC9-4A2E-8368-C1D0E524994D}.netfx4-Debug|x64.Build.0 = netfx4-Debug|x64
		{D087E484-DBC9-4A2E-8368-C1D0E524994D}.netfx4-Release|Any CPU.ActiveCfg = netfx4-Release|Win32
		{D087E484-DBC9-4A2E-8368-C1D0E524994D}.netfx4-Release|Mixed Platforms.ActiveCfg = netfx4-Release|Win32
		{D087E484-DBC9-4A2E-8368-C1D0E524994D}.netfx4-Release|Mixed Platforms.Build.0 = netfx4-Release|Win32
		{D087E484-DBC9-4A2E-8368-C1D0E524994D}.netfx4-Release|Mixed Platforms.Deploy.0 = netfx4-Release|Win32
		{D087E484-DBC9-4A2E-8368-C1D0E524994D}.netfx4-Release|Win32.ActiveCfg = netfx4-Release|Win32
		{D087E484-DBC9-4A2E-8368-C1D0E524994D}.netfx4-Release|Win32.Build.0 = netfx4-Release|Win32
		{D087E484-DBC9-4A2E-8368-C1D0E524994D}.netfx4-Release|x64.ActiveCfg = netfx4-Release|x64
		{D087E484-DBC9-4A2E-8368-C1D0E524994D}.netfx4-Release|x64.Build.0 = netfx4-Release|x64
		{B9A68E47-237F-4045-A371-D5CCEB896F7F}.netfx3.5-Debug|Any CPU.ActiveCfg = netfx3.5-Debug|Any CPU
		{B9A68E47-237F-4045-A371-D5CCEB896F7F}.netfx3.5-Debug|Any CPU.Build.0 = netfx3.5-Debug|Any CPU
		{B9A68E47-237F-4045-A371-D5CCEB896F7F}.netfx3.5-Debug|Mixed Platforms.ActiveCfg = netfx3.5-Debug|x86
		{B9A68E47-237F-4045-A371-D5CCEB896F7F}.netfx3.5-Debug|Mixed Platforms.Build.0 = netfx3.5-Debug|x86
		{B9A68E47-237F-4045-A371-D5CCEB896F7F}.netfx3.5-Debug|Win32.ActiveCfg = netfx3.5-Debug|x86
		{B9A68E47-237F-4045-A371-D5CCEB896F7F}.netfx3.5-Debug|Win32.Build.0 = netfx3.5-Debug|x86
		{B9A68E47-237F-4045-A371-D5CCEB896F7F}.netfx3.5-Debug|x64.ActiveCfg = netfx3.5-Debug|Any CPU
		{B9A68E47-237F-4045-A371-D5CCEB896F7F}.netfx3.5-Debug|x64.Build.0 = netfx3.5-Debug|Any CPU
		{B9A68E47-237F-4045-A371-D5CCEB896F7F}.netfx3.5-Release|Any CPU.ActiveCfg = netfx3.5-Release|Any CPU
		{B9A68E47-237F-4045-A371-D5CCEB896F7F}.netfx3.5-Release|Any CPU.Build.0 = netfx3.5-Release|Any CPU
		{B9A68E47-237F-4045-A371-D5CCEB896F7F}.netfx3.5-Release|Mixed Platforms.ActiveCfg = netfx3.5-Release|x86
		{B9A68E47-237F-4045-A371-D5CCEB896F7F}.netfx3.5-Release|Mixed Platforms.Build.0 = netfx3.5-Release|x86
		{B9A68E47-237F-4045-A371-D5CCEB896F7F}.netfx3.5-Release|Win32.ActiveCfg = netfx3.5-Release|x86
		{B9A68E47-237F-4045-A371-D5CCEB896F7F}.netfx3.5-Release|Win32.Build.0 = netfx3.5-Release|x86
		{B9A68E47-237F-4045-A371-D5CCEB896F7F}.netfx3.5-Release|x64.ActiveCfg = netfx3.5-Release|Any CPU
		{B9A68E47-237F-4045-A371-D5CCEB896F7F}.netfx3.5-Release|x64.Build.0 = netfx3.5-Release|Any CPU
		{B9A68E47-237F-4045-A371-D5CCEB896F7F}.netfx4-Debug|Any CPU.ActiveCfg = netfx4-Debug|Any CPU
		{B9A68E47-237F-4045-A371-D5CCEB896F7F}.netfx4-Debug|Any CPU.Build.0 = netfx4-Debug|Any CPU
		{B9A68E47-237F-4045-A371-D5CCEB896F7F}.netfx4-Debug|Mixed Platforms.ActiveCfg = netfx4-Debug|x86
		{B9A68E47-237F-4045-A371-D5CCEB896F7F}.netfx4-Debug|Mixed Platforms.Build.0 = netfx4-Debug|x86
		{B9A68E47-237F-4045-A371-D5CCEB896F7F}.netfx4-Debug|Win32.ActiveCfg = netfx4-Debug|x86
		{B9A68E47-237F-4045-A371-D5CCEB896F7F}.netfx4-Debug|Win32.Build.0 = netfx4-Debug|x86
		{B9A68E47-237F-4045-A371-D5CCEB896F7F}.netfx4-Debug|x64.ActiveCfg = netfx4-Debug|Any CPU
		{B9A68E47-237F-4045-A371-D5CCEB896F7F}.netfx4-Debug|x64.Build.0 = netfx4-Debug|Any CPU
		{B9A68E47-237F-4045-A371-D5CCEB896F7F}.netfx4-Release|Any CPU.ActiveCfg = netfx4-Release|Any CPU
		{B9A68E47-237F-4045-A371-D5CCEB896F7F}.netfx4-Release|Any CPU.Build.0 = netfx4-Release|Any CPU
		{B9A68E47-237F-4045-A371-D5CCEB896F7F}.netfx4-Release|Mixed Platforms.ActiveCfg = netfx4-Release|x86
		{B9A68E47-237F-4045-A371-D5CCEB896F7F}.netfx4-Release|Mixed Platforms.Build.0 = netfx4-Release|x86
		{B9A68E47-237F-4045-A371-D5CCEB896F7F}.netfx4-Release|Win32.ActiveCfg = netfx4-Release|x86
		{B9A68E47-237F-4045-A371-D5CCEB896F7F}.netfx4-Release|Win32.Build.0 = netfx4-Release|x86
		{B9A68E47-237F-4045-A371-D5CCEB896F7F}.netfx4-Release|x64.ActiveCfg = netfx4-Release|Any CPU
		{B9A68E47-237F-4045-A371-D5CCEB896F7F}.netfx4-Release|x64.Build.0 = netfx4-Release|Any CPU
		{E23BE1E6-DC9D-4755-890E-443EA7B736FB}.netfx3.5-Debug|Any CPU.ActiveCfg = netfx3.5-Debug|Any CPU
		{E23BE1E6-DC9D-4755-890E-443EA7B736FB}.netfx3.5-Debug|Any CPU.Build.0 = netfx3.5-Debug|Any CPU
		{E23BE1E6-DC9D-4755-890E-443EA7B736FB}.netfx3.5-Debug|Mixed Platforms.ActiveCfg = netfx3.5-Debug|x86
		{E23BE1E6-DC9D-4755-890E-443EA7B736FB}.netfx3.5-Debug|Mixed Platforms.Build.0 = netfx3.5-Debug|x86
		{E23BE1E6-DC9D-4755-890E-443EA7B736FB}.netfx3.5-Debug|Win32.ActiveCfg = netfx3.5-Debug|x86
		{E23BE1E6-DC9D-4755-890E-443EA7B736FB}.netfx3.5-Debug|Win32.Build.0 = netfx3.5-Debug|x86
		{E23BE1E6-DC9D-4755-890E-443EA7B736FB}.netfx3.5-Debug|x64.ActiveCfg = netfx3.5-Debug|Any CPU
		{E23BE1E6-DC9D-4755-890E-443EA7B736FB}.netfx3.5-Debug|x64.Build.0 = netfx3.5-Debug|Any CPU
		{E23BE1E6-DC9D-4755-890E-443EA7B736FB}.netfx3.5-Release|Any CPU.ActiveCfg = netfx3.5-Release|Any CPU
		{E23BE1E6-DC9D-4755-890E-443EA7B736FB}.netfx3.5-Release|Any CPU.Build.0 = netfx3.5-Release|Any CPU
		{E23BE1E6-DC9D-4755-890E-443EA7B736FB}.netfx3.5-Release|Mixed Platforms.ActiveCfg = netfx3.5-Release|x86
		{E23BE1E6-DC9D-4755-890E-443EA7B736FB}.netfx3.5-Release|Mixed Platforms.Build.0 = netfx3.5-Release|x86
		{E23BE1E6-DC9D-4755-890E-443EA7B736FB}.netfx3.5-Release|Win32.ActiveCfg = netfx3.5-Release|x86
		{E23BE1E6-DC9D-4755-890E-443EA7B736FB}.netfx3.5-Release|Win32.Build.0 = netfx3.5-Release|x86
		{E23BE1E6-DC9D-4755-890E-443EA7B736FB}.netfx3.5-Release|x64.ActiveCfg = netfx3.5-Release|Any CPU
		{E23BE1E6-DC9D-4755-890E-443EA7B736FB}.netfx3.5-Release|x64.Build.0 = netfx3.5-Release|Any CPU
		{E23BE1E6-DC9D-4755-890E-443EA7B736FB}.netfx4-Debug|Any CPU.ActiveCfg = netfx4-Debug|Any CPU
		{E23BE1E6-DC9D-4755-890E-443EA7B736FB}.netfx4-Debug|Any CPU.Build.0 = netfx4-Debug|Any CPU
		{E23BE1E6-DC9D-4755-890E-443EA7B736FB}.netfx4-Debug|Mixed Platforms.ActiveCfg = netfx4-Debug|x86
		{E23BE1E6-DC9D-4755-890E-443EA7B736FB}.netfx4-Debug|Mixed Platforms.Build.0 = netfx4-Debug|x86
		{E23BE1E6-DC9D-4755-890E-443EA7B736FB}.netfx4-Debug|Win32.ActiveCfg = netfx4-Debug|x86
		{E23BE1E6-DC9D-4755-890E-443EA7B736FB}.netfx4-Debug|Win32.Build.0 = netfx4-Debug|x86
		{E23BE1E6-DC9D-4755-890E-443EA7B736FB}.netfx4-Debug|x64.ActiveCfg = netfx4-Debug|Any CPU
		{E23BE1E6-DC9D-4755-890E-443EA7B736FB}.netfx4-Debug|x64.Build.0 = netfx4-Debug|Any CPU
		{E23BE1E6-DC9D-4755-890E-443EA7B736FB}.netfx4-Release|Any CPU.ActiveCfg = netfx4-Release|Any CPU
		{E23BE1E6-DC9D-4755-890E-443EA7B736FB}.netfx4-Release|Any CPU.Build.0 = netfx4-Release|Any CPU
		{E23BE1E6-DC9D-4755-890E-443EA7B736FB}.netfx4-Release|Mixed Platforms.ActiveCfg = netfx4-Release|x86
		{E23BE1E6-DC9D-4755-890E-443EA7B736FB}.netfx4-Release|Mixed Platforms.Build.0 = netfx4-Release|x86
		{E23BE1E6-DC9D-4755-890E-443EA7B736FB}.netfx4-Release|Win32.ActiveCfg = netfx4-Release|x86
		{E23BE1E6-DC9D-4755-890E-443EA7B736FB}.netfx4-Release|Win32.Build.0 = netfx4-Release|x86
		{E23BE1E6-DC9D-4755-890E-443EA7B736FB}.netfx4-Release|x64.ActiveCfg = netfx4-Release|Any CPU
		{E23BE1E6-DC9D-4755-890E-443EA7B736FB}.netfx4-Release|x64.Build.0 = netfx4-Release|Any CPU
		{8E795877-473B-4376-8F9C-2519464D6B18}.netfx3.5-Debug|Any CPU.ActiveCfg = netfx3.5-Debug|Any CPU
		{8E795877-473B-4376-8F9C-2519464D6B18}.netfx3.5-Debug|Any CPU.Build.0 = netfx3.5-Debug|Any CPU
		{8E795877-473B-4376-8F9C-2519464D6B18}.netfx3.5-Debug|Mixed Platforms.ActiveCfg = netfx3.5-Debug|x86
		{8E795877-473B-4376-8F9C-2519464D6B18}.netfx3.5-Debug|Mixed Platforms.Build.0 = netfx3.5-Debug|x86
		{8E795877-473B-4376-8F9C-2519464D6B18}.netfx3.5-Debug|Win32.ActiveCfg = netfx3.5-Debug|x86
		{8E795877-473B-4376-8F9C-2519464D6B18}.netfx3.5-Debug|Win32.Build.0 = netfx3.5-Debug|x86
		{8E795877-473B-4376-8F9C-2519464D6B18}.netfx3.5-Debug|x64.ActiveCfg = netfx3.5-Debug|Any CPU
		{8E795877-473B-4376-8F9C-2519464D6B18}.netfx3.5-Debug|x64.Build.0 = netfx3.5-Debug|Any CPU
		{8E795877-473B-4376-8F9C-2519464D6B18}.netfx3.5-Release|Any CPU.ActiveCfg = netfx3.5-Release|Any CPU
		{8E795877-473B-4376-8F9C-2519464D6B18}.netfx3.5-Release|Any CPU.Build.0 = netfx3.5-Release|Any CPU
		{8E795877-473B-4376-8F9C-2519464D6B18}.netfx3.5-Release|Mixed Platforms.ActiveCfg = netfx3.5-Release|x86
		{8E795877-473B-4376-8F9C-2519464D6B18}.netfx3.5-Release|Mixed Platforms.Build.0 = netfx3.5-Release|x86
		{8E795877-473B-4376-8F9C-2519464D6B18}.netfx3.5-Release|Win32.ActiveCfg = netfx3.5-Release|x86
		{8E795877-473B-4376-8F9C-2519464D6B18}.netfx3.5-Release|Win32.Build.0 = netfx3.5-Release|x86
		{8E795877-473B-4376-8F9C-2519464D6B18}.netfx3.5-Release|x64.ActiveCfg = netfx3.5-Release|Any CPU
		{8E795877-473B-4376-8F9C-2519464D6B18}.netfx3.5-Release|x64.Build.0 = netfx3.5-Release|Any CPU
		{8E795877-473B-4376-8F9C-2519464D6B18}.netfx4-Debug|Any CPU.ActiveCfg = netfx4-Debug|Any CPU
		{8E795877-473B-4376-8F9C-2519464D6B18}.netfx4-Debug|Any CPU.Build.0 = netfx4-Debug|Any CPU
		{8E795877-473B-4376-8F9C-2519464D6B18}.netfx4-Debug|Mixed Platforms.ActiveCfg = netfx4-Debug|x86
		{8E795877-473B-4376-8F9C-2519464D6B18}.netfx4-Debug|Mixed Platforms.Build.0 = netfx4-Debug|x86
		{8E795877-473B-4376-8F9C-2519464D6B18}.netfx4-Debug|Win32.ActiveCfg = netfx4-Debug|x86
		{8E795877-473B-4376-8F9C-2519464D6B18}.netfx4-Debug|Win32.Build.0 = netfx4-Debug|x86
		{8E795877-473B-4376-8F9C-2519464D6B18}.netfx4-Debug|x64.ActiveCfg = netfx4-Debug|Any CPU
		{8E795877-473B-4376-8F9C-2519464D6B18}.netfx4-Debug|x64.Build.0 = netfx4-Debug|Any CPU
		{8E795877-473B-4376-8F9C-2519464D6B18}.netfx4-Release|Any CPU.ActiveCfg = netfx4-Release|Any CPU
		{8E795877-473B-4376-8F9C-2519464D6B18}.netfx4-Release|Any CPU.Build.0 = netfx4-Release|Any CPU
		{8E795877-473B-4376-8F9C-2519464D6B18}.netfx4-Release|Mixed Platforms.ActiveCfg = netfx4-Release|x86
		{8E795877-473B-4376-8F9C-2519464D6B18}.netfx4-Release|Mixed Platforms.Build.0 = netfx4-Release|x86
		{8E795877-473B-4376-8F9C-2519464D6B18}.netfx4-Release|Win32.ActiveCfg = netfx4-Release|x86
		{8E795877-473B-4376-8F9C-2519464D6B18}.netfx4-Release|Win32.Build.0 = netfx4-Release|x86
		{8E795877-473B-4376-8F9C-2519464D6B18}.netfx4-Release|x64.ActiveCfg = netfx4-Release|Any CPU
		{8E795877-473B-4376-8F9C-2519464D6B18}.netfx4-Release|x64.Build.0 = netfx4-Release|Any CPU
		{64A83DDB-3B66-46C5-8CCF-7A00173F8D3F}.netfx3.5-Debug|Any CPU.ActiveCfg = netfx3.5-Debug|Any CPU
		{64A83DDB-3B66-46C5-8CCF-7A00173F8D3F}.netfx3.5-Debug|Any CPU.Build.0 = netfx3.5-Debug|Any CPU
		{64A83DDB-3B66-46C5-8CCF-7A00173F8D3F}.netfx3.5-Debug|Mixed Platforms.ActiveCfg = netfx3.5-Debug|x86
		{64A83DDB-3B66-46C5-8CCF-7A00173F8D3F}.netfx3.5-Debug|Mixed Platforms.Build.0 = netfx3.5-Debug|x86
		{64A83DDB-3B66-46C5-8CCF-7A00173F8D3F}.netfx3.5-Debug|Win32.ActiveCfg = netfx3.5-Debug|x86
		{64A83DDB-3B66-46C5-8CCF-7A00173F8D3F}.netfx3.5-Debug|Win32.Build.0 = netfx3.5-Debug|x86
		{64A83DDB-3B66-46C5-8CCF-7A00173F8D3F}.netfx3.5-Debug|x64.ActiveCfg = netfx3.5-Debug|Any CPU
		{64A83DDB-3B66-46C5-8CCF-7A00173F8D3F}.netfx3.5-Debug|x64.Build.0 = netfx3.5-Debug|Any CPU
		{64A83DDB-3B66-46C5-8CCF-7A00173F8D3F}.netfx3.5-Release|Any CPU.ActiveCfg = netfx3.5-Release|Any CPU
		{64A83DDB-3B66-46C5-8CCF-7A00173F8D3F}.netfx3.5-Release|Any CPU.Build.0 = netfx3.5-Release|Any CPU
		{64A83DDB-3B66-46C5-8CCF-7A00173F8D3F}.netfx3.5-Release|Mixed Platforms.ActiveCfg = netfx3.5-Release|x86
		{64A83DDB-3B66-46C5-8CCF-7A00173F8D3F}.netfx3.5-Release|Mixed Platforms.Build.0 = netfx3.5-Release|x86
		{64A83DDB-3B66-46C5-8CCF-7A00173F8D3F}.netfx3.5-Release|Win32.ActiveCfg = netfx3.5-Release|x86
		{64A83DDB-3B66-46C5-8CCF-7A00173F8D3F}.netfx3.5-Release|Win32.Build.0 = netfx3.5-Release|x86
		{64A83DDB-3B66-46C5-8CCF-7A00173F8D3F}.netfx3.5-Release|x64.ActiveCfg = netfx3.5-Release|Any CPU
		{64A83DDB-3B66-46C5-8CCF-7A00173F8D3F}.netfx3.5-Release|x64.Build.0 = netfx3.5-Release|Any CPU
		{64A83DDB-3B66-46C5-8CCF-7A00173F8D3F}.netfx4-Debug|Any CPU.ActiveCfg = netfx4-Debug|Any CPU
		{64A83DDB-3B66-46C5-8CCF-7A00173F8D3F}.netfx4-Debug|Any CPU.Build.0 = netfx4-Debug|Any CPU
		{64A83DDB-3B66-46C5-8CCF-7A00173F8D3F}.netfx4-Debug|Mixed Platforms.ActiveCfg = netfx4-Debug|x86
		{64A83DDB-3B66-46C5-8CCF-7A00173F8D3F}.netfx4-Debug|Mixed Platforms.Build.0 = netfx4-Debug|x86
		{64A83DDB-3B66-46C5-8CCF-7A00173F8D3F}.netfx4-Debug|Win32.ActiveCfg = netfx4-Debug|x86
		{64A83DDB-3B66-46C5-8CCF-7A00173F8D3F}.netfx4-Debug|Win32.Build.0 = netfx4-Debug|x86
		{64A83DDB-3B66-46C5-8CCF-7A00173F8D3F}.netfx4-Debug|x64.ActiveCfg = netfx4-Debug|Any CPU
		{64A83DDB-3B66-46C5-8CCF-7A00173F8D3F}.netfx4-Debug|x64.Build.0 = netfx4-Debug|Any CPU
		{64A83DDB-3B66-46C5-8CCF-7A00173F8D3F}.netfx4-Release|Any CPU.ActiveCfg = netfx4-Release|Any CPU
		{64A83DDB-3B66-46C5-8CCF-7A00173F8D3F}.netfx4-Release|Any CPU.Build.0 = netfx4-Release|Any CPU
		{64A83DDB-3B66-46C5-8CCF-7A00173F8D3F}.netfx4-Release|Mixed Platforms.ActiveCfg = netfx4-Release|x86
		{64A83DDB-3B66-46C5-8CCF-7A00173F8D3F}.netfx4-Release|Mixed Platforms.Build.0 = netfx4-Release|x86
		{64A83DDB-3B66-46C5-8CCF-7A00173F8D3F}.netfx4-Release|Win32.ActiveCfg = netfx4-Release|x86
		{64A83DDB-3B66-46C5-8CCF-7A00173F8D3F}.netfx4-Release|Win32.Build.0 = netfx4-Release|x86
		{64A83DDB-3B66-46C5-8CCF-7A00173F8D3F}.netfx4-Release|x64.ActiveCfg = netfx4-Release|Any CPU
		{64A83DDB-3B66-46C5-8CCF-7A00173F8D3F}.netfx4-Release|x64.Build.0 = netfx4-Release|Any CPU
		{56B9A390-F320-4224-BFE3-380DDAC2370F}.netfx3.5-Debug|Any CPU.ActiveCfg = netfx3.5-Debug|Any CPU
		{56B9A390-F320-4224-BFE3-380DDAC2370F}.netfx3.5-Debug|Any CPU.Build.0 = netfx3.5-Debug|Any CPU
		{56B9A390-F320-4224-BFE3-380DDAC2370F}.netfx3.5-Debug|Mixed Platforms.ActiveCfg = netfx3.5-Debug|x86
		{56B9A390-F320-4224-BFE3-380DDAC2370F}.netfx3.5-Debug|Mixed Platforms.Build.0 = netfx3.5-Debug|x86
		{56B9A390-F320-4224-BFE3-380DDAC2370F}.netfx3.5-Debug|Win32.ActiveCfg = netfx3.5-Debug|x86
		{56B9A390-F320-4224-BFE3-380DDAC2370F}.netfx3.5-Debug|Win32.Build.0 = netfx3.5-Debug|x86
		{56B9A390-F320-4224-BFE3-380DDAC2370F}.netfx3.5-Debug|x64.ActiveCfg = netfx3.5-Debug|Any CPU
		{56B9A390-F320-4224-BFE3-380DDAC2370F}.netfx3.5-Debug|x64.Build.0 = netfx3.5-Debug|Any CPU
		{56B9A390-F320-4224-BFE3-380DDAC2370F}.netfx3.5-Release|Any CPU.ActiveCfg = netfx3.5-Release|Any CPU
		{56B9A390-F320-4224-BFE3-380DDAC2370F}.netfx3.5-Release|Any CPU.Build.0 = netfx3.5-Release|Any CPU
		{56B9A390-F320-4224-BFE3-380DDAC2370F}.netfx3.5-Release|Mixed Platforms.ActiveCfg = netfx3.5-Release|x86
		{56B9A390-F320-4224-BFE3-380DDAC2370F}.netfx3.5-Release|Mixed Platforms.Build.0 = netfx3.5-Release|x86
		{56B9A390-F320-4224-BFE3-380DDAC2370F}.netfx3.5-Release|Win32.ActiveCfg = netfx3.5-Release|x86
		{56B9A390-F320-4224-BFE3-380DDAC2370F}.netfx3.5-Release|Win32.Build.0 = netfx3.5-Release|x86
		{56B9A390-F320-4224-BFE3-380DDAC2370F}.netfx3.5-Release|x64.ActiveCfg = netfx3.5-Release|Any CPU
		{56B9A390-F320-4224-BFE3-380DDAC2370F}.netfx3.5-Release|x64.Build.0 = netfx3.5-Release|Any CPU
		{56B9A390-F320-4224-BFE3-380DDAC2370F}.netfx4-Debug|Any CPU.ActiveCfg = netfx4-Debug|Any CPU
		{56B9A390-F320-4224-BFE3-380DDAC2370F}.netfx4-Debug|Any CPU.Build.0 = netfx4-Debug|Any CPU
		{56B9A390-F320-4224-BFE3-380DDAC2370F}.netfx4-Debug|Mixed Platforms.ActiveCfg = netfx4-Debug|x86
		{56B9A390-F320-4224-BFE3-380DDAC2370F}.netfx4-Debug|Mixed Platforms.Build.0 = netfx4-Debug|x86
		{56B9A390-F320-4224-BFE3-380DDAC2370F}.netfx4-Debug|Win32.ActiveCfg = netfx4-Debug|x86
		{56B9A390-F320-4224-BFE3-380DDAC2370F}.netfx4-Debug|Win32.Build.0 = netfx4-Debug|x86
		{56B9A390-F320-4224-BFE3-380DDAC2370F}.netfx4-Debug|x64.ActiveCfg = netfx4-Debug|Any CPU
		{56B9A390-F320-4224-BFE3-380DDAC2370F}.netfx4-Debug|x64.Build.0 = netfx4-Debug|Any CPU
		{56B9A390-F320-4224-BFE3-380DDAC2370F}.netfx4-Release|Any CPU.ActiveCfg = netfx4-Release|Any CPU
		{56B9A390-F320-4224-BFE3-380DDAC2370F}.netfx4-Release|Any CPU.Build.0 = netfx4-Release|Any CPU
		{56B9A390-F320-4224-BFE3-380DDAC2370F}.netfx4-Release|Mixed Platforms.ActiveCfg = netfx4-Release|x86
		{56B9A390-F320-4224-BFE3-380DDAC2370F}.netfx4-Release|Mixed Platforms.Build.0 = netfx4-Release|x86
		{56B9A390-F320-4224-BFE3-380DDAC2370F}.netfx4-Release|Win32.ActiveCfg = netfx4-Release|x86
		{56B9A390-F320-4224-BFE3-380DDAC2370F}.netfx4-Release|Win32.Build.0 = netfx4-Release|x86
		{56B9A390-F320-4224-BFE3-380DDAC2370F}.netfx4-Release|x64.ActiveCfg = netfx4-Release|Any CPU
		{56B9A390-F320-4224-BFE3-380DDAC2370F}.netfx4-Release|x64.Build.0 = netfx4-Release|Any CPU
		{CA462E5D-8A32-42EA-9DBD-C256D22FDA21}.netfx3.5-Debug|Any CPU.ActiveCfg = netfx3.5-Debug|Any CPU
		{CA462E5D-8A32-42EA-9DBD-C256D22FDA21}.netfx3.5-Debug|Any CPU.Build.0 = netfx3.5-Debug|Any CPU
		{CA462E5D-8A32-42EA-9DBD-C256D22FDA21}.netfx3.5-Debug|Mixed Platforms.ActiveCfg = netfx3.5-Debug|x86
		{CA462E5D-8A32-42EA-9DBD-C256D22FDA21}.netfx3.5-Debug|Mixed Platforms.Build.0 = netfx3.5-Debug|x86
		{CA462E5D-8A32-42EA-9DBD-C256D22FDA21}.netfx3.5-Debug|Win32.ActiveCfg = netfx3.5-Debug|x86
		{CA462E5D-8A32-42EA-9DBD-C256D22FDA21}.netfx3.5-Debug|Win32.Build.0 = netfx3.5-Debug|x86
		{CA462E5D-8A32-42EA-9DBD-C256D22FDA21}.netfx3.5-Debug|x64.ActiveCfg = netfx3.5-Debug|Any CPU
		{CA462E5D-8A32-42EA-9DBD-C256D22FDA21}.netfx3.5-Debug|x64.Build.0 = netfx3.5-Debug|Any CPU
		{CA462E5D-8A32-42EA-9DBD-C256D22FDA21}.netfx3.5-Release|Any CPU.ActiveCfg = netfx3.5-Release|Any CPU
		{CA462E5D-8A32-42EA-9DBD-C256D22FDA21}.netfx3.5-Release|Any CPU.Build.0 = netfx3.5-Release|Any CPU
		{CA462E5D-8A32-42EA-9DBD-C256D22FDA21}.netfx3.5-Release|Mixed Platforms.ActiveCfg = netfx3.5-Release|x86
		{CA462E5D-8A32-42EA-9DBD-C256D22FDA21}.netfx3.5-Release|Mixed Platforms.Build.0 = netfx3.5-Release|x86
		{CA462E5D-8A32-42EA-9DBD-C256D22FDA21}.netfx3.5-Release|Win32.ActiveCfg = netfx3.5-Release|x86
		{CA462E5D-8A32-42EA-9DBD-C256D22FDA21}.netfx3.5-Release|Win32.Build.0 = netfx3.5-Release|x86
		{CA462E5D-8A32-42EA-9DBD-C256D22FDA21}.netfx3.5-Release|x64.ActiveCfg = netfx3.5-Release|Any CPU
		{CA462E5D-8A32-42EA-9DBD-C256D22FDA21}.netfx3.5-Release|x64.Build.0 = netfx3.5-Release|Any CPU
		{CA462E5D-8A32-42EA-9DBD-C256D22FDA21}.netfx4-Debug|Any CPU.ActiveCfg = netfx4-Debug|Any CPU
		{CA462E5D-8A32-42EA-9DBD-C256D22FDA21}.netfx4-Debug|Any CPU.Build.0 = netfx4-Debug|Any CPU
		{CA462E5D-8A32-42EA-9DBD-C256D22FDA21}.netfx4-Debug|Mixed Platforms.ActiveCfg = netfx4-Debug|x86
		{CA462E5D-8A32-42EA-9DBD-C256D22FDA21}.netfx4-Debug|Mixed Platforms.Build.0 = netfx4-Debug|x86
		{CA462E5D-8A32-42EA-9DBD-C256D22FDA21}.netfx4-Debug|Win32.ActiveCfg = netfx4-Debug|x86
		{CA462E5D-8A32-42EA-9DBD-C256D22FDA21}.netfx4-Debug|Win32.Build.0 = netfx4-Debug|x86
		{CA462E5D-8A32-42EA-9DBD-C256D22FDA21}.netfx4-Debug|x64.ActiveCfg = netfx4-Debug|Any CPU
		{CA462E5D-8A32-42EA-9DBD-C256D22FDA21}.netfx4-Debug|x64.Build.0 = netfx4-Debug|Any CPU
		{CA462E5D-8A32-42EA-9DBD-C256D22FDA21}.netfx4-Release|Any CPU.ActiveCfg = netfx4-Release|Any CPU
		{CA462E5D-8A32-42EA-9DBD-C256D22FDA21}.netfx4-Release|Any CPU.Build.0 = netfx4-Release|Any CPU
		{CA462E5D-8A32-42EA-9DBD-C256D22FDA21}.netfx4-Release|Mixed Platforms.ActiveCfg = netfx4-Release|x86
		{CA462E5D-8A32-42EA-9DBD-C256D22FDA21}.netfx4-Release|Mixed Platforms.Build.0 = netfx4-Release|x86
		{CA462E5D-8A32-42EA-9DBD-C256D22FDA21}.netfx4-Release|Win32.ActiveCfg = netfx4-Release|x86
		{CA462E5D-8A32-42EA-9DBD-C256D22FDA21}.netfx4-Release|Win32.Build.0 = netfx4-Release|x86
		{CA462E5D-8A32-42EA-9DBD-C256D22FDA21}.netfx4-Release|x64.ActiveCfg = netfx4-Release|Any CPU
		{CA462E5D-8A32-42EA-9DBD-C256D22FDA21}.netfx4-Release|x64.Build.0 = netfx4-Release|Any CPU
		{7D74973E-8B83-42D3-B2EA-795AA0076C9F}.netfx3.5-Debug|Any CPU.ActiveCfg = netfx3.5-Debug|Win32
		{7D74973E-8B83-42D3-B2EA-795AA0076C9F}.netfx3.5-Debug|Mixed Platforms.ActiveCfg = netfx3.5-Debug|Win32
		{7D74973E-8B83-42D3-B2EA-795AA0076C9F}.netfx3.5-Debug|Mixed Platforms.Build.0 = netfx3.5-Debug|Win32
		{7D74973E-8B83-42D3-B2EA-795AA0076C9F}.netfx3.5-Debug|Mixed Platforms.Deploy.0 = netfx3.5-Debug|Win32
		{7D74973E-8B83-42D3-B2EA-795AA0076C9F}.netfx3.5-Debug|Win32.ActiveCfg = netfx3.5-Debug|Win32
		{7D74973E-8B83-42D3-B2EA-795AA0076C9F}.netfx3.5-Debug|Win32.Build.0 = netfx3.5-Debug|Win32
		{7D74973E-8B83-42D3-B2EA-795AA0076C9F}.netfx3.5-Debug|x64.ActiveCfg = netfx3.5-Debug|x64
		{7D74973E-8B83-42D3-B2EA-795AA0076C9F}.netfx3.5-Debug|x64.Build.0 = netfx3.5-Debug|x64
		{7D74973E-8B83-42D3-B2EA-795AA0076C9F}.netfx3.5-Release|Any CPU.ActiveCfg = netfx3.5-Release|Win32
		{7D74973E-8B83-42D3-B2EA-795AA0076C9F}.netfx3.5-Release|Mixed Platforms.ActiveCfg = netfx3.5-Release|Win32
		{7D74973E-8B83-42D3-B2EA-795AA0076C9F}.netfx3.5-Release|Mixed Platforms.Build.0 = netfx3.5-Release|Win32
		{7D74973E-8B83-42D3-B2EA-795AA0076C9F}.netfx3.5-Release|Mixed Platforms.Deploy.0 = netfx3.5-Release|Win32
		{7D74973E-8B83-42D3-B2EA-795AA0076C9F}.netfx3.5-Release|Win32.ActiveCfg = netfx3.5-Release|Win32
		{7D74973E-8B83-42D3-B2EA-795AA0076C9F}.netfx3.5-Release|Win32.Build.0 = netfx3.5-Release|Win32
		{7D74973E-8B83-42D3-B2EA-795AA0076C9F}.netfx3.5-Release|x64.ActiveCfg = netfx3.5-Release|x64
		{7D74973E-8B83-42D3-B2EA-795AA0076C9F}.netfx3.5-Release|x64.Build.0 = netfx3.5-Release|x64
		{7D74973E-8B83-42D3-B2EA-795AA0076C9F}.netfx4-Debug|Any CPU.ActiveCfg = netfx4-Debug|Win32
		{7D74973E-8B83-42D3-B2EA-795AA0076C9F}.netfx4-Debug|Mixed Platforms.ActiveCfg = netfx4-Debug|Win32
		{7D74973E-8B83-42D3-B2EA-795AA0076C9F}.netfx4-Debug|Mixed Platforms.Build.0 = netfx4-Debug|Win32
		{7D74973E-8B83-42D3-B2EA-795AA0076C9F}.netfx4-Debug|Mixed Platforms.Deploy.0 = netfx4-Debug|Win32
		{7D74973E-8B83-42D3-B2EA-795AA0076C9F}.netfx4-Debug|Win32.ActiveCfg = netfx4-Debug|Win32
		{7D74973E-8B83-42D3-B2EA-795AA0076C9F}.netfx4-Debug|Win32.Build.0 = netfx4-Debug|Win32
		{7D74973E-8B83-42D3-B2EA-795AA0076C9F}.netfx4-Debug|x64.ActiveCfg = netfx4-Debug|x64
		{7D74973E-8B83-42D3-B2EA-795AA0076C9F}.netfx4-Debug|x64.Build.0 = netfx4-Debug|x64
		{7D74973E-8B83-42D3-B2EA-795AA0076C9F}.netfx4-Release|Any CPU.ActiveCfg = netfx4-Release|Win32
		{7D74973E-8B83-42D3-B2EA-795AA0076C9F}.netfx4-Release|Mixed Platforms.ActiveCfg = netfx4-Release|Win32
		{7D74973E-8B83-42D3-B2EA-795AA0076C9F}.netfx4-Release|Mixed Platforms.Build.0 = netfx4-Release|Win32
		{7D74973E-8B83-42D3-B2EA-795AA0076C9F}.netfx4-Release|Mixed Platforms.Deploy.0 = netfx4-Release|Win32
		{7D74973E-8B83-42D3-B2EA-795AA0076C9F}.netfx4-Release|Win32.ActiveCfg = netfx4-Release|Win32
		{7D74973E-8B83-42D3-B2EA-795AA0076C9F}.netfx4-Release|Win32.Build.0 = netfx4-Release|Win32
		{7D74973E-8B83-42D3-B2EA-795AA0076C9F}.netfx4-Release|x64.ActiveCfg = netfx4-Release|x64
		{7D74973E-8B83-42D3-B2EA-795AA0076C9F}.netfx4-Release|x64.Build.0 = netfx4-Release|x64
		{DF97D96B-DB03-44DE-8C59-DE14E1FAA2C2}.netfx3.5-Debug|Any CPU.ActiveCfg = netfx3.5-Debug|Any CPU
		{DF97D96B-DB03-44DE-8C59-DE14E1FAA2C2}.netfx3.5-Debug|Any CPU.Build.0 = netfx3.5-Debug|Any CPU
		{DF97D96B-DB03-44DE-8C59-DE14E1FAA2C2}.netfx3.5-Debug|Mixed Platforms.ActiveCfg = netfx3.5-Debug|x86
		{DF97D96B-DB03-44DE-8C59-DE14E1FAA2C2}.netfx3.5-Debug|Mixed Platforms.Build.0 = netfx3.5-Debug|x86
		{DF97D96B-DB03-44DE-8C59-DE14E1FAA2C2}.netfx3.5-Debug|Win32.ActiveCfg = netfx3.5-Debug|x86
		{DF97D96B-DB03-44DE-8C59-DE14E1FAA2C2}.netfx3.5-Debug|Win32.Build.0 = netfx3.5-Debug|x86
		{DF97D96B-DB03-44DE-8C59-DE14E1FAA2C2}.netfx3.5-Debug|x64.ActiveCfg = netfx3.5-Debug|Any CPU
		{DF97D96B-DB03-44DE-8C59-DE14E1FAA2C2}.netfx3.5-Debug|x64.Build.0 = netfx3.5-Debug|Any CPU
		{DF97D96B-DB03-44DE-8C59-DE14E1FAA2C2}.netfx3.5-Release|Any CPU.ActiveCfg = netfx3.5-Release|Any CPU
		{DF97D96B-DB03-44DE-8C59-DE14E1FAA2C2}.netfx3.5-Release|Any CPU.Build.0 = netfx3.5-Release|Any CPU
		{DF97D96B-DB03-44DE-8C59-DE14E1FAA2C2}.netfx3.5-Release|Mixed Platforms.ActiveCfg = netfx3.5-Release|x86
		{DF97D96B-DB03-44DE-8C59-DE14E1FAA2C2}.netfx3.5-Release|Mixed Platforms.Build.0 = netfx3.5-Release|x86
		{DF97D96B-DB03-44DE-8C59-DE14E1FAA2C2}.netfx3.5-Release|Win32.ActiveCfg = netfx3.5-Release|x86
		{DF97D96B-DB03-44DE-8C59-DE14E1FAA2C2}.netfx3.5-Release|Win32.Build.0 = netfx3.5-Release|x86
		{DF97D96B-DB03-44DE-8C59-DE14E1FAA2C2}.netfx3.5-Release|x64.ActiveCfg = netfx3.5-Release|Any CPU
		{DF97D96B-DB03-44DE-8C59-DE14E1FAA2C2}.netfx3.5-Release|x64.Build.0 = netfx3.5-Release|Any CPU
		{DF97D96B-DB03-44DE-8C59-DE14E1FAA2C2}.netfx4-Debug|Any CPU.ActiveCfg = netfx4-Debug|Any CPU
		{DF97D96B-DB03-44DE-8C59-DE14E1FAA2C2}.netfx4-Debug|Any CPU.Build.0 = netfx4-Debug|Any CPU
		{DF97D96B-DB03-44DE-8C59-DE14E1FAA2C2}.netfx4-Debug|Mixed Platforms.ActiveCfg = netfx4-Debug|x86
		{DF97D96B-DB03-44DE-8C59-DE14E1FAA2C2}.netfx4-Debug|Mixed Platforms.Build.0 = netfx4-Debug|x86
		{DF97D96B-DB03-44DE-8C59-DE14E1FAA2C2}.netfx4-Debug|Win32.ActiveCfg = netfx4-Debug|x86
		{DF97D96B-DB03-44DE-8C59-DE14E1FAA2C2}.netfx4-Debug|Win32.Build.0 = netfx4-Debug|x86
		{DF97D96B-DB03-44DE-8C59-DE14E1FAA2C2}.netfx4-Debug|x64.ActiveCfg = netfx4-Debug|Any CPU
		{DF97D96B-DB03-44DE-8C59-DE14E1FAA2C2}.netfx4-Debug|x64.Build.0 = netfx4-Debug|Any CPU
		{DF97D96B-DB03-44DE-8C59-DE14E1FAA2C2}.netfx4-Release|Any CPU.ActiveCfg = netfx4-Release|Any CPU
		{DF97D96B-DB03-44DE-8C59-DE14E1FAA2C2}.netfx4-Release|Any CPU.Build.0 = netfx4-Release|Any CPU
		{DF97D96B-DB03-44DE-8C59-DE14E1FAA2C2}.netfx4-Release|Mixed Platforms.ActiveCfg = netfx4-Release|x86
		{DF97D96B-DB03-44DE-8C59-DE14E1FAA2C2}.netfx4-Release|Mixed Platforms.Build.0 = netfx4-Release|x86
		{DF97D96B-DB03-44DE-8C59-DE14E1FAA2C2}.netfx4-Release|Win32.ActiveCfg = netfx4-Release|x86
		{DF97D96B-DB03-44DE-8C59-DE14E1FAA2C2}.netfx4-Release|Win32.Build.0 = netfx4-Release|x86
		{DF97D96B-DB03-44DE-8C59-DE14E1FAA2C2}.netfx4-Release|x64.ActiveCfg = netfx4-Release|Any CPU
		{DF97D96B-DB03-44DE-8C59-DE14E1FAA2C2}.netfx4-Release|x64.Build.0 = netfx4-Release|Any CPU
		{B02AB185-2D23-4903-9246-F32951F726D2}.netfx3.5-Debug|Any CPU.ActiveCfg = netfx3.5-Debug|Any CPU
		{B02AB185-2D23-4903-9246-F32951F726D2}.netfx3.5-Debug|Any CPU.Build.0 = netfx3.5-Debug|Any CPU
		{B02AB185-2D23-4903-9246-F32951F726D2}.netfx3.5-Debug|Mixed Platforms.ActiveCfg = netfx3.5-Debug|x86
		{B02AB185-2D23-4903-9246-F32951F726D2}.netfx3.5-Debug|Mixed Platforms.Build.0 = netfx3.5-Debug|x86
		{B02AB185-2D23-4903-9246-F32951F726D2}.netfx3.5-Debug|Win32.ActiveCfg = netfx3.5-Debug|x86
		{B02AB185-2D23-4903-9246-F32951F726D2}.netfx3.5-Debug|Win32.Build.0 = netfx3.5-Debug|x86
		{B02AB185-2D23-4903-9246-F32951F726D2}.netfx3.5-Debug|x64.ActiveCfg = netfx3.5-Debug|Any CPU
		{B02AB185-2D23-4903-9246-F32951F726D2}.netfx3.5-Debug|x64.Build.0 = netfx3.5-Debug|Any CPU
		{B02AB185-2D23-4903-9246-F32951F726D2}.netfx3.5-Release|Any CPU.ActiveCfg = netfx3.5-Release|Any CPU
		{B02AB185-2D23-4903-9246-F32951F726D2}.netfx3.5-Release|Any CPU.Build.0 = netfx3.5-Release|Any CPU
		{B02AB185-2D23-4903-9246-F32951F726D2}.netfx3.5-Release|Mixed Platforms.ActiveCfg = netfx3.5-Release|x86
		{B02AB185-2D23-4903-9246-F32951F726D2}.netfx3.5-Release|Mixed Platforms.Build.0 = netfx3.5-Release|x86
		{B02AB185-2D23-4903-9246-F32951F726D2}.netfx3.5-Release|Win32.ActiveCfg = netfx3.5-Release|x86
		{B02AB185-2D23-4903-9246-F32951F726D2}.netfx3.5-Release|Win32.Build.0 = netfx3.5-Release|x86
		{B02AB185-2D23-4903-9246-F32951F726D2}.netfx3.5-Release|x64.ActiveCfg = netfx3.5-Release|Any CPU
		{B02AB185-2D23-4903-9246-F32951F726D2}.netfx3.5-Release|x64.Build.0 = netfx3.5-Release|Any CPU
		{B02AB185-2D23-4903-9246-F32951F726D2}.netfx4-Debug|Any CPU.ActiveCfg = netfx4-Debug|Any CPU
		{B02AB185-2D23-4903-9246-F32951F726D2}.netfx4-Debug|Any CPU.Build.0 = netfx4-Debug|Any CPU
		{B02AB185-2D23-4903-9246-F32951F726D2}.netfx4-Debug|Mixed Platforms.ActiveCfg = netfx4-Debug|x86
		{B02AB185-2D23-4903-9246-F32951F726D2}.netfx4-Debug|Mixed Platforms.Build.0 = netfx4-Debug|x86
		{B02AB185-2D23-4903-9246-F32951F726D2}.netfx4-Debug|Win32.ActiveCfg = netfx4-Debug|x86
		{B02AB185-2D23-4903-9246-F32951F726D2}.netfx4-Debug|Win32.Build.0 = netfx4-Debug|x86
		{B02AB185-2D23-4903-9246-F32951F726D2}.netfx4-Debug|x64.ActiveCfg = netfx4-Debug|Any CPU
		{B02AB185-2D23-4903-9246-F32951F726D2}.netfx4-Debug|x64.Build.0 = netfx4-Debug|Any CPU
		{B02AB185-2D23-4903-9246-F32951F726D2}.netfx4-Release|Any CPU.ActiveCfg = netfx4-Release|Any CPU
		{B02AB185-2D23-4903-9246-F32951F726D2}.netfx4-Release|Any CPU.Build.0 = netfx4-Release|Any CPU
		{B02AB185-2D23-4903-9246-F32951F726D2}.netfx4-Release|Mixed Platforms.ActiveCfg = netfx4-Release|x86
		{B02AB185-2D23-4903-9246-F32951F726D2}.netfx4-Release|Mixed Platforms.Build.0 = netfx4-Release|x86
		{B02AB185-2D23-4903-9246-F32951F726D2}.netfx4-Release|Win32.ActiveCfg = netfx4-Release|x86
		{B02AB185-2D23-4903-9246-F32951F726D2}.netfx4-Release|Win32.Build.0 = netfx4-Release|x86
		{B02AB185-2D23-4903-9246-F32951F726D2}.netfx4-Release|x64.ActiveCfg = netfx4-Release|Any CPU
		{B02AB185-2D23-4903-9246-F32951F726D2}.netfx4-Release|x64.Build.0 = netfx4-Release|Any CPU
		{86354361-2016-4CB7-81B0-A980A1480791}.netfx3.5-Debug|Any CPU.ActiveCfg = netfx3.5-Debug|Any CPU
		{86354361-2016-4CB7-81B0-A980A1480791}.netfx3.5-Debug|Any CPU.Build.0 = netfx3.5-Debug|Any CPU
		{86354361-2016-4CB7-81B0-A980A1480791}.netfx3.5-Debug|Mixed Platforms.ActiveCfg = netfx3.5-Debug|x86
		{86354361-2016-4CB7-81B0-A980A1480791}.netfx3.5-Debug|Mixed Platforms.Build.0 = netfx3.5-Debug|x86
		{86354361-2016-4CB7-81B0-A980A1480791}.netfx3.5-Debug|Win32.ActiveCfg = netfx3.5-Debug|x86
		{86354361-2016-4CB7-81B0-A980A1480791}.netfx3.5-Debug|Win32.Build.0 = netfx3.5-Debug|x86
		{86354361-2016-4CB7-81B0-A980A1480791}.netfx3.5-Debug|x64.ActiveCfg = netfx3.5-Debug|Any CPU
		{86354361-2016-4CB7-81B0-A980A1480791}.netfx3.5-Debug|x64.Build.0 = netfx3.5-Debug|Any CPU
		{86354361-2016-4CB7-81B0-A980A1480791}.netfx3.5-Release|Any CPU.ActiveCfg = netfx3.5-Release|Any CPU
		{86354361-2016-4CB7-81B0-A980A1480791}.netfx3.5-Release|Any CPU.Build.0 = netfx3.5-Release|Any CPU
		{86354361-2016-4CB7-81B0-A980A1480791}.netfx3.5-Release|Mixed Platforms.ActiveCfg = netfx3.5-Release|x86
		{86354361-2016-4CB7-81B0-A980A1480791}.netfx3.5-Release|Mixed Platforms.Build.0 = netfx3.5-Release|x86
		{86354361-2016-4CB7-81B0-A980A1480791}.netfx3.5-Release|Win32.ActiveCfg = netfx3.5-Release|x86
		{86354361-2016-4CB7-81B0-A980A1480791}.netfx3.5-Release|Win32.Build.0 = netfx3.5-Release|x86
		{86354361-2016-4CB7-81B0-A980A1480791}.netfx3.5-Release|x64.ActiveCfg = netfx3.5-Release|Any CPU
		{86354361-2016-4CB7-81B0-A980A1480791}.netfx3.5-Release|x64.Build.0 = netfx3.5-Release|Any CPU
		{86354361-2016-4CB7-81B0-A980A1480791}.netfx4-Debug|Any CPU.ActiveCfg = netfx4-Debug|Any CPU
		{86354361-2016-4CB7-81B0-A980A1480791}.netfx4-Debug|Any CPU.Build.0 = netfx4-Debug|Any CPU
		{86354361-2016-4CB7-81B0-A980A1480791}.netfx4-Debug|Mixed Platforms.ActiveCfg = netfx4-Debug|x86
		{86354361-2016-4CB7-81B0-A980A1480791}.netfx4-Debug|Mixed Platforms.Build.0 = netfx4-Debug|x86
		{86354361-2016-4CB7-81B0-A980A1480791}.netfx4-Debug|Win32.ActiveCfg = netfx4-Debug|x86
		{86354361-2016-4CB7-81B0-A980A1480791}.netfx4-Debug|Win32.Build.0 = netfx4-Debug|x86
		{86354361-2016-4CB7-81B0-A980A1480791}.netfx4-Debug|x64.ActiveCfg = netfx4-Debug|Any CPU
		{86354361-2016-4CB7-81B0-A980A1480791}.netfx4-Debug|x64.Build.0 = netfx4-Debug|Any CPU
		{86354361-2016-4CB7-81B0-A980A1480791}.netfx4-Release|Any CPU.ActiveCfg = netfx4-Release|Any CPU
		{86354361-2016-4CB7-81B0-A980A1480791}.netfx4-Release|Any CPU.Build.0 = netfx4-Release|Any CPU
		{86354361-2016-4CB7-81B0-A980A1480791}.netfx4-Release|Mixed Platforms.ActiveCfg = netfx4-Release|x86
		{86354361-2016-4CB7-81B0-A980A1480791}.netfx4-Release|Mixed Platforms.Build.0 = netfx4-Release|x86
		{86354361-2016-4CB7-81B0-A980A1480791}.netfx4-Release|Win32.ActiveCfg = netfx4-Release|x86
		{86354361-2016-4CB7-81B0-A980A1480791}.netfx4-Release|Win32.Build.0 = netfx4-Release|x86
		{86354361-2016-4CB7-81B0-A980A1480791}.netfx4-Release|x64.ActiveCfg = netfx4-Release|Any CPU
		{86354361-2016-4CB7-81B0-A980A1480791}.netfx4-Release|x64.Build.0 = netfx4-Release|Any CPU
		{A563904A-09F4-40AB-AE16-9EC9B488EAE5}.netfx3.5-Debug|Any CPU.ActiveCfg = netfx3.5-Debug|x86
		{A563904A-09F4-40AB-AE16-9EC9B488EAE5}.netfx3.5-Debug|Mixed Platforms.ActiveCfg = netfx3.5-Debug|x86
		{A563904A-09F4-40AB-AE16-9EC9B488EAE5}.netfx3.5-Debug|Mixed Platforms.Build.0 = netfx3.5-Debug|x86
		{A563904A-09F4-40AB-AE16-9EC9B488EAE5}.netfx3.5-Debug|Win32.ActiveCfg = netfx3.5-Debug|x86
		{A563904A-09F4-40AB-AE16-9EC9B488EAE5}.netfx3.5-Debug|Win32.Build.0 = netfx3.5-Debug|x86
		{A563904A-09F4-40AB-AE16-9EC9B488EAE5}.netfx3.5-Debug|x64.ActiveCfg = netfx3.5-Debug|x64
		{A563904A-09F4-40AB-AE16-9EC9B488EAE5}.netfx3.5-Debug|x64.Build.0 = netfx3.5-Debug|x64
		{A563904A-09F4-40AB-AE16-9EC9B488EAE5}.netfx3.5-Release|Any CPU.ActiveCfg = netfx3.5-Release|x86
		{A563904A-09F4-40AB-AE16-9EC9B488EAE5}.netfx3.5-Release|Mixed Platforms.ActiveCfg = netfx3.5-Release|x86
		{A563904A-09F4-40AB-AE16-9EC9B488EAE5}.netfx3.5-Release|Mixed Platforms.Build.0 = netfx3.5-Release|x86
		{A563904A-09F4-40AB-AE16-9EC9B488EAE5}.netfx3.5-Release|Win32.ActiveCfg = netfx3.5-Release|x86
		{A563904A-09F4-40AB-AE16-9EC9B488EAE5}.netfx3.5-Release|Win32.Build.0 = netfx3.5-Release|x86
		{A563904A-09F4-40AB-AE16-9EC9B488EAE5}.netfx3.5-Release|x64.ActiveCfg = netfx3.5-Release|x64
		{A563904A-09F4-40AB-AE16-9EC9B488EAE5}.netfx3.5-Release|x64.Build.0 = netfx3.5-Release|x64
		{A563904A-09F4-40AB-AE16-9EC9B488EAE5}.netfx4-Debug|Any CPU.ActiveCfg = netfx4-Debug|x86
		{A563904A-09F4-40AB-AE16-9EC9B488EAE5}.netfx4-Debug|Mixed Platforms.ActiveCfg = netfx4-Debug|x86
		{A563904A-09F4-40AB-AE16-9EC9B488EAE5}.netfx4-Debug|Mixed Platforms.Build.0 = netfx4-Debug|x86
		{A563904A-09F4-40AB-AE16-9EC9B488EAE5}.netfx4-Debug|Win32.ActiveCfg = netfx4-Debug|x86
		{A563904A-09F4-40AB-AE16-9EC9B488EAE5}.netfx4-Debug|Win32.Build.0 = netfx4-Debug|x86
		{A563904A-09F4-40AB-AE16-9EC9B488EAE5}.netfx4-Debug|x64.ActiveCfg = netfx4-Debug|x64
		{A563904A-09F4-40AB-AE16-9EC9B488EAE5}.netfx4-Debug|x64.Build.0 = netfx4-Debug|x64
		{A563904A-09F4-40AB-AE16-9EC9B488EAE5}.netfx4-Release|Any CPU.ActiveCfg = netfx4-Release|x86
		{A563904A-09F4-40AB-AE16-9EC9B488EAE5}.netfx4-Release|Mixed Platforms.ActiveCfg = netfx4-Release|x86
		{A563904A-09F4-40AB-AE16-9EC9B488EAE5}.netfx4-Release|Mixed Platforms.Build.0 = netfx4-Release|x86
		{A563904A-09F4-40AB-AE16-9EC9B488EAE5}.netfx4-Release|Win32.ActiveCfg = netfx4-Release|x86
		{A563904A-09F4-40AB-AE16-9EC9B488EAE5}.netfx4-Release|Win32.Build.0 = netfx4-Release|x86
		{A563904A-09F4-40AB-AE16-9EC9B488EAE5}.netfx4-Release|x64.ActiveCfg = netfx4-Release|x64
		{A563904A-09F4-40AB-AE16-9EC9B488EAE5}.netfx4-Release|x64.Build.0 = netfx4-Release|x64
		{DE6016B0-780A-4003-879A-9A25B4E09FF0}.netfx3.5-Debug|Any CPU.ActiveCfg = netfx3.5-Debug|Any CPU
		{DE6016B0-780A-4003-879A-9A25B4E09FF0}.netfx3.5-Debug|Any CPU.Build.0 = netfx3.5-Debug|Any CPU
		{DE6016B0-780A-4003-879A-9A25B4E09FF0}.netfx3.5-Debug|Mixed Platforms.ActiveCfg = netfx3.5-Debug|x86
		{DE6016B0-780A-4003-879A-9A25B4E09FF0}.netfx3.5-Debug|Mixed Platforms.Build.0 = netfx3.5-Debug|x86
		{DE6016B0-780A-4003-879A-9A25B4E09FF0}.netfx3.5-Debug|Win32.ActiveCfg = netfx3.5-Debug|x86
		{DE6016B0-780A-4003-879A-9A25B4E09FF0}.netfx3.5-Debug|Win32.Build.0 = netfx3.5-Debug|x86
		{DE6016B0-780A-4003-879A-9A25B4E09FF0}.netfx3.5-Debug|x64.ActiveCfg = netfx3.5-Debug|Any CPU
		{DE6016B0-780A-4003-879A-9A25B4E09FF0}.netfx3.5-Debug|x64.Build.0 = netfx3.5-Debug|Any CPU
		{DE6016B0-780A-4003-879A-9A25B4E09FF0}.netfx3.5-Release|Any CPU.ActiveCfg = netfx3.5-Release|Any CPU
		{DE6016B0-780A-4003-879A-9A25B4E09FF0}.netfx3.5-Release|Any CPU.Build.0 = netfx3.5-Release|Any CPU
		{DE6016B0-780A-4003-879A-9A25B4E09FF0}.netfx3.5-Release|Mixed Platforms.ActiveCfg = netfx3.5-Release|x86
		{DE6016B0-780A-4003-879A-9A25B4E09FF0}.netfx3.5-Release|Mixed Platforms.Build.0 = netfx3.5-Release|x86
		{DE6016B0-780A-4003-879A-9A25B4E09FF0}.netfx3.5-Release|Win32.ActiveCfg = netfx3.5-Release|x86
		{DE6016B0-780A-4003-879A-9A25B4E09FF0}.netfx3.5-Release|Win32.Build.0 = netfx3.5-Release|x86
		{DE6016B0-780A-4003-879A-9A25B4E09FF0}.netfx3.5-Release|x64.ActiveCfg = netfx3.5-Release|Any CPU
		{DE6016B0-780A-4003-879A-9A25B4E09FF0}.netfx3.5-Release|x64.Build.0 = netfx3.5-Release|Any CPU
		{DE6016B0-780A-4003-879A-9A25B4E09FF0}.netfx4-Debug|Any CPU.ActiveCfg = netfx4-Debug|Any CPU
		{DE6016B0-780A-4003-879A-9A25B4E09FF0}.netfx4-Debug|Any CPU.Build.0 = netfx4-Debug|Any CPU
		{DE6016B0-780A-4003-879A-9A25B4E09FF0}.netfx4-Debug|Mixed Platforms.ActiveCfg = netfx4-Debug|x86
		{DE6016B0-780A-4003-879A-9A25B4E09FF0}.netfx4-Debug|Mixed Platforms.Build.0 = netfx4-Debug|x86
		{DE6016B0-780A-4003-879A-9A25B4E09FF0}.netfx4-Debug|Win32.ActiveCfg = netfx4-Debug|x86
		{DE6016B0-780A-4003-879A-9A25B4E09FF0}.netfx4-Debug|Win32.Build.0 = netfx4-Debug|x86
		{DE6016B0-780A-4003-879A-9A25B4E09FF0}.netfx4-Debug|x64.ActiveCfg = netfx4-Debug|Any CPU
		{DE6016B0-780A-4003-879A-9A25B4E09FF0}.netfx4-Debug|x64.Build.0 = netfx4-Debug|Any CPU
		{DE6016B0-780A-4003-879A-9A25B4E09FF0}.netfx4-Release|Any CPU.ActiveCfg = netfx4-Release|Any CPU
		{DE6016B0-780A-4003-879A-9A25B4E09FF0}.netfx4-Release|Any CPU.Build.0 = netfx4-Release|Any CPU
		{DE6016B0-780A-4003-879A-9A25B4E09FF0}.netfx4-Release|Mixed Platforms.ActiveCfg = netfx4-Release|x86
		{DE6016B0-780A-4003-879A-9A25B4E09FF0}.netfx4-Release|Mixed Platforms.Build.0 = netfx4-Release|x86
		{DE6016B0-780A-4003-879A-9A25B4E09FF0}.netfx4-Release|Win32.ActiveCfg = netfx4-Release|x86
		{DE6016B0-780A-4003-879A-9A25B4E09FF0}.netfx4-Release|Win32.Build.0 = netfx4-Release|x86
		{DE6016B0-780A-4003-879A-9A25B4E09FF0}.netfx4-Release|x64.ActiveCfg = netfx4-Release|Any CPU
		{DE6016B0-780A-4003-879A-9A25B4E09FF0}.netfx4-Release|x64.Build.0 = netfx4-Release|Any CPU
		{47300078-8EE5-46C3-AC98-8F72F7A22F4D}.netfx3.5-Debug|Any CPU.ActiveCfg = netfx3.5-Debug|Any CPU
		{47300078-8EE5-46C3-AC98-8F72F7A22F4D}.netfx3.5-Debug|Any CPU.Build.0 = netfx3.5-Debug|Any CPU
		{47300078-8EE5-46C3-AC98-8F72F7A22F4D}.netfx3.5-Debug|Mixed Platforms.ActiveCfg = netfx3.5-Debug|x86
		{47300078-8EE5-46C3-AC98-8F72F7A22F4D}.netfx3.5-Debug|Mixed Platforms.Build.0 = netfx3.5-Debug|x86
		{47300078-8EE5-46C3-AC98-8F72F7A22F4D}.netfx3.5-Debug|Win32.ActiveCfg = netfx3.5-Debug|x86
		{47300078-8EE5-46C3-AC98-8F72F7A22F4D}.netfx3.5-Debug|Win32.Build.0 = netfx3.5-Debug|x86
		{47300078-8EE5-46C3-AC98-8F72F7A22F4D}.netfx3.5-Debug|x64.ActiveCfg = netfx3.5-Debug|Any CPU
		{47300078-8EE5-46C3-AC98-8F72F7A22F4D}.netfx3.5-Release|Any CPU.ActiveCfg = netfx3.5-Release|Any CPU
		{47300078-8EE5-46C3-AC98-8F72F7A22F4D}.netfx3.5-Release|Any CPU.Build.0 = netfx3.5-Release|Any CPU
		{47300078-8EE5-46C3-AC98-8F72F7A22F4D}.netfx3.5-Release|Mixed Platforms.ActiveCfg = netfx3.5-Release|x86
		{47300078-8EE5-46C3-AC98-8F72F7A22F4D}.netfx3.5-Release|Mixed Platforms.Build.0 = netfx3.5-Release|x86
		{47300078-8EE5-46C3-AC98-8F72F7A22F4D}.netfx3.5-Release|Win32.ActiveCfg = netfx3.5-Release|x86
		{47300078-8EE5-46C3-AC98-8F72F7A22F4D}.netfx3.5-Release|Win32.Build.0 = netfx3.5-Release|x86
		{47300078-8EE5-46C3-AC98-8F72F7A22F4D}.netfx3.5-Release|x64.ActiveCfg = netfx3.5-Release|Any CPU
		{47300078-8EE5-46C3-AC98-8F72F7A22F4D}.netfx4-Debug|Any CPU.ActiveCfg = netfx4-Debug|Any CPU
		{47300078-8EE5-46C3-AC98-8F72F7A22F4D}.netfx4-Debug|Any CPU.Build.0 = netfx4-Debug|Any CPU
		{47300078-8EE5-46C3-AC98-8F72F7A22F4D}.netfx4-Debug|Mixed Platforms.ActiveCfg = netfx4-Debug|x86
		{47300078-8EE5-46C3-AC98-8F72F7A22F4D}.netfx4-Debug|Mixed Platforms.Build.0 = netfx4-Debug|x86
		{47300078-8EE5-46C3-AC98-8F72F7A22F4D}.netfx4-Debug|Win32.ActiveCfg = netfx4-Debug|x86
		{47300078-8EE5-46C3-AC98-8F72F7A22F4D}.netfx4-Debug|Win32.Build.0 = netfx4-Debug|x86
		{47300078-8EE5-46C3-AC98-8F72F7A22F4D}.netfx4-Debug|x64.ActiveCfg = netfx4-Debug|Any CPU
		{47300078-8EE5-46C3-AC98-8F72F7A22F4D}.netfx4-Release|Any CPU.ActiveCfg = netfx4-Release|Any CPU
		{47300078-8EE5-46C3-AC98-8F72F7A22F4D}.netfx4-Release|Any CPU.Build.0 = netfx4-Release|Any CPU
		{47300078-8EE5-46C3-AC98-8F72F7A22F4D}.netfx4-Release|Mixed Platforms.ActiveCfg = netfx4-Release|x86
		{47300078-8EE5-46C3-AC98-8F72F7A22F4D}.netfx4-Release|Mixed Platforms.Build.0 = netfx4-Release|x86
		{47300078-8EE5-46C3-AC98-8F72F7A22F4D}.netfx4-Release|Win32.ActiveCfg = netfx4-Release|x86
		{47300078-8EE5-46C3-AC98-8F72F7A22F4D}.netfx4-Release|Win32.Build.0 = netfx4-Release|x86
		{47300078-8EE5-46C3-AC98-8F72F7A22F4D}.netfx4-Release|x64.ActiveCfg = netfx4-Release|Any CPU
		{39B96905-9022-433C-96DB-E51F316F025D}.netfx3.5-Debug|Any CPU.ActiveCfg = netfx3.5-Debug|x86
		{39B96905-9022-433C-96DB-E51F316F025D}.netfx3.5-Debug|Mixed Platforms.ActiveCfg = netfx3.5-Debug|x86
		{39B96905-9022-433C-96DB-E51F316F025D}.netfx3.5-Debug|Mixed Platforms.Build.0 = netfx3.5-Debug|x86
		{39B96905-9022-433C-96DB-E51F316F025D}.netfx3.5-Debug|Win32.ActiveCfg = netfx3.5-Debug|x86
		{39B96905-9022-433C-96DB-E51F316F025D}.netfx3.5-Debug|Win32.Build.0 = netfx3.5-Debug|x86
		{39B96905-9022-433C-96DB-E51F316F025D}.netfx3.5-Debug|x64.ActiveCfg = netfx3.5-Debug|x64
		{39B96905-9022-433C-96DB-E51F316F025D}.netfx3.5-Debug|x64.Build.0 = netfx3.5-Debug|x64
		{39B96905-9022-433C-96DB-E51F316F025D}.netfx3.5-Release|Any CPU.ActiveCfg = netfx3.5-Release|x86
		{39B96905-9022-433C-96DB-E51F316F025D}.netfx3.5-Release|Mixed Platforms.ActiveCfg = netfx3.5-Release|x86
		{39B96905-9022-433C-96DB-E51F316F025D}.netfx3.5-Release|Mixed Platforms.Build.0 = netfx3.5-Release|x86
		{39B96905-9022-433C-96DB-E51F316F025D}.netfx3.5-Release|Win32.ActiveCfg = netfx3.5-Release|x86
		{39B96905-9022-433C-96DB-E51F316F025D}.netfx3.5-Release|Win32.Build.0 = netfx3.5-Release|x86
		{39B96905-9022-433C-96DB-E51F316F025D}.netfx3.5-Release|x64.ActiveCfg = netfx3.5-Release|x64
		{39B96905-9022-433C-96DB-E51F316F025D}.netfx3.5-Release|x64.Build.0 = netfx3.5-Release|x64
		{39B96905-9022-433C-96DB-E51F316F025D}.netfx4-Debug|Any CPU.ActiveCfg = netfx4-Debug|x86
		{39B96905-9022-433C-96DB-E51F316F025D}.netfx4-Debug|Mixed Platforms.ActiveCfg = netfx4-Debug|x86
		{39B96905-9022-433C-96DB-E51F316F025D}.netfx4-Debug|Mixed Platforms.Build.0 = netfx4-Debug|x86
		{39B96905-9022-433C-96DB-E51F316F025D}.netfx4-Debug|Win32.ActiveCfg = netfx4-Debug|x86
		{39B96905-9022-433C-96DB-E51F316F025D}.netfx4-Debug|Win32.Build.0 = netfx4-Debug|x86
		{39B96905-9022-433C-96DB-E51F316F025D}.netfx4-Debug|x64.ActiveCfg = netfx4-Debug|x64
		{39B96905-9022-433C-96DB-E51F316F025D}.netfx4-Debug|x64.Build.0 = netfx4-Debug|x64
		{39B96905-9022-433C-96DB-E51F316F025D}.netfx4-Release|Any CPU.ActiveCfg = netfx4-Release|x86
		{39B96905-9022-433C-96DB-E51F316F025D}.netfx4-Release|Mixed Platforms.ActiveCfg = netfx4-Release|x86
		{39B96905-9022-433C-96DB-E51F316F025D}.netfx4-Release|Mixed Platforms.Build.0 = netfx4-Release|x86
		{39B96905-9022-433C-96DB-E51F316F025D}.netfx4-Release|Win32.ActiveCfg = netfx4-Release|x86
		{39B96905-9022-433C-96DB-E51F316F025D}.netfx4-Release|Win32.Build.0 = netfx4-Release|x86
		{39B96905-9022-433C-96DB-E51F316F025D}.netfx4-Release|x64.ActiveCfg = netfx4-Release|x64
		{39B96905-9022-433C-96DB-E51F316F025D}.netfx4-Release|x64.Build.0 = netfx4-Release|x64
		{40253A99-C2A7-42B2-A983-FC1956578430}.netfx3.5-Debug|Any CPU.ActiveCfg = netfx3.5-Debug|x86
		{40253A99-C2A7-42B2-A983-FC1956578430}.netfx3.5-Debug|Mixed Platforms.ActiveCfg = netfx3.5-Debug|x86
		{40253A99-C2A7-42B2-A983-FC1956578430}.netfx3.5-Debug|Mixed Platforms.Build.0 = netfx3.5-Debug|x86
		{40253A99-C2A7-42B2-A983-FC1956578430}.netfx3.5-Debug|Win32.ActiveCfg = netfx3.5-Debug|x86
		{40253A99-C2A7-42B2-A983-FC1956578430}.netfx3.5-Debug|Win32.Build.0 = netfx3.5-Debug|x86
		{40253A99-C2A7-42B2-A983-FC1956578430}.netfx3.5-Debug|x64.ActiveCfg = netfx3.5-Debug|x64
		{40253A99-C2A7-42B2-A983-FC1956578430}.netfx3.5-Debug|x64.Build.0 = netfx3.5-Debug|x64
		{40253A99-C2A7-42B2-A983-FC1956578430}.netfx3.5-Release|Any CPU.ActiveCfg = netfx3.5-Release|x86
		{40253A99-C2A7-42B2-A983-FC1956578430}.netfx3.5-Release|Mixed Platforms.ActiveCfg = netfx3.5-Release|x86
		{40253A99-C2A7-42B2-A983-FC1956578430}.netfx3.5-Release|Mixed Platforms.Build.0 = netfx3.5-Release|x86
		{40253A99-C2A7-42B2-A983-FC1956578430}.netfx3.5-Release|Win32.ActiveCfg = netfx3.5-Release|x86
		{40253A99-C2A7-42B2-A983-FC1956578430}.netfx3.5-Release|Win32.Build.0 = netfx3.5-Release|x86
		{40253A99-C2A7-42B2-A983-FC1956578430}.netfx3.5-Release|x64.ActiveCfg = netfx3.5-Release|x64
		{40253A99-C2A7-42B2-A983-FC1956578430}.netfx3.5-Release|x64.Build.0 = netfx3.5-Release|x64
		{40253A99-C2A7-42B2-A983-FC1956578430}.netfx4-Debug|Any CPU.ActiveCfg = netfx4-Debug|x86
		{40253A99-C2A7-42B2-A983-FC1956578430}.netfx4-Debug|Mixed Platforms.ActiveCfg = netfx4-Debug|x86
		{40253A99-C2A7-42B2-A983-FC1956578430}.netfx4-Debug|Mixed Platforms.Build.0 = netfx4-Debug|x86
		{40253A99-C2A7-42B2-A983-FC1956578430}.netfx4-Debug|Win32.ActiveCfg = netfx4-Debug|x86
		{40253A99-C2A7-42B2-A983-FC1956578430}.netfx4-Debug|Win32.Build.0 = netfx4-Debug|x86
		{40253A99-C2A7-42B2-A983-FC1956578430}.netfx4-Debug|x64.ActiveCfg = netfx4-Debug|x64
		{40253A99-C2A7-42B2-A983-FC1956578430}.netfx4-Debug|x64.Build.0 = netfx4-Debug|x64
		{40253A99-C2A7-42B2-A983-FC1956578430}.netfx4-Release|Any CPU.ActiveCfg = netfx4-Release|x86
		{40253A99-C2A7-42B2-A983-FC1956578430}.netfx4-Release|Mixed Platforms.ActiveCfg = netfx4-Release|x86
		{40253A99-C2A7-42B2-A983-FC1956578430}.netfx4-Release|Mixed Platforms.Build.0 = netfx4-Release|x86
		{40253A99-C2A7-42B2-A983-FC1956578430}.netfx4-Release|Win32.ActiveCfg = netfx4-Release|x86
		{40253A99-C2A7-42B2-A983-FC1956578430}.netfx4-Release|Win32.Build.0 = netfx4-Release|x86
		{40253A99-C2A7-42B2-A983-FC1956578430}.netfx4-Release|x64.ActiveCfg = netfx4-Release|x64
		{40253A99-C2A7-42B2-A983-FC1956578430}.netfx4-Release|x64.Build.0 = netfx4-Release|x64
		{AF266E66-3B75-4C30-A000-6EBD6C1EF6F8}.netfx3.5-Debug|Any CPU.ActiveCfg = netfx3.5-Debug|x86
		{AF266E66-3B75-4C30-A000-6EBD6C1EF6F8}.netfx3.5-Debug|Mixed Platforms.ActiveCfg = netfx3.5-Debug|x86
		{AF266E66-3B75-4C30-A000-6EBD6C1EF6F8}.netfx3.5-Debug|Mixed Platforms.Build.0 = netfx3.5-Debug|x86
		{AF266E66-3B75-4C30-A000-6EBD6C1EF6F8}.netfx3.5-Debug|Win32.ActiveCfg = netfx3.5-Debug|x86
		{AF266E66-3B75-4C30-A000-6EBD6C1EF6F8}.netfx3.5-Debug|Win32.Build.0 = netfx3.5-Debug|x86
		{AF266E66-3B75-4C30-A000-6EBD6C1EF6F8}.netfx3.5-Debug|x64.ActiveCfg = netfx3.5-Debug|x64
		{AF266E66-3B75-4C30-A000-6EBD6C1EF6F8}.netfx3.5-Debug|x64.Build.0 = netfx3.5-Debug|x64
		{AF266E66-3B75-4C30-A000-6EBD6C1EF6F8}.netfx3.5-Release|Any CPU.ActiveCfg = netfx3.5-Release|x86
		{AF266E66-3B75-4C30-A000-6EBD6C1EF6F8}.netfx3.5-Release|Mixed Platforms.ActiveCfg = netfx3.5-Release|x86
		{AF266E66-3B75-4C30-A000-6EBD6C1EF6F8}.netfx3.5-Release|Mixed Platforms.Build.0 = netfx3.5-Release|x86
		{AF266E66-3B75-4C30-A000-6EBD6C1EF6F8}.netfx3.5-Release|Win32.ActiveCfg = netfx3.5-Release|x86
		{AF266E66-3B75-4C30-A000-6EBD6C1EF6F8}.netfx3.5-Release|Win32.Build.0 = netfx3.5-Release|x86
		{AF266E66-3B75-4C30-A000-6EBD6C1EF6F8}.netfx3.5-Release|x64.ActiveCfg = netfx3.5-Release|x64
		{AF266E66-3B75-4C30-A000-6EBD6C1EF6F8}.netfx3.5-Release|x64.Build.0 = netfx3.5-Release|x64
		{AF266E66-3B75-4C30-A000-6EBD6C1EF6F8}.netfx4-Debug|Any CPU.ActiveCfg = netfx4-Debug|x86
		{AF266E66-3B75-4C30-A000-6EBD6C1EF6F8}.netfx4-Debug|Mixed Platforms.ActiveCfg = netfx4-Debug|x86
		{AF266E66-3B75-4C30-A000-6EBD6C1EF6F8}.netfx4-Debug|Mixed Platforms.Build.0 = netfx4-Debug|x86
		{AF266E66-3B75-4C30-A000-6EBD6C1EF6F8}.netfx4-Debug|Win32.ActiveCfg = netfx4-Debug|x86
		{AF266E66-3B75-4C30-A000-6EBD6C1EF6F8}.netfx4-Debug|Win32.Build.0 = netfx4-Debug|x86
		{AF266E66-3B75-4C30-A000-6EBD6C1EF6F8}.netfx4-Debug|x64.ActiveCfg = netfx4-Debug|x64
		{AF266E66-3B75-4C30-A000-6EBD6C1EF6F8}.netfx4-Debug|x64.Build.0 = netfx4-Debug|x64
		{AF266E66-3B75-4C30-A000-6EBD6C1EF6F8}.netfx4-Release|Any CPU.ActiveCfg = netfx4-Release|x86
		{AF266E66-3B75-4C30-A000-6EBD6C1EF6F8}.netfx4-Release|Mixed Platforms.ActiveCfg = netfx4-Release|x86
		{AF266E66-3B75-4C30-A000-6EBD6C1EF6F8}.netfx4-Release|Mixed Platforms.Build.0 = netfx4-Release|x86
		{AF266E66-3B75-4C30-A000-6EBD6C1EF6F8}.netfx4-Release|Win32.ActiveCfg = netfx4-Release|x86
		{AF266E66-3B75-4C30-A000-6EBD6C1EF6F8}.netfx4-Release|Win32.Build.0 = netfx4-Release|x86
		{AF266E66-3B75-4C30-A000-6EBD6C1EF6F8}.netfx4-Release|x64.ActiveCfg = netfx4-Release|x64
		{AF266E66-3B75-4C30-A000-6EBD6C1EF6F8}.netfx4-Release|x64.Build.0 = netfx4-Release|x64
	EndGlobalSection
	GlobalSection(SolutionProperties) = preSolution
		HideSolutionNode = FALSE
	EndGlobalSection
	GlobalSection(NestedProjects) = preSolution
		{8E795877-473B-4376-8F9C-2519464D6B18} = {5C0188F2-57BE-4CB1-BA64-17A37106735E}
		{64A83DDB-3B66-46C5-8CCF-7A00173F8D3F} = {5C0188F2-57BE-4CB1-BA64-17A37106735E}
		{56B9A390-F320-4224-BFE3-380DDAC2370F} = {5C0188F2-57BE-4CB1-BA64-17A37106735E}
		{CA462E5D-8A32-42EA-9DBD-C256D22FDA21} = {5C0188F2-57BE-4CB1-BA64-17A37106735E}
		{7D74973E-8B83-42D3-B2EA-795AA0076C9F} = {5C0188F2-57BE-4CB1-BA64-17A37106735E}
		{DF97D96B-DB03-44DE-8C59-DE14E1FAA2C2} = {9AA72FC5-310D-4EE3-8CB3-12167230C8D1}
		{B02AB185-2D23-4903-9246-F32951F726D2} = {9AA72FC5-310D-4EE3-8CB3-12167230C8D1}
		{E23BE1E6-DC9D-4755-890E-443EA7B736FB} = {9AA72FC5-310D-4EE3-8CB3-12167230C8D1}
		{86354361-2016-4CB7-81B0-A980A1480791} = {9AA72FC5-310D-4EE3-8CB3-12167230C8D1}
		{DE6016B0-780A-4003-879A-9A25B4E09FF0} = {9AA72FC5-310D-4EE3-8CB3-12167230C8D1}
		{47300078-8EE5-46C3-AC98-8F72F7A22F4D} = {9AA72FC5-310D-4EE3-8CB3-12167230C8D1}
		{8F65BAF3-1731-4D6E-B31F-48EB23B219CB} = {9AA72FC5-310D-4EE3-8CB3-12167230C8D1}
		{39B96905-9022-433C-96DB-E51F316F025D} = {8F65BAF3-1731-4D6E-B31F-48EB23B219CB}
		{40253A99-C2A7-42B2-A983-FC1956578430} = {8F65BAF3-1731-4D6E-B31F-48EB23B219CB}
		{AF266E66-3B75-4C30-A000-6EBD6C1EF6F8} = {8F65BAF3-1731-4D6E-B31F-48EB23B219CB}
	EndGlobalSection
EndGlobal
