<?xml version="1.0" encoding="utf-8"?>
<Project ToolsVersion="4.0" xmlns="http://schemas.microsoft.com/developer/msbuild/2003">
  <ItemGroup>
    <Filter Include="Source Files">
      <UniqueIdentifier>{4FC737F1-C7A5-4376-A066-2A32D752A2FF}</UniqueIdentifier>
      <Extensions>cpp;c;cc;cxx;def;odl;idl;hpj;bat;asm;asmx</Extensions>
    </Filter>
    <Filter Include="Source Files\Rtl">
      <UniqueIdentifier>{b1a96121-d2cd-4576-9e30-70b09d45aa9b}</UniqueIdentifier>
    </Filter>
    <Filter Include="Source Files\LocalHook">
      <UniqueIdentifier>{ace6b292-1e76-4b7e-9a0d-ddaa3f285153}</UniqueIdentifier>
    </Filter>
    <Filter Include="Source Files\ASM">
      <UniqueIdentifier>{fc3c055c-6ac7-4227-aba9-0208806738f7}</UniqueIdentifier>
    </Filter>
    <Filter Include="Header Files">
      <UniqueIdentifier>{93995380-89BD-4b04-88EB-625FBE52EBFB}</UniqueIdentifier>
      <Extensions>h;hpp;hxx;hm;inl;inc;xsd</Extensions>
    </Filter>
    <Filter Include="Resource Files">
      <UniqueIdentifier>{67DA6AB6-F800-4c08-8B7A-83BB121AAD01}</UniqueIdentifier>
      <Extensions>rc;ico;cur;bmp;dlg;rc2;rct;bin;rgs;gif;jpg;jpeg;jpe;resx;tiff;tif;png;wav</Extensions>
    </Filter>
    <Filter Include="Source Files\Disassembler">
      <UniqueIdentifier>{35667928-b855-4c70-a291-c028237f4388}</UniqueIdentifier>
    </Filter>
    <Filter Include="Driver Files">
      <UniqueIdentifier>{89f4aac7-1a61-4dbd-b3c9-aa3bfd48bbb7}</UniqueIdentifier>
    </Filter>
  </ItemGroup>
  <ItemGroup>
    <ClCompile Include="main.c">
      <Filter>Source Files</Filter>
    </ClCompile>
    <ClCompile Include="..\DriverShared\Rtl\error.c">
      <Filter>Source Files\Rtl</Filter>
    </ClCompile>
    <ClCompile Include="Rtl\memory.c">
      <Filter>Source Files\Rtl</Filter>
    </ClCompile>
    <ClCompile Include="..\DriverShared\Rtl\string.c">
      <Filter>Source Files\Rtl</Filter>
    </ClCompile>
    <ClCompile Include="LocalHook\acl.c">
      <Filter>Source Files\LocalHook</Filter>
    </ClCompile>
    <ClCompile Include="..\DriverShared\LocalHook\alloc.c">
      <Filter>Source Files\LocalHook</Filter>
    </ClCompile>
    <ClCompile Include="..\DriverShared\LocalHook\barrier.c">
      <Filter>Source Files\LocalHook</Filter>
    </ClCompile>
    <ClCompile Include="..\DriverShared\LocalHook\caller.c">
      <Filter>Source Files\LocalHook</Filter>
    </ClCompile>
    <ClCompile Include="..\DriverShared\LocalHook\install.c">
      <Filter>Source Files\LocalHook</Filter>
    </ClCompile>
    <ClCompile Include="..\DriverShared\LocalHook\reloc.c">
      <Filter>Source Files\LocalHook</Filter>
    </ClCompile>
    <ClCompile Include="..\DriverShared\LocalHook\uninstall.c">
      <Filter>Source Files\LocalHook</Filter>
    </ClCompile>
    <ClCompile Include="..\DriverShared\Disassembler\libudis86\decode.c">
      <Filter>Source Files\Disassembler</Filter>
    </ClCompile>
    <ClCompile Include="..\DriverShared\Disassembler\libudis86\itab.c">
      <Filter>Source Files\Disassembler</Filter>
    </ClCompile>
    <ClCompile Include="..\DriverShared\Disassembler\libudis86\syn.c">
      <Filter>Source Files\Disassembler</Filter>
    </ClCompile>
    <ClCompile Include="..\DriverShared\Disassembler\libudis86\syn-att.c">
      <Filter>Source Files\Disassembler</Filter>
    </ClCompile>
    <ClCompile Include="..\DriverShared\Disassembler\libudis86\syn-intel.c">
      <Filter>Source Files\Disassembler</Filter>
    </ClCompile>
    <ClCompile Include="..\DriverShared\Disassembler\libudis86\udis86.c">
      <Filter>Source Files\Disassembler</Filter>
    </ClCompile>
  </ItemGroup>
  <ItemGroup>
    <ClInclude Include="stdafx.h">
      <Filter>Header Files</Filter>
    </ClInclude>
    <ClInclude Include="Trace.h">
      <Filter>Header Files</Filter>
    </ClInclude>
    <ClInclude Include="..\Public\easyhook.h">
      <Filter>Header Files</Filter>
    </ClInclude>
  </ItemGroup>
  <ItemGroup>
    <MASM Include="..\DriverShared\ASM\HookSpecific_x64.asm">
      <Filter>Source Files\ASM</Filter>
    </MASM>
    <MASM Include="..\DriverShared\ASM\HookSpecific_x86.asm">
      <Filter>Source Files\ASM</Filter>
    </MASM>
  </ItemGroup>
  <ItemGroup>
    <Inf Include="EasyHookSys.inf">
      <Filter>Driver Files</Filter>
    </Inf>
  </ItemGroup>
</Project>